// !$*UTF8*$!
{
	archiveVersion = 1;
	classes = {
	};
	objectVersion = 55;
	objects = {

/* Begin PBXBuildFile section */
		2B0252BD288D89F30078D7F2 /* ChangeUserInfo.swift in Sources */ = {isa = PBXBuildFile; fileRef = 2B0252BC288D89F30078D7F2 /* ChangeUserInfo.swift */; };
		2B0252BF288EE4B10078D7F2 /* BottomSheetViewController.swift in Sources */ = {isa = PBXBuildFile; fileRef = 2B0252BE288EE4B10078D7F2 /* BottomSheetViewController.swift */; };
		2B0252C2288EE5B50078D7F2 /* KakaoSDK in Frameworks */ = {isa = PBXBuildFile; productRef = 2B0252C1288EE5B50078D7F2 /* KakaoSDK */; };
		2B0252C4288EE5B50078D7F2 /* KakaoSDKAuth in Frameworks */ = {isa = PBXBuildFile; productRef = 2B0252C3288EE5B50078D7F2 /* KakaoSDKAuth */; };
		2B09DEFC285B511D00FE19DC /* OnBoardingViewController.swift in Sources */ = {isa = PBXBuildFile; fileRef = 2B09DEFB285B511D00FE19DC /* OnBoardingViewController.swift */; };
		2B09DF02285B56F200FE19DC /* Storage.swift in Sources */ = {isa = PBXBuildFile; fileRef = 2B09DF01285B56F200FE19DC /* Storage.swift */; };
		2B09DF06285B585900FE19DC /* SnapKit in Frameworks */ = {isa = PBXBuildFile; productRef = 2B09DF05285B585900FE19DC /* SnapKit */; };
		2B09DF08285B58BF00FE19DC /* LoginViewController.swift in Sources */ = {isa = PBXBuildFile; fileRef = 2B09DF07285B58BF00FE19DC /* LoginViewController.swift */; };
		2B09DF0B285B649D00FE19DC /* Button+Extensions.swift in Sources */ = {isa = PBXBuildFile; fileRef = 2B09DF0A285B649D00FE19DC /* Button+Extensions.swift */; };
		2B09DF1A2861DF0800FE19DC /* FirstOnBoardingViewController.swift in Sources */ = {isa = PBXBuildFile; fileRef = 2B09DF192861DF0800FE19DC /* FirstOnBoardingViewController.swift */; };
		2B09DF1C2861DF2000FE19DC /* SecondOnBoardingViewController.swift in Sources */ = {isa = PBXBuildFile; fileRef = 2B09DF1B2861DF2000FE19DC /* SecondOnBoardingViewController.swift */; };
		2B09DF1E2861DF3B00FE19DC /* ThirdOnBoardingViewController.swift in Sources */ = {isa = PBXBuildFile; fileRef = 2B09DF1D2861DF3B00FE19DC /* ThirdOnBoardingViewController.swift */; };
		2B09DF212861E05C00FE19DC /* Colors.swift in Sources */ = {isa = PBXBuildFile; fileRef = 2B09DF202861E05C00FE19DC /* Colors.swift */; };
		2B09DF242861E61200FE19DC /* EmailLoginViewController.swift in Sources */ = {isa = PBXBuildFile; fileRef = 2B09DF232861E61200FE19DC /* EmailLoginViewController.swift */; };
		2B27643C28732BB800C37C9A /* SearchViewController.swift in Sources */ = {isa = PBXBuildFile; fileRef = 2B27643B28732BB800C37C9A /* SearchViewController.swift */; };
		2B27643E28732DAD00C37C9A /* Label+Extensions.swift in Sources */ = {isa = PBXBuildFile; fileRef = 2B27643D28732DAD00C37C9A /* Label+Extensions.swift */; };
		2B2775F529BA1B2F0046B9D6 /* PanModal in Frameworks */ = {isa = PBXBuildFile; productRef = 2B2775F429BA1B2F0046B9D6 /* PanModal */; };
		2B2775FC29BACFE30046B9D6 /* MBTI.swift in Sources */ = {isa = PBXBuildFile; fileRef = 2B2775FB29BACFE30046B9D6 /* MBTI.swift */; };
		2B27760029BAD7140046B9D6 /* UserDefaultsWrapper.swift in Sources */ = {isa = PBXBuildFile; fileRef = 2B2775FF29BAD7140046B9D6 /* UserDefaultsWrapper.swift */; };
		2B27760229BAD76B0046B9D6 /* UserDefaultsData.swift in Sources */ = {isa = PBXBuildFile; fileRef = 2B27760129BAD76B0046B9D6 /* UserDefaultsData.swift */; };
		2B27760D29BADC5E0046B9D6 /* DebateVoteView.swift in Sources */ = {isa = PBXBuildFile; fileRef = 2B27760C29BADC5E0046B9D6 /* DebateVoteView.swift */; };
		2B27761029BAEE0B0046B9D6 /* FinderLabel.swift in Sources */ = {isa = PBXBuildFile; fileRef = 2B27760F29BAEE0B0046B9D6 /* FinderLabel.swift */; };
		2B3E25972861FC6A00C85193 /* SetUpProfileViewController.swift in Sources */ = {isa = PBXBuildFile; fileRef = 2B3E25962861FC6A00C85193 /* SetUpProfileViewController.swift */; };
		2B3E2599286358BF00C85193 /* InsertUserInfoViewController.swift in Sources */ = {isa = PBXBuildFile; fileRef = 2B3E2598286358BF00C85193 /* InsertUserInfoViewController.swift */; };
		2B3E259B2863597E00C85193 /* CompleteSignUpViewController.swift in Sources */ = {isa = PBXBuildFile; fileRef = 2B3E259A2863597E00C85193 /* CompleteSignUpViewController.swift */; };
		2B3E259D286362B400C85193 /* SignUpAPI.swift in Sources */ = {isa = PBXBuildFile; fileRef = 2B3E259C286362B300C85193 /* SignUpAPI.swift */; };
		2B557B012886E97D0057CC9D /* CommunityDetailViewController.swift in Sources */ = {isa = PBXBuildFile; fileRef = 2B557B002886E97D0057CC9D /* CommunityDetailViewController.swift */; };
		2B557B032886F49D0057CC9D /* DetailCommunity.swift in Sources */ = {isa = PBXBuildFile; fileRef = 2B557B022886F49D0057CC9D /* DetailCommunity.swift */; };
		2B557B052886F8B20057CC9D /* EveryDebate.swift in Sources */ = {isa = PBXBuildFile; fileRef = 2B557B042886F8B20057CC9D /* EveryDebate.swift */; };
		2B557B07288712AD0057CC9D /* SaveCommunity.swift in Sources */ = {isa = PBXBuildFile; fileRef = 2B557B06288712AD0057CC9D /* SaveCommunity.swift */; };
		2B557B092888403F0057CC9D /* DebateComment.swift in Sources */ = {isa = PBXBuildFile; fileRef = 2B557B082888403F0057CC9D /* DebateComment.swift */; };
		2B557B0B288843AB0057CC9D /* DebateCommentTableViewCell.swift in Sources */ = {isa = PBXBuildFile; fileRef = 2B557B0A288843AB0057CC9D /* DebateCommentTableViewCell.swift */; };
		2B557B0D288852600057CC9D /* CommunityComment.swift in Sources */ = {isa = PBXBuildFile; fileRef = 2B557B0C2888525F0057CC9D /* CommunityComment.swift */; };
		2B557B0F288855DF0057CC9D /* NewCommunity.swift in Sources */ = {isa = PBXBuildFile; fileRef = 2B557B0E288855DF0057CC9D /* NewCommunity.swift */; };
		2B557B1128885C1C0057CC9D /* AlertMessage2ViewController.swift in Sources */ = {isa = PBXBuildFile; fileRef = 2B557B1028885C1C0057CC9D /* AlertMessage2ViewController.swift */; };
		2B881DE928A3EFFC00ECD31A /* RxGesture in Frameworks */ = {isa = PBXBuildFile; productRef = 2B881DE828A3EFFC00ECD31A /* RxGesture */; };
		2B881DEB28A3F7D500ECD31A /* Extensions.swift in Sources */ = {isa = PBXBuildFile; fileRef = 2B881DEA28A3F7D500ECD31A /* Extensions.swift */; };
		2BA10F882882CC2400614C2E /* SettingViewController.swift in Sources */ = {isa = PBXBuildFile; fileRef = 2BA10F872882CC2400614C2E /* SettingViewController.swift */; };
		2BA2E9AD287C6A29005DFE96 /* CommunityTableViewCell.swift in Sources */ = {isa = PBXBuildFile; fileRef = 2BA2E9AC287C6A29005DFE96 /* CommunityTableViewCell.swift */; };
		2BA2E9AF287F10FB005DFE96 /* DiscussTableViewCell.swift in Sources */ = {isa = PBXBuildFile; fileRef = 2BA2E9AE287F10FB005DFE96 /* DiscussTableViewCell.swift */; };
		2BA2E9B1287F17CE005DFE96 /* DiscussDetailViewController.swift in Sources */ = {isa = PBXBuildFile; fileRef = 2BA2E9B0287F17CE005DFE96 /* DiscussDetailViewController.swift */; };
		2BA2E9B32880424B005DFE96 /* MakeDiscussViewController.swift in Sources */ = {isa = PBXBuildFile; fileRef = 2BA2E9B22880424B005DFE96 /* MakeDiscussViewController.swift */; };
		2BA51BC128771E7400D87533 /* HomeCommunityTableViewCell.swift in Sources */ = {isa = PBXBuildFile; fileRef = 2BA51BC028771E7400D87533 /* HomeCommunityTableViewCell.swift */; };
		2BA51BC32877204B00D87533 /* HomeCommunityTableViewModel.swift in Sources */ = {isa = PBXBuildFile; fileRef = 2BA51BC22877204B00D87533 /* HomeCommunityTableViewModel.swift */; };
		2BA51BC92879390B00D87533 /* WriteCommunityViewController.swift in Sources */ = {isa = PBXBuildFile; fileRef = 2BA51BC82879390B00D87533 /* WriteCommunityViewController.swift */; };
		2BA51BCB287957A800D87533 /* SelectMBTIViewController.swift in Sources */ = {isa = PBXBuildFile; fileRef = 2BA51BCA287957A800D87533 /* SelectMBTIViewController.swift */; };
		2BA51BD02879784D00D87533 /* AlertMessageViewController.swift in Sources */ = {isa = PBXBuildFile; fileRef = 2BA51BCF2879784D00D87533 /* AlertMessageViewController.swift */; };
		2BA8F24D2866F87E00D64F0E /* TextField+Extensions.swift in Sources */ = {isa = PBXBuildFile; fileRef = 2BA8F24C2866F87E00D64F0E /* TextField+Extensions.swift */; };
		2BA8F24F2866FBCE00D64F0E /* SignUpViewController.swift in Sources */ = {isa = PBXBuildFile; fileRef = 2BA8F24E2866FBCE00D64F0E /* SignUpViewController.swift */; };
		2BA8F25328671DB200D64F0E /* DialogViewController.swift in Sources */ = {isa = PBXBuildFile; fileRef = 2BA8F25228671DB200D64F0E /* DialogViewController.swift */; };
		2BA8F2552867270400D64F0E /* Storyboard.storyboard in Resources */ = {isa = PBXBuildFile; fileRef = 2BA8F2542867270400D64F0E /* Storyboard.storyboard */; };
		2BA8F2582868906200D64F0E /* SendEmailResponse.swift in Sources */ = {isa = PBXBuildFile; fileRef = 2BA8F2572868906200D64F0E /* SendEmailResponse.swift */; };
		2BA8F25B2868A98000D64F0E /* SendCode.swift in Sources */ = {isa = PBXBuildFile; fileRef = 2BA8F25A2868A98000D64F0E /* SendCode.swift */; };
		2BA8F25F286C8E0100D64F0E /* SendSocialLogin.swift in Sources */ = {isa = PBXBuildFile; fileRef = 2BA8F25E286C8E0100D64F0E /* SendSocialLogin.swift */; };
		2BAB6DAD2885B46E001DEE35 /* VoteDebate.swift in Sources */ = {isa = PBXBuildFile; fileRef = 2BAB6DAC2885B46E001DEE35 /* VoteDebate.swift */; };
		2BAB6DAF2885B98A001DEE35 /* DetailDebate.swift in Sources */ = {isa = PBXBuildFile; fileRef = 2BAB6DAE2885B98A001DEE35 /* DetailDebate.swift */; };
		2BAEB1C028A2039B00D737C7 /* Login.swift in Sources */ = {isa = PBXBuildFile; fileRef = 2BAEB1BF28A2039B00D737C7 /* Login.swift */; };
		2BAEB1C228A2041000D737C7 /* UserAuthAPIService.swift in Sources */ = {isa = PBXBuildFile; fileRef = 2BAEB1C128A2041000D737C7 /* UserAuthAPIService.swift */; };
		2BAEB1C628A2050B00D737C7 /* Moya in Frameworks */ = {isa = PBXBuildFile; productRef = 2BAEB1C528A2050B00D737C7 /* Moya */; };
		2BAEB1C828A2050B00D737C7 /* ReactiveMoya in Frameworks */ = {isa = PBXBuildFile; productRef = 2BAEB1C728A2050B00D737C7 /* ReactiveMoya */; };
		2BAEB1CA28A2050B00D737C7 /* RxMoya in Frameworks */ = {isa = PBXBuildFile; productRef = 2BAEB1C928A2050B00D737C7 /* RxMoya */; };
		2BAEB1CC28A2084600D737C7 /* UserAuthRepository.swift in Sources */ = {isa = PBXBuildFile; fileRef = 2BAEB1CB28A2084600D737C7 /* UserAuthRepository.swift */; };
		2BB455DA28832A89001139E5 /* EditUserInfoViewController.swift in Sources */ = {isa = PBXBuildFile; fileRef = 2BB455D928832A89001139E5 /* EditUserInfoViewController.swift */; };
		2BB455DC28832BCE001139E5 /* WebViewController.swift in Sources */ = {isa = PBXBuildFile; fileRef = 2BB455DB28832BCE001139E5 /* WebViewController.swift */; };
		2BB455DE2883EA45001139E5 /* UserInfoAPI.swift in Sources */ = {isa = PBXBuildFile; fileRef = 2BB455DD2883EA45001139E5 /* UserInfoAPI.swift */; };
		2BB455E02883EEB6001139E5 /* Logout.swift in Sources */ = {isa = PBXBuildFile; fileRef = 2BB455DF2883EEB6001139E5 /* Logout.swift */; };
		2BB455E32883F170001139E5 /* UserInfo.swift in Sources */ = {isa = PBXBuildFile; fileRef = 2BB455E22883F170001139E5 /* UserInfo.swift */; };
		2BB455E52883F7EA001139E5 /* DebateAPI.swift in Sources */ = {isa = PBXBuildFile; fileRef = 2BB455E42883F7EA001139E5 /* DebateAPI.swift */; };
		2BB455E82883F855001139E5 /* HotDebate.swift in Sources */ = {isa = PBXBuildFile; fileRef = 2BB455E72883F855001139E5 /* HotDebate.swift */; };
		2BB455EA2883FCBD001139E5 /* CommunityAPI.swift in Sources */ = {isa = PBXBuildFile; fileRef = 2BB455E92883FCBD001139E5 /* CommunityAPI.swift */; };
		2BB455ED2883FD04001139E5 /* HotCommunity.swift in Sources */ = {isa = PBXBuildFile; fileRef = 2BB455EC2883FD04001139E5 /* HotCommunity.swift */; };
		2BB455EF2884044D001139E5 /* MakeDebate.swift in Sources */ = {isa = PBXBuildFile; fileRef = 2BB455EE2884044D001139E5 /* MakeDebate.swift */; };
		2BB455F128845B70001139E5 /* EveryCommunity.swift in Sources */ = {isa = PBXBuildFile; fileRef = 2BB455F028845B70001139E5 /* EveryCommunity.swift */; };
		2BB760FD28A152290011CEBC /* ReactorKit in Frameworks */ = {isa = PBXBuildFile; productRef = 2BB760FC28A152290011CEBC /* ReactorKit */; };
		2BB760FF28A152460011CEBC /* LoginViewModel.swift in Sources */ = {isa = PBXBuildFile; fileRef = 2BB760FE28A152460011CEBC /* LoginViewModel.swift */; };
		2BB7610228A157E50011CEBC /* RxCocoa in Frameworks */ = {isa = PBXBuildFile; productRef = 2BB7610128A157E50011CEBC /* RxCocoa */; };
		2BB7610428A157E50011CEBC /* RxRelay in Frameworks */ = {isa = PBXBuildFile; productRef = 2BB7610328A157E50011CEBC /* RxRelay */; };
		2BB7610628A15F3F0011CEBC /* EmailLoginViewModel.swift in Sources */ = {isa = PBXBuildFile; fileRef = 2BB7610528A15F3F0011CEBC /* EmailLoginViewModel.swift */; };
		2BBEABB72854DA93002573DE /* AppDelegate.swift in Sources */ = {isa = PBXBuildFile; fileRef = 2BBEABB62854DA93002573DE /* AppDelegate.swift */; };
		2BBEABB92854DA93002573DE /* SceneDelegate.swift in Sources */ = {isa = PBXBuildFile; fileRef = 2BBEABB82854DA93002573DE /* SceneDelegate.swift */; };
		2BBEABC02854DA94002573DE /* Assets.xcassets in Resources */ = {isa = PBXBuildFile; fileRef = 2BBEABBF2854DA94002573DE /* Assets.xcassets */; };
		2BBEABC32854DA94002573DE /* LaunchScreen.storyboard in Resources */ = {isa = PBXBuildFile; fileRef = 2BBEABC12854DA94002573DE /* LaunchScreen.storyboard */; };
		2BC3C27A2854E0430094F5EB /* Then in Frameworks */ = {isa = PBXBuildFile; productRef = 2BC3C2792854E0430094F5EB /* Then */; };
		2BE5F0CD286DCCB50016480A /* View+Extensions.swift in Sources */ = {isa = PBXBuildFile; fileRef = 2BE5F0CC286DCCB50016480A /* View+Extensions.swift */; };
		2BE5F0CF286DD3550016480A /* SendSignUp.swift in Sources */ = {isa = PBXBuildFile; fileRef = 2BE5F0CE286DD3550016480A /* SendSignUp.swift */; };
		2BE7BE4A2873169E0062EB5A /* MainTabBarController.swift in Sources */ = {isa = PBXBuildFile; fileRef = 2BE7BE492873169E0062EB5A /* MainTabBarController.swift */; };
		2BE7BE4C2873173B0062EB5A /* HomeViewController.swift in Sources */ = {isa = PBXBuildFile; fileRef = 2BE7BE4B2873173B0062EB5A /* HomeViewController.swift */; };
		2BE7BE4E2873176C0062EB5A /* DiscussViewController.swift in Sources */ = {isa = PBXBuildFile; fileRef = 2BE7BE4D2873176C0062EB5A /* DiscussViewController.swift */; };
		2BE7BE50287317A90062EB5A /* CommunityViewController.swift in Sources */ = {isa = PBXBuildFile; fileRef = 2BE7BE4F287317A90062EB5A /* CommunityViewController.swift */; };
		2BE7BE52287317C30062EB5A /* SavedViewController.swift in Sources */ = {isa = PBXBuildFile; fileRef = 2BE7BE51287317C30062EB5A /* SavedViewController.swift */; };
		2BE7BE54287317DE0062EB5A /* UserViewController.swift in Sources */ = {isa = PBXBuildFile; fileRef = 2BE7BE53287317DE0062EB5A /* UserViewController.swift */; };
		2BE8BB5A2873360D0013F75B /* CALayer+Extension.swift in Sources */ = {isa = PBXBuildFile; fileRef = 2BE8BB592873360D0013F75B /* CALayer+Extension.swift */; };
		2BE8BB5D2875D14D0013F75B /* AlertViewController.swift in Sources */ = {isa = PBXBuildFile; fileRef = 2BE8BB5C2875D14D0013F75B /* AlertViewController.swift */; };
		2BE8BB5F2875D8250013F75B /* AlertTableViewCell.swift in Sources */ = {isa = PBXBuildFile; fileRef = 2BE8BB5E2875D8250013F75B /* AlertTableViewCell.swift */; };
		2BE8BB612875D9BF0013F75B /* AlertTableViewModel.swift in Sources */ = {isa = PBXBuildFile; fileRef = 2BE8BB602875D9BF0013F75B /* AlertTableViewModel.swift */; };
/* End PBXBuildFile section */

/* Begin PBXFileReference section */
		2B0252BC288D89F30078D7F2 /* ChangeUserInfo.swift */ = {isa = PBXFileReference; lastKnownFileType = sourcecode.swift; path = ChangeUserInfo.swift; sourceTree = "<group>"; };
		2B0252BE288EE4B10078D7F2 /* BottomSheetViewController.swift */ = {isa = PBXFileReference; lastKnownFileType = sourcecode.swift; path = BottomSheetViewController.swift; sourceTree = "<group>"; };
		2B09DEFB285B511D00FE19DC /* OnBoardingViewController.swift */ = {isa = PBXFileReference; lastKnownFileType = sourcecode.swift; path = OnBoardingViewController.swift; sourceTree = "<group>"; };
		2B09DF01285B56F200FE19DC /* Storage.swift */ = {isa = PBXFileReference; lastKnownFileType = sourcecode.swift; path = Storage.swift; sourceTree = "<group>"; };
		2B09DF07285B58BF00FE19DC /* LoginViewController.swift */ = {isa = PBXFileReference; lastKnownFileType = sourcecode.swift; path = LoginViewController.swift; sourceTree = "<group>"; };
		2B09DF0A285B649D00FE19DC /* Button+Extensions.swift */ = {isa = PBXFileReference; lastKnownFileType = sourcecode.swift; path = "Button+Extensions.swift"; sourceTree = "<group>"; };
		2B09DF192861DF0800FE19DC /* FirstOnBoardingViewController.swift */ = {isa = PBXFileReference; lastKnownFileType = sourcecode.swift; path = FirstOnBoardingViewController.swift; sourceTree = "<group>"; };
		2B09DF1B2861DF2000FE19DC /* SecondOnBoardingViewController.swift */ = {isa = PBXFileReference; lastKnownFileType = sourcecode.swift; path = SecondOnBoardingViewController.swift; sourceTree = "<group>"; };
		2B09DF1D2861DF3B00FE19DC /* ThirdOnBoardingViewController.swift */ = {isa = PBXFileReference; lastKnownFileType = sourcecode.swift; path = ThirdOnBoardingViewController.swift; sourceTree = "<group>"; };
		2B09DF202861E05C00FE19DC /* Colors.swift */ = {isa = PBXFileReference; lastKnownFileType = sourcecode.swift; path = Colors.swift; sourceTree = "<group>"; };
		2B09DF232861E61200FE19DC /* EmailLoginViewController.swift */ = {isa = PBXFileReference; lastKnownFileType = sourcecode.swift; path = EmailLoginViewController.swift; sourceTree = "<group>"; };
		2B27643B28732BB800C37C9A /* SearchViewController.swift */ = {isa = PBXFileReference; lastKnownFileType = sourcecode.swift; path = SearchViewController.swift; sourceTree = "<group>"; };
		2B27643D28732DAD00C37C9A /* Label+Extensions.swift */ = {isa = PBXFileReference; lastKnownFileType = sourcecode.swift; path = "Label+Extensions.swift"; sourceTree = "<group>"; };
		2B2775FB29BACFE30046B9D6 /* MBTI.swift */ = {isa = PBXFileReference; lastKnownFileType = sourcecode.swift; path = MBTI.swift; sourceTree = "<group>"; };
		2B2775FF29BAD7140046B9D6 /* UserDefaultsWrapper.swift */ = {isa = PBXFileReference; lastKnownFileType = sourcecode.swift; path = UserDefaultsWrapper.swift; sourceTree = "<group>"; };
		2B27760129BAD76B0046B9D6 /* UserDefaultsData.swift */ = {isa = PBXFileReference; lastKnownFileType = sourcecode.swift; path = UserDefaultsData.swift; sourceTree = "<group>"; };
		2B27760C29BADC5E0046B9D6 /* DebateVoteView.swift */ = {isa = PBXFileReference; lastKnownFileType = sourcecode.swift; path = DebateVoteView.swift; sourceTree = "<group>"; };
		2B27760F29BAEE0B0046B9D6 /* FinderLabel.swift */ = {isa = PBXFileReference; lastKnownFileType = sourcecode.swift; path = FinderLabel.swift; sourceTree = "<group>"; };
		2B3E25962861FC6A00C85193 /* SetUpProfileViewController.swift */ = {isa = PBXFileReference; lastKnownFileType = sourcecode.swift; path = SetUpProfileViewController.swift; sourceTree = "<group>"; };
		2B3E2598286358BF00C85193 /* InsertUserInfoViewController.swift */ = {isa = PBXFileReference; lastKnownFileType = sourcecode.swift; path = InsertUserInfoViewController.swift; sourceTree = "<group>"; };
		2B3E259A2863597E00C85193 /* CompleteSignUpViewController.swift */ = {isa = PBXFileReference; lastKnownFileType = sourcecode.swift; path = CompleteSignUpViewController.swift; sourceTree = "<group>"; };
		2B3E259C286362B300C85193 /* SignUpAPI.swift */ = {isa = PBXFileReference; lastKnownFileType = sourcecode.swift; path = SignUpAPI.swift; sourceTree = "<group>"; };
		2B557B002886E97D0057CC9D /* CommunityDetailViewController.swift */ = {isa = PBXFileReference; lastKnownFileType = sourcecode.swift; path = CommunityDetailViewController.swift; sourceTree = "<group>"; };
		2B557B022886F49D0057CC9D /* DetailCommunity.swift */ = {isa = PBXFileReference; lastKnownFileType = sourcecode.swift; path = DetailCommunity.swift; sourceTree = "<group>"; };
		2B557B042886F8B20057CC9D /* EveryDebate.swift */ = {isa = PBXFileReference; lastKnownFileType = sourcecode.swift; path = EveryDebate.swift; sourceTree = "<group>"; };
		2B557B06288712AD0057CC9D /* SaveCommunity.swift */ = {isa = PBXFileReference; lastKnownFileType = sourcecode.swift; path = SaveCommunity.swift; sourceTree = "<group>"; };
		2B557B082888403F0057CC9D /* DebateComment.swift */ = {isa = PBXFileReference; lastKnownFileType = sourcecode.swift; path = DebateComment.swift; sourceTree = "<group>"; };
		2B557B0A288843AB0057CC9D /* DebateCommentTableViewCell.swift */ = {isa = PBXFileReference; lastKnownFileType = sourcecode.swift; path = DebateCommentTableViewCell.swift; sourceTree = "<group>"; };
		2B557B0C2888525F0057CC9D /* CommunityComment.swift */ = {isa = PBXFileReference; lastKnownFileType = sourcecode.swift; path = CommunityComment.swift; sourceTree = "<group>"; };
		2B557B0E288855DF0057CC9D /* NewCommunity.swift */ = {isa = PBXFileReference; lastKnownFileType = sourcecode.swift; path = NewCommunity.swift; sourceTree = "<group>"; };
		2B557B1028885C1C0057CC9D /* AlertMessage2ViewController.swift */ = {isa = PBXFileReference; lastKnownFileType = sourcecode.swift; path = AlertMessage2ViewController.swift; sourceTree = "<group>"; };
		2B881DEA28A3F7D500ECD31A /* Extensions.swift */ = {isa = PBXFileReference; lastKnownFileType = sourcecode.swift; path = Extensions.swift; sourceTree = "<group>"; };
		2BA10F872882CC2400614C2E /* SettingViewController.swift */ = {isa = PBXFileReference; lastKnownFileType = sourcecode.swift; path = SettingViewController.swift; sourceTree = "<group>"; };
		2BA2E9AC287C6A29005DFE96 /* CommunityTableViewCell.swift */ = {isa = PBXFileReference; lastKnownFileType = sourcecode.swift; path = CommunityTableViewCell.swift; sourceTree = "<group>"; };
		2BA2E9AE287F10FB005DFE96 /* DiscussTableViewCell.swift */ = {isa = PBXFileReference; lastKnownFileType = sourcecode.swift; path = DiscussTableViewCell.swift; sourceTree = "<group>"; };
		2BA2E9B0287F17CE005DFE96 /* DiscussDetailViewController.swift */ = {isa = PBXFileReference; lastKnownFileType = sourcecode.swift; path = DiscussDetailViewController.swift; sourceTree = "<group>"; };
		2BA2E9B22880424B005DFE96 /* MakeDiscussViewController.swift */ = {isa = PBXFileReference; lastKnownFileType = sourcecode.swift; path = MakeDiscussViewController.swift; sourceTree = "<group>"; };
		2BA51BC028771E7400D87533 /* HomeCommunityTableViewCell.swift */ = {isa = PBXFileReference; lastKnownFileType = sourcecode.swift; path = HomeCommunityTableViewCell.swift; sourceTree = "<group>"; };
		2BA51BC22877204B00D87533 /* HomeCommunityTableViewModel.swift */ = {isa = PBXFileReference; lastKnownFileType = sourcecode.swift; path = HomeCommunityTableViewModel.swift; sourceTree = "<group>"; };
		2BA51BC82879390B00D87533 /* WriteCommunityViewController.swift */ = {isa = PBXFileReference; lastKnownFileType = sourcecode.swift; path = WriteCommunityViewController.swift; sourceTree = "<group>"; };
		2BA51BCA287957A800D87533 /* SelectMBTIViewController.swift */ = {isa = PBXFileReference; lastKnownFileType = sourcecode.swift; path = SelectMBTIViewController.swift; sourceTree = "<group>"; };
		2BA51BCF2879784D00D87533 /* AlertMessageViewController.swift */ = {isa = PBXFileReference; lastKnownFileType = sourcecode.swift; path = AlertMessageViewController.swift; sourceTree = "<group>"; };
		2BA8F24C2866F87E00D64F0E /* TextField+Extensions.swift */ = {isa = PBXFileReference; lastKnownFileType = sourcecode.swift; path = "TextField+Extensions.swift"; sourceTree = "<group>"; };
		2BA8F24E2866FBCE00D64F0E /* SignUpViewController.swift */ = {isa = PBXFileReference; lastKnownFileType = sourcecode.swift; path = SignUpViewController.swift; sourceTree = "<group>"; };
		2BA8F25228671DB200D64F0E /* DialogViewController.swift */ = {isa = PBXFileReference; lastKnownFileType = sourcecode.swift; path = DialogViewController.swift; sourceTree = "<group>"; };
		2BA8F2542867270400D64F0E /* Storyboard.storyboard */ = {isa = PBXFileReference; lastKnownFileType = file.storyboard; path = Storyboard.storyboard; sourceTree = "<group>"; };
		2BA8F2572868906200D64F0E /* SendEmailResponse.swift */ = {isa = PBXFileReference; lastKnownFileType = sourcecode.swift; path = SendEmailResponse.swift; sourceTree = "<group>"; };
		2BA8F25928689AB100D64F0E /* F!nder.entitlements */ = {isa = PBXFileReference; lastKnownFileType = text.plist.entitlements; path = "F!nder.entitlements"; sourceTree = "<group>"; };
		2BA8F25A2868A98000D64F0E /* SendCode.swift */ = {isa = PBXFileReference; lastKnownFileType = sourcecode.swift; path = SendCode.swift; sourceTree = "<group>"; };
		2BA8F25E286C8E0100D64F0E /* SendSocialLogin.swift */ = {isa = PBXFileReference; lastKnownFileType = sourcecode.swift; path = SendSocialLogin.swift; sourceTree = "<group>"; };
		2BAB6DAC2885B46E001DEE35 /* VoteDebate.swift */ = {isa = PBXFileReference; lastKnownFileType = sourcecode.swift; path = VoteDebate.swift; sourceTree = "<group>"; };
		2BAB6DAE2885B98A001DEE35 /* DetailDebate.swift */ = {isa = PBXFileReference; lastKnownFileType = sourcecode.swift; path = DetailDebate.swift; sourceTree = "<group>"; };
		2BAEB1BF28A2039B00D737C7 /* Login.swift */ = {isa = PBXFileReference; lastKnownFileType = sourcecode.swift; path = Login.swift; sourceTree = "<group>"; };
		2BAEB1C128A2041000D737C7 /* UserAuthAPIService.swift */ = {isa = PBXFileReference; lastKnownFileType = sourcecode.swift; path = UserAuthAPIService.swift; sourceTree = "<group>"; };
		2BAEB1CB28A2084600D737C7 /* UserAuthRepository.swift */ = {isa = PBXFileReference; lastKnownFileType = sourcecode.swift; path = UserAuthRepository.swift; sourceTree = "<group>"; };
		2BB455D928832A89001139E5 /* EditUserInfoViewController.swift */ = {isa = PBXFileReference; lastKnownFileType = sourcecode.swift; path = EditUserInfoViewController.swift; sourceTree = "<group>"; };
		2BB455DB28832BCE001139E5 /* WebViewController.swift */ = {isa = PBXFileReference; lastKnownFileType = sourcecode.swift; path = WebViewController.swift; sourceTree = "<group>"; };
		2BB455DD2883EA45001139E5 /* UserInfoAPI.swift */ = {isa = PBXFileReference; lastKnownFileType = sourcecode.swift; path = UserInfoAPI.swift; sourceTree = "<group>"; };
		2BB455DF2883EEB6001139E5 /* Logout.swift */ = {isa = PBXFileReference; lastKnownFileType = sourcecode.swift; path = Logout.swift; sourceTree = "<group>"; };
		2BB455E22883F170001139E5 /* UserInfo.swift */ = {isa = PBXFileReference; lastKnownFileType = sourcecode.swift; path = UserInfo.swift; sourceTree = "<group>"; };
		2BB455E42883F7EA001139E5 /* DebateAPI.swift */ = {isa = PBXFileReference; lastKnownFileType = sourcecode.swift; path = DebateAPI.swift; sourceTree = "<group>"; };
		2BB455E72883F855001139E5 /* HotDebate.swift */ = {isa = PBXFileReference; lastKnownFileType = sourcecode.swift; path = HotDebate.swift; sourceTree = "<group>"; };
		2BB455E92883FCBD001139E5 /* CommunityAPI.swift */ = {isa = PBXFileReference; lastKnownFileType = sourcecode.swift; path = CommunityAPI.swift; sourceTree = "<group>"; };
		2BB455EC2883FD04001139E5 /* HotCommunity.swift */ = {isa = PBXFileReference; lastKnownFileType = sourcecode.swift; path = HotCommunity.swift; sourceTree = "<group>"; };
		2BB455EE2884044D001139E5 /* MakeDebate.swift */ = {isa = PBXFileReference; lastKnownFileType = sourcecode.swift; path = MakeDebate.swift; sourceTree = "<group>"; };
		2BB455F028845B70001139E5 /* EveryCommunity.swift */ = {isa = PBXFileReference; lastKnownFileType = sourcecode.swift; path = EveryCommunity.swift; sourceTree = "<group>"; };
		2BB760FE28A152460011CEBC /* LoginViewModel.swift */ = {isa = PBXFileReference; lastKnownFileType = sourcecode.swift; path = LoginViewModel.swift; sourceTree = "<group>"; };
		2BB7610528A15F3F0011CEBC /* EmailLoginViewModel.swift */ = {isa = PBXFileReference; lastKnownFileType = sourcecode.swift; path = EmailLoginViewModel.swift; sourceTree = "<group>"; };
		2BBEABB32854DA93002573DE /* F!nder.app */ = {isa = PBXFileReference; explicitFileType = wrapper.application; includeInIndex = 0; path = "F!nder.app"; sourceTree = BUILT_PRODUCTS_DIR; };
		2BBEABB62854DA93002573DE /* AppDelegate.swift */ = {isa = PBXFileReference; lastKnownFileType = sourcecode.swift; path = AppDelegate.swift; sourceTree = "<group>"; };
		2BBEABB82854DA93002573DE /* SceneDelegate.swift */ = {isa = PBXFileReference; lastKnownFileType = sourcecode.swift; path = SceneDelegate.swift; sourceTree = "<group>"; };
		2BBEABBF2854DA94002573DE /* Assets.xcassets */ = {isa = PBXFileReference; lastKnownFileType = folder.assetcatalog; path = Assets.xcassets; sourceTree = "<group>"; };
		2BBEABC22854DA94002573DE /* Base */ = {isa = PBXFileReference; lastKnownFileType = file.storyboard; name = Base; path = Base.lproj/LaunchScreen.storyboard; sourceTree = "<group>"; };
		2BBEABC42854DA94002573DE /* Info.plist */ = {isa = PBXFileReference; lastKnownFileType = text.plist.xml; name = Info.plist; path = "F!nder/Info.plist"; sourceTree = SOURCE_ROOT; };
		2BE5F0CC286DCCB50016480A /* View+Extensions.swift */ = {isa = PBXFileReference; lastKnownFileType = sourcecode.swift; path = "View+Extensions.swift"; sourceTree = "<group>"; };
		2BE5F0CE286DD3550016480A /* SendSignUp.swift */ = {isa = PBXFileReference; lastKnownFileType = sourcecode.swift; path = SendSignUp.swift; sourceTree = "<group>"; };
		2BE7BE492873169E0062EB5A /* MainTabBarController.swift */ = {isa = PBXFileReference; lastKnownFileType = sourcecode.swift; path = MainTabBarController.swift; sourceTree = "<group>"; };
		2BE7BE4B2873173B0062EB5A /* HomeViewController.swift */ = {isa = PBXFileReference; lastKnownFileType = sourcecode.swift; path = HomeViewController.swift; sourceTree = "<group>"; };
		2BE7BE4D2873176C0062EB5A /* DiscussViewController.swift */ = {isa = PBXFileReference; lastKnownFileType = sourcecode.swift; path = DiscussViewController.swift; sourceTree = "<group>"; };
		2BE7BE4F287317A90062EB5A /* CommunityViewController.swift */ = {isa = PBXFileReference; lastKnownFileType = sourcecode.swift; path = CommunityViewController.swift; sourceTree = "<group>"; };
		2BE7BE51287317C30062EB5A /* SavedViewController.swift */ = {isa = PBXFileReference; lastKnownFileType = sourcecode.swift; path = SavedViewController.swift; sourceTree = "<group>"; };
		2BE7BE53287317DE0062EB5A /* UserViewController.swift */ = {isa = PBXFileReference; lastKnownFileType = sourcecode.swift; path = UserViewController.swift; sourceTree = "<group>"; };
		2BE8BB592873360D0013F75B /* CALayer+Extension.swift */ = {isa = PBXFileReference; lastKnownFileType = sourcecode.swift; path = "CALayer+Extension.swift"; sourceTree = "<group>"; };
		2BE8BB5C2875D14D0013F75B /* AlertViewController.swift */ = {isa = PBXFileReference; lastKnownFileType = sourcecode.swift; path = AlertViewController.swift; sourceTree = "<group>"; };
		2BE8BB5E2875D8250013F75B /* AlertTableViewCell.swift */ = {isa = PBXFileReference; lastKnownFileType = sourcecode.swift; path = AlertTableViewCell.swift; sourceTree = "<group>"; };
		2BE8BB602875D9BF0013F75B /* AlertTableViewModel.swift */ = {isa = PBXFileReference; lastKnownFileType = sourcecode.swift; path = AlertTableViewModel.swift; sourceTree = "<group>"; };
/* End PBXFileReference section */

/* Begin PBXFrameworksBuildPhase section */
		2BBEABB02854DA93002573DE /* Frameworks */ = {
			isa = PBXFrameworksBuildPhase;
			buildActionMask = 2147483647;
			files = (
				2B09DF06285B585900FE19DC /* SnapKit in Frameworks */,
				2B0252C2288EE5B50078D7F2 /* KakaoSDK in Frameworks */,
				2BAEB1C628A2050B00D737C7 /* Moya in Frameworks */,
				2BAEB1CA28A2050B00D737C7 /* RxMoya in Frameworks */,
				2BAEB1C828A2050B00D737C7 /* ReactiveMoya in Frameworks */,
				2BC3C27A2854E0430094F5EB /* Then in Frameworks */,
				2BB7610228A157E50011CEBC /* RxCocoa in Frameworks */,
				2BB760FD28A152290011CEBC /* ReactorKit in Frameworks */,
				2B2775F529BA1B2F0046B9D6 /* PanModal in Frameworks */,
				2BB7610428A157E50011CEBC /* RxRelay in Frameworks */,
				2B881DE928A3EFFC00ECD31A /* RxGesture in Frameworks */,
				2B0252C4288EE5B50078D7F2 /* KakaoSDKAuth in Frameworks */,
			);
			runOnlyForDeploymentPostprocessing = 0;
		};
/* End PBXFrameworksBuildPhase section */

/* Begin PBXGroup section */
		2B09DEFD285B512100FE19DC /* Presentation */ = {
			isa = PBXGroup;
			children = (
				2B2775F929BAC98D0046B9D6 /* Utils */,
				2BA51BCC287977D100D87533 /* CommonUI */,
				2B6826B5286DF95C006AF742 /* Main */,
				2B09DF182861DED500FE19DC /* OnBoarding */,
				2B3E25952861FC5600C85193 /* SignUp */,
				2B09DF222861E5E000FE19DC /* Login */,
			);
			path = Presentation;
			sourceTree = "<group>";
		};
		2B09DF182861DED500FE19DC /* OnBoarding */ = {
			isa = PBXGroup;
			children = (
				2B09DEFB285B511D00FE19DC /* OnBoardingViewController.swift */,
				2B09DF192861DF0800FE19DC /* FirstOnBoardingViewController.swift */,
				2B09DF1B2861DF2000FE19DC /* SecondOnBoardingViewController.swift */,
				2B09DF1D2861DF3B00FE19DC /* ThirdOnBoardingViewController.swift */,
			);
			path = OnBoarding;
			sourceTree = "<group>";
		};
		2B09DF222861E5E000FE19DC /* Login */ = {
			isa = PBXGroup;
			children = (
				2B09DF07285B58BF00FE19DC /* LoginViewController.swift */,
				2BB760FE28A152460011CEBC /* LoginViewModel.swift */,
				2B09DF232861E61200FE19DC /* EmailLoginViewController.swift */,
				2BB7610528A15F3F0011CEBC /* EmailLoginViewModel.swift */,
			);
			path = Login;
			sourceTree = "<group>";
		};
		2B27643A287325FB00C37C9A /* Resources */ = {
			isa = PBXGroup;
			children = (
				2BBEABC12854DA94002573DE /* LaunchScreen.storyboard */,
				2B09DF202861E05C00FE19DC /* Colors.swift */,
				2BBEABBF2854DA94002573DE /* Assets.xcassets */,
			);
			path = Resources;
			sourceTree = "<group>";
		};
		2B2775F629BAC8750046B9D6 /* Application */ = {
			isa = PBXGroup;
			children = (
				2BBEABB62854DA93002573DE /* AppDelegate.swift */,
				2BBEABB82854DA93002573DE /* SceneDelegate.swift */,
			);
			path = Application;
			sourceTree = "<group>";
		};
		2B2775F829BAC8B60046B9D6 /* Entities */ = {
			isa = PBXGroup;
			children = (
				2BA8F25C286C8DCB00D64F0E /* SignUp */,
				2BB455E62883F848001139E5 /* Debate */,
				2BB455EB2883FCC2001139E5 /* Community */,
			);
			path = Entities;
			sourceTree = "<group>";
		};
		2B2775F929BAC98D0046B9D6 /* Utils */ = {
			isa = PBXGroup;
			children = (
				2B2775FA29BAC9970046B9D6 /* Extensions */,
			);
			path = Utils;
			sourceTree = "<group>";
		};
		2B2775FA29BAC9970046B9D6 /* Extensions */ = {
			isa = PBXGroup;
			children = (
				2BE8BB592873360D0013F75B /* CALayer+Extension.swift */,
				2B27643D28732DAD00C37C9A /* Label+Extensions.swift */,
				2BE5F0CC286DCCB50016480A /* View+Extensions.swift */,
				2BA8F24C2866F87E00D64F0E /* TextField+Extensions.swift */,
				2B09DF0A285B649D00FE19DC /* Button+Extensions.swift */,
				2B881DEA28A3F7D500ECD31A /* Extensions.swift */,
			);
			path = Extensions;
			sourceTree = "<group>";
		};
		2B2775FD29BAD3A40046B9D6 /* Enums */ = {
			isa = PBXGroup;
			children = (
				2B2775FB29BACFE30046B9D6 /* MBTI.swift */,
			);
			path = Enums;
			sourceTree = "<group>";
		};
		2B2775FE29BAD7030046B9D6 /* UserDefaults */ = {
			isa = PBXGroup;
			children = (
				2B2775FF29BAD7140046B9D6 /* UserDefaultsWrapper.swift */,
				2B27760129BAD76B0046B9D6 /* UserDefaultsData.swift */,
			);
			path = UserDefaults;
			sourceTree = "<group>";
		};
		2B27760329BADB170046B9D6 /* SubViews */ = {
			isa = PBXGroup;
			children = (
				2B27760429BADB340046B9D6 /* CommunityTableView */,
				2B27760C29BADC5E0046B9D6 /* DebateVoteView.swift */,
			);
			path = SubViews;
			sourceTree = "<group>";
		};
		2B27760429BADB340046B9D6 /* CommunityTableView */ = {
			isa = PBXGroup;
			children = (
				2BA51BC028771E7400D87533 /* HomeCommunityTableViewCell.swift */,
				2BA51BC22877204B00D87533 /* HomeCommunityTableViewModel.swift */,
			);
			path = CommunityTableView;
			sourceTree = "<group>";
		};
		2B27760529BADB660046B9D6 /* Search */ = {
			isa = PBXGroup;
			children = (
				2B27643B28732BB800C37C9A /* SearchViewController.swift */,
			);
			path = Search;
			sourceTree = "<group>";
		};
		2B27760E29BAEDFC0046B9D6 /* Label */ = {
			isa = PBXGroup;
			children = (
				2B27760F29BAEE0B0046B9D6 /* FinderLabel.swift */,
			);
			path = Label;
			sourceTree = "<group>";
		};
		2B3E25952861FC5600C85193 /* SignUp */ = {
			isa = PBXGroup;
			children = (
				2B3E2598286358BF00C85193 /* InsertUserInfoViewController.swift */,
				2B3E25962861FC6A00C85193 /* SetUpProfileViewController.swift */,
				2B3E259A2863597E00C85193 /* CompleteSignUpViewController.swift */,
				2BA8F24E2866FBCE00D64F0E /* SignUpViewController.swift */,
				2BA8F25228671DB200D64F0E /* DialogViewController.swift */,
				2BA8F2542867270400D64F0E /* Storyboard.storyboard */,
			);
			path = SignUp;
			sourceTree = "<group>";
		};
		2B6826B4286DF7A1006AF742 /* API */ = {
			isa = PBXGroup;
			children = (
				2B3E259C286362B300C85193 /* SignUpAPI.swift */,
				2BB455DD2883EA45001139E5 /* UserInfoAPI.swift */,
				2BB455E42883F7EA001139E5 /* DebateAPI.swift */,
				2BB455E92883FCBD001139E5 /* CommunityAPI.swift */,
			);
			path = API;
			sourceTree = "<group>";
		};
		2B6826B5286DF95C006AF742 /* Main */ = {
			isa = PBXGroup;
			children = (
				2BE7BE492873169E0062EB5A /* MainTabBarController.swift */,
				2BE8BB5B2875D11C0013F75B /* Home */,
				2BA51BC52877295D00D87533 /* Discuss */,
				2BA51BC42877294D00D87533 /* Community */,
				2BA51BC62877296600D87533 /* Saved */,
				2BA51BC72877296C00D87533 /* User */,
			);
			path = Main;
			sourceTree = "<group>";
		};
		2BA51BBF28771E5500D87533 /* Alert */ = {
			isa = PBXGroup;
			children = (
				2BE8BB5E2875D8250013F75B /* AlertTableViewCell.swift */,
				2BE8BB5C2875D14D0013F75B /* AlertViewController.swift */,
				2BE8BB602875D9BF0013F75B /* AlertTableViewModel.swift */,
			);
			path = Alert;
			sourceTree = "<group>";
		};
		2BA51BC42877294D00D87533 /* Community */ = {
			isa = PBXGroup;
			children = (
				2BE7BE4F287317A90062EB5A /* CommunityViewController.swift */,
				2BA51BC82879390B00D87533 /* WriteCommunityViewController.swift */,
				2BA51BCA287957A800D87533 /* SelectMBTIViewController.swift */,
				2BA2E9AC287C6A29005DFE96 /* CommunityTableViewCell.swift */,
				2B557B002886E97D0057CC9D /* CommunityDetailViewController.swift */,
			);
			path = Community;
			sourceTree = "<group>";
		};
		2BA51BC52877295D00D87533 /* Discuss */ = {
			isa = PBXGroup;
			children = (
				2BE7BE4D2873176C0062EB5A /* DiscussViewController.swift */,
				2BA2E9AE287F10FB005DFE96 /* DiscussTableViewCell.swift */,
				2BA2E9B0287F17CE005DFE96 /* DiscussDetailViewController.swift */,
				2BA2E9B22880424B005DFE96 /* MakeDiscussViewController.swift */,
				2B557B0A288843AB0057CC9D /* DebateCommentTableViewCell.swift */,
			);
			path = Discuss;
			sourceTree = "<group>";
		};
		2BA51BC62877296600D87533 /* Saved */ = {
			isa = PBXGroup;
			children = (
				2BE7BE51287317C30062EB5A /* SavedViewController.swift */,
			);
			path = Saved;
			sourceTree = "<group>";
		};
		2BA51BC72877296C00D87533 /* User */ = {
			isa = PBXGroup;
			children = (
				2BE7BE53287317DE0062EB5A /* UserViewController.swift */,
				2BA10F872882CC2400614C2E /* SettingViewController.swift */,
				2BB455D928832A89001139E5 /* EditUserInfoViewController.swift */,
				2BB455DB28832BCE001139E5 /* WebViewController.swift */,
			);
			path = User;
			sourceTree = "<group>";
		};
		2BA51BCC287977D100D87533 /* CommonUI */ = {
			isa = PBXGroup;
			children = (
				2B27760E29BAEDFC0046B9D6 /* Label */,
				2BA51BCF2879784D00D87533 /* AlertMessageViewController.swift */,
				2B557B1028885C1C0057CC9D /* AlertMessage2ViewController.swift */,
				2B0252BE288EE4B10078D7F2 /* BottomSheetViewController.swift */,
			);
			path = CommonUI;
			sourceTree = "<group>";
		};
		2BA8F2562868904100D64F0E /* Domain */ = {
			isa = PBXGroup;
			children = (
				2B2775FD29BAD3A40046B9D6 /* Enums */,
				2B2775F829BAC8B60046B9D6 /* Entities */,
			);
			path = Domain;
			sourceTree = "<group>";
		};
		2BA8F25C286C8DCB00D64F0E /* SignUp */ = {
			isa = PBXGroup;
			children = (
				2BA8F2572868906200D64F0E /* SendEmailResponse.swift */,
				2BA8F25A2868A98000D64F0E /* SendCode.swift */,
				2BA8F25E286C8E0100D64F0E /* SendSocialLogin.swift */,
				2BE5F0CE286DD3550016480A /* SendSignUp.swift */,
			);
			path = SignUp;
			sourceTree = "<group>";
		};
		2BAEB1CD28A27DEE00D737C7 /* Data */ = {
			isa = PBXGroup;
			children = (
				2B09DF01285B56F200FE19DC /* Storage.swift */,
				2B2775FE29BAD7030046B9D6 /* UserDefaults */,
				2BAEB1CF28A27E0500D737C7 /* Repository */,
				2BAEB1CE28A27DFF00D737C7 /* Network */,
			);
			path = Data;
			sourceTree = "<group>";
		};
		2BAEB1CE28A27DFF00D737C7 /* Network */ = {
			isa = PBXGroup;
			children = (
				2BAEB1D128A27E1B00D737C7 /* UserAuthScene */,
			);
			path = Network;
			sourceTree = "<group>";
		};
		2BAEB1CF28A27E0500D737C7 /* Repository */ = {
			isa = PBXGroup;
			children = (
				2BAEB1D028A27E0F00D737C7 /* UserAuthScene */,
			);
			path = Repository;
			sourceTree = "<group>";
		};
		2BAEB1D028A27E0F00D737C7 /* UserAuthScene */ = {
			isa = PBXGroup;
			children = (
				2BAEB1CB28A2084600D737C7 /* UserAuthRepository.swift */,
			);
			path = UserAuthScene;
			sourceTree = "<group>";
		};
		2BAEB1D128A27E1B00D737C7 /* UserAuthScene */ = {
			isa = PBXGroup;
			children = (
				2BAEB1C128A2041000D737C7 /* UserAuthAPIService.swift */,
				2BAEB1D228A27E6B00D737C7 /* Response */,
			);
			path = UserAuthScene;
			sourceTree = "<group>";
		};
		2BAEB1D228A27E6B00D737C7 /* Response */ = {
			isa = PBXGroup;
			children = (
				2BAEB1BF28A2039B00D737C7 /* Login.swift */,
				2BB455E22883F170001139E5 /* UserInfo.swift */,
				2B0252BC288D89F30078D7F2 /* ChangeUserInfo.swift */,
				2BB455DF2883EEB6001139E5 /* Logout.swift */,
			);
			path = Response;
			sourceTree = "<group>";
		};
		2BB455E62883F848001139E5 /* Debate */ = {
			isa = PBXGroup;
			children = (
				2BB455E72883F855001139E5 /* HotDebate.swift */,
				2BB455EE2884044D001139E5 /* MakeDebate.swift */,
				2BAB6DAC2885B46E001DEE35 /* VoteDebate.swift */,
				2BAB6DAE2885B98A001DEE35 /* DetailDebate.swift */,
				2B557B042886F8B20057CC9D /* EveryDebate.swift */,
				2B557B082888403F0057CC9D /* DebateComment.swift */,
			);
			path = Debate;
			sourceTree = "<group>";
		};
		2BB455EB2883FCC2001139E5 /* Community */ = {
			isa = PBXGroup;
			children = (
				2BB455EC2883FD04001139E5 /* HotCommunity.swift */,
				2BB455F028845B70001139E5 /* EveryCommunity.swift */,
				2B557B022886F49D0057CC9D /* DetailCommunity.swift */,
				2B557B06288712AD0057CC9D /* SaveCommunity.swift */,
				2B557B0C2888525F0057CC9D /* CommunityComment.swift */,
				2B557B0E288855DF0057CC9D /* NewCommunity.swift */,
			);
			path = Community;
			sourceTree = "<group>";
		};
		2BBEABAA2854DA93002573DE = {
			isa = PBXGroup;
			children = (
				2BBEABB52854DA93002573DE /* F!nder */,
				2BBEABB42854DA93002573DE /* Products */,
			);
			sourceTree = "<group>";
		};
		2BBEABB42854DA93002573DE /* Products */ = {
			isa = PBXGroup;
			children = (
				2BBEABB32854DA93002573DE /* F!nder.app */,
			);
			name = Products;
			sourceTree = "<group>";
		};
		2BBEABB52854DA93002573DE /* F!nder */ = {
			isa = PBXGroup;
			children = (
				2BA8F25928689AB100D64F0E /* F!nder.entitlements */,
				2BBEABC42854DA94002573DE /* Info.plist */,
				2B2775F629BAC8750046B9D6 /* Application */,
				2BA8F2562868904100D64F0E /* Domain */,
				2B09DEFD285B512100FE19DC /* Presentation */,
				2BAEB1CD28A27DEE00D737C7 /* Data */,
				2B27643A287325FB00C37C9A /* Resources */,
				2B6826B4286DF7A1006AF742 /* API */,
			);
			path = "F!nder";
			sourceTree = "<group>";
		};
		2BE8BB5B2875D11C0013F75B /* Home */ = {
			isa = PBXGroup;
			children = (
				2BE7BE4B2873173B0062EB5A /* HomeViewController.swift */,
				2B27760329BADB170046B9D6 /* SubViews */,
				2B27760529BADB660046B9D6 /* Search */,
				2BA51BBF28771E5500D87533 /* Alert */,
			);
			path = Home;
			sourceTree = "<group>";
		};
/* End PBXGroup section */

/* Begin PBXNativeTarget section */
		2BBEABB22854DA93002573DE /* F!nder */ = {
			isa = PBXNativeTarget;
			buildConfigurationList = 2BBEABC72854DA94002573DE /* Build configuration list for PBXNativeTarget "F!nder" */;
			buildPhases = (
				2BBEABAF2854DA93002573DE /* Sources */,
				2BBEABB02854DA93002573DE /* Frameworks */,
				2BBEABB12854DA93002573DE /* Resources */,
			);
			buildRules = (
			);
			dependencies = (
			);
			name = "F!nder";
			packageProductDependencies = (
				2BC3C2792854E0430094F5EB /* Then */,
				2B09DF05285B585900FE19DC /* SnapKit */,
				2B0252C1288EE5B50078D7F2 /* KakaoSDK */,
				2B0252C3288EE5B50078D7F2 /* KakaoSDKAuth */,
				2BB760FC28A152290011CEBC /* ReactorKit */,
				2BB7610128A157E50011CEBC /* RxCocoa */,
				2BB7610328A157E50011CEBC /* RxRelay */,
				2BAEB1C528A2050B00D737C7 /* Moya */,
				2BAEB1C728A2050B00D737C7 /* ReactiveMoya */,
				2BAEB1C928A2050B00D737C7 /* RxMoya */,
				2B881DE828A3EFFC00ECD31A /* RxGesture */,
				2B2775F429BA1B2F0046B9D6 /* PanModal */,
			);
			productName = "F!nder";
			productReference = 2BBEABB32854DA93002573DE /* F!nder.app */;
			productType = "com.apple.product-type.application";
		};
/* End PBXNativeTarget section */

/* Begin PBXProject section */
		2BBEABAB2854DA93002573DE /* Project object */ = {
			isa = PBXProject;
			attributes = {
				BuildIndependentTargetsInParallel = 1;
				LastSwiftUpdateCheck = 1330;
				LastUpgradeCheck = 1330;
				TargetAttributes = {
					2BBEABB22854DA93002573DE = {
						CreatedOnToolsVersion = 13.3;
					};
				};
			};
			buildConfigurationList = 2BBEABAE2854DA93002573DE /* Build configuration list for PBXProject "F!nder" */;
			compatibilityVersion = "Xcode 13.0";
			developmentRegion = en;
			hasScannedForEncodings = 0;
			knownRegions = (
				en,
				Base,
			);
			mainGroup = 2BBEABAA2854DA93002573DE;
			packageReferences = (
				2BC3C2782854E0430094F5EB /* XCRemoteSwiftPackageReference "Then" */,
				2B09DF03285B583C00FE19DC /* XCRemoteSwiftPackageReference "SnapKit" */,
				2B0252C0288EE5B50078D7F2 /* XCRemoteSwiftPackageReference "kakao-ios-sdk" */,
				2BB760FB28A152290011CEBC /* XCRemoteSwiftPackageReference "ReactorKit" */,
				2BB7610028A157E50011CEBC /* XCRemoteSwiftPackageReference "RxSwift" */,
				2BAEB1C428A2050B00D737C7 /* XCRemoteSwiftPackageReference "Moya" */,
				2B881DE728A3EFFC00ECD31A /* XCRemoteSwiftPackageReference "RxGesture" */,
				2B2775F329BA1B2F0046B9D6 /* XCRemoteSwiftPackageReference "PanModal" */,
			);
			productRefGroup = 2BBEABB42854DA93002573DE /* Products */;
			projectDirPath = "";
			projectRoot = "";
			targets = (
				2BBEABB22854DA93002573DE /* F!nder */,
			);
		};
/* End PBXProject section */

/* Begin PBXResourcesBuildPhase section */
		2BBEABB12854DA93002573DE /* Resources */ = {
			isa = PBXResourcesBuildPhase;
			buildActionMask = 2147483647;
			files = (
				2BBEABC32854DA94002573DE /* LaunchScreen.storyboard in Resources */,
				2BBEABC02854DA94002573DE /* Assets.xcassets in Resources */,
				2BA8F2552867270400D64F0E /* Storyboard.storyboard in Resources */,
			);
			runOnlyForDeploymentPostprocessing = 0;
		};
/* End PBXResourcesBuildPhase section */

/* Begin PBXSourcesBuildPhase section */
		2BBEABAF2854DA93002573DE /* Sources */ = {
			isa = PBXSourcesBuildPhase;
			buildActionMask = 2147483647;
			files = (
				2BA8F2582868906200D64F0E /* SendEmailResponse.swift in Sources */,
				2BE7BE54287317DE0062EB5A /* UserViewController.swift in Sources */,
				2B557B07288712AD0057CC9D /* SaveCommunity.swift in Sources */,
				2BAEB1C028A2039B00D737C7 /* Login.swift in Sources */,
				2BA51BC32877204B00D87533 /* HomeCommunityTableViewModel.swift in Sources */,
				2B557B0B288843AB0057CC9D /* DebateCommentTableViewCell.swift in Sources */,
				2BA51BD02879784D00D87533 /* AlertMessageViewController.swift in Sources */,
				2B09DF1A2861DF0800FE19DC /* FirstOnBoardingViewController.swift in Sources */,
				2B557B012886E97D0057CC9D /* CommunityDetailViewController.swift in Sources */,
				2BE7BE4A2873169E0062EB5A /* MainTabBarController.swift in Sources */,
				2BE5F0CD286DCCB50016480A /* View+Extensions.swift in Sources */,
				2B09DF242861E61200FE19DC /* EmailLoginViewController.swift in Sources */,
				2BB455E32883F170001139E5 /* UserInfo.swift in Sources */,
				2B3E259D286362B400C85193 /* SignUpAPI.swift in Sources */,
				2B27643C28732BB800C37C9A /* SearchViewController.swift in Sources */,
				2B3E2599286358BF00C85193 /* InsertUserInfoViewController.swift in Sources */,
				2BA2E9B32880424B005DFE96 /* MakeDiscussViewController.swift in Sources */,
				2B09DF212861E05C00FE19DC /* Colors.swift in Sources */,
				2BB7610628A15F3F0011CEBC /* EmailLoginViewModel.swift in Sources */,
				2BB455E02883EEB6001139E5 /* Logout.swift in Sources */,
				2BA8F25B2868A98000D64F0E /* SendCode.swift in Sources */,
				2BA2E9AD287C6A29005DFE96 /* CommunityTableViewCell.swift in Sources */,
				2BE5F0CF286DD3550016480A /* SendSignUp.swift in Sources */,
				2BB455E52883F7EA001139E5 /* DebateAPI.swift in Sources */,
				2B27643E28732DAD00C37C9A /* Label+Extensions.swift in Sources */,
				2BA8F25F286C8E0100D64F0E /* SendSocialLogin.swift in Sources */,
				2BE7BE4C2873173B0062EB5A /* HomeViewController.swift in Sources */,
				2BB455E82883F855001139E5 /* HotDebate.swift in Sources */,
				2B09DF08285B58BF00FE19DC /* LoginViewController.swift in Sources */,
				2BE8BB612875D9BF0013F75B /* AlertTableViewModel.swift in Sources */,
				2BA10F882882CC2400614C2E /* SettingViewController.swift in Sources */,
				2B557B092888403F0057CC9D /* DebateComment.swift in Sources */,
				2BA8F24F2866FBCE00D64F0E /* SignUpViewController.swift in Sources */,
				2BBEABB72854DA93002573DE /* AppDelegate.swift in Sources */,
				2B557B0F288855DF0057CC9D /* NewCommunity.swift in Sources */,
				2BB760FF28A152460011CEBC /* LoginViewModel.swift in Sources */,
				2B27761029BAEE0B0046B9D6 /* FinderLabel.swift in Sources */,
				2BAEB1CC28A2084600D737C7 /* UserAuthRepository.swift in Sources */,
				2BA51BCB287957A800D87533 /* SelectMBTIViewController.swift in Sources */,
				2BAEB1C228A2041000D737C7 /* UserAuthAPIService.swift in Sources */,
				2BB455DE2883EA45001139E5 /* UserInfoAPI.swift in Sources */,
				2BA51BC128771E7400D87533 /* HomeCommunityTableViewCell.swift in Sources */,
				2B2775FC29BACFE30046B9D6 /* MBTI.swift in Sources */,
				2B3E259B2863597E00C85193 /* CompleteSignUpViewController.swift in Sources */,
				2BA2E9B1287F17CE005DFE96 /* DiscussDetailViewController.swift in Sources */,
				2B557B1128885C1C0057CC9D /* AlertMessage2ViewController.swift in Sources */,
				2B557B032886F49D0057CC9D /* DetailCommunity.swift in Sources */,
				2B09DF1C2861DF2000FE19DC /* SecondOnBoardingViewController.swift in Sources */,
				2BE8BB5A2873360D0013F75B /* CALayer+Extension.swift in Sources */,
				2B0252BF288EE4B10078D7F2 /* BottomSheetViewController.swift in Sources */,
				2BAB6DAF2885B98A001DEE35 /* DetailDebate.swift in Sources */,
				2BA8F25328671DB200D64F0E /* DialogViewController.swift in Sources */,
				2B0252BD288D89F30078D7F2 /* ChangeUserInfo.swift in Sources */,
				2BA2E9AF287F10FB005DFE96 /* DiscussTableViewCell.swift in Sources */,
				2B09DF0B285B649D00FE19DC /* Button+Extensions.swift in Sources */,
				2BE8BB5F2875D8250013F75B /* AlertTableViewCell.swift in Sources */,
				2BB455F128845B70001139E5 /* EveryCommunity.swift in Sources */,
				2BE7BE52287317C30062EB5A /* SavedViewController.swift in Sources */,
				2B557B052886F8B20057CC9D /* EveryDebate.swift in Sources */,
				2B557B0D288852600057CC9D /* CommunityComment.swift in Sources */,
				2BE8BB5D2875D14D0013F75B /* AlertViewController.swift in Sources */,
				2B27760D29BADC5E0046B9D6 /* DebateVoteView.swift in Sources */,
				2BB455DA28832A89001139E5 /* EditUserInfoViewController.swift in Sources */,
				2BE7BE50287317A90062EB5A /* CommunityViewController.swift in Sources */,
				2BA51BC92879390B00D87533 /* WriteCommunityViewController.swift in Sources */,
				2BAB6DAD2885B46E001DEE35 /* VoteDebate.swift in Sources */,
				2BA8F24D2866F87E00D64F0E /* TextField+Extensions.swift in Sources */,
				2BBEABB92854DA93002573DE /* SceneDelegate.swift in Sources */,
				2B09DF1E2861DF3B00FE19DC /* ThirdOnBoardingViewController.swift in Sources */,
				2B09DEFC285B511D00FE19DC /* OnBoardingViewController.swift in Sources */,
				2BB455EF2884044D001139E5 /* MakeDebate.swift in Sources */,
				2BE7BE4E2873176C0062EB5A /* DiscussViewController.swift in Sources */,
				2B27760029BAD7140046B9D6 /* UserDefaultsWrapper.swift in Sources */,
				2BB455DC28832BCE001139E5 /* WebViewController.swift in Sources */,
				2B27760229BAD76B0046B9D6 /* UserDefaultsData.swift in Sources */,
				2B881DEB28A3F7D500ECD31A /* Extensions.swift in Sources */,
				2BB455EA2883FCBD001139E5 /* CommunityAPI.swift in Sources */,
				2BB455ED2883FD04001139E5 /* HotCommunity.swift in Sources */,
				2B3E25972861FC6A00C85193 /* SetUpProfileViewController.swift in Sources */,
				2B09DF02285B56F200FE19DC /* Storage.swift in Sources */,
			);
			runOnlyForDeploymentPostprocessing = 0;
		};
/* End PBXSourcesBuildPhase section */

/* Begin PBXVariantGroup section */
		2BBEABC12854DA94002573DE /* LaunchScreen.storyboard */ = {
			isa = PBXVariantGroup;
			children = (
				2BBEABC22854DA94002573DE /* Base */,
			);
			name = LaunchScreen.storyboard;
			sourceTree = "<group>";
		};
/* End PBXVariantGroup section */

/* Begin XCBuildConfiguration section */
		2BBEABC52854DA94002573DE /* Debug */ = {
			isa = XCBuildConfiguration;
			buildSettings = {
				ALWAYS_SEARCH_USER_PATHS = NO;
				CLANG_ANALYZER_NONNULL = YES;
				CLANG_ANALYZER_NUMBER_OBJECT_CONVERSION = YES_AGGRESSIVE;
				CLANG_CXX_LANGUAGE_STANDARD = "gnu++17";
				CLANG_ENABLE_MODULES = YES;
				CLANG_ENABLE_OBJC_ARC = YES;
				CLANG_ENABLE_OBJC_WEAK = YES;
				CLANG_WARN_BLOCK_CAPTURE_AUTORELEASING = YES;
				CLANG_WARN_BOOL_CONVERSION = YES;
				CLANG_WARN_COMMA = YES;
				CLANG_WARN_CONSTANT_CONVERSION = YES;
				CLANG_WARN_DEPRECATED_OBJC_IMPLEMENTATIONS = YES;
				CLANG_WARN_DIRECT_OBJC_ISA_USAGE = YES_ERROR;
				CLANG_WARN_DOCUMENTATION_COMMENTS = YES;
				CLANG_WARN_EMPTY_BODY = YES;
				CLANG_WARN_ENUM_CONVERSION = YES;
				CLANG_WARN_INFINITE_RECURSION = YES;
				CLANG_WARN_INT_CONVERSION = YES;
				CLANG_WARN_NON_LITERAL_NULL_CONVERSION = YES;
				CLANG_WARN_OBJC_IMPLICIT_RETAIN_SELF = YES;
				CLANG_WARN_OBJC_LITERAL_CONVERSION = YES;
				CLANG_WARN_OBJC_ROOT_CLASS = YES_ERROR;
				CLANG_WARN_QUOTED_INCLUDE_IN_FRAMEWORK_HEADER = YES;
				CLANG_WARN_RANGE_LOOP_ANALYSIS = YES;
				CLANG_WARN_STRICT_PROTOTYPES = YES;
				CLANG_WARN_SUSPICIOUS_MOVE = YES;
				CLANG_WARN_UNGUARDED_AVAILABILITY = YES_AGGRESSIVE;
				CLANG_WARN_UNREACHABLE_CODE = YES;
				CLANG_WARN__DUPLICATE_METHOD_MATCH = YES;
				COPY_PHASE_STRIP = NO;
				DEBUG_INFORMATION_FORMAT = dwarf;
				ENABLE_STRICT_OBJC_MSGSEND = YES;
				ENABLE_TESTABILITY = YES;
				GCC_C_LANGUAGE_STANDARD = gnu11;
				GCC_DYNAMIC_NO_PIC = NO;
				GCC_NO_COMMON_BLOCKS = YES;
				GCC_OPTIMIZATION_LEVEL = 0;
				GCC_PREPROCESSOR_DEFINITIONS = (
					"DEBUG=1",
					"$(inherited)",
				);
				GCC_WARN_64_TO_32_BIT_CONVERSION = YES;
				GCC_WARN_ABOUT_RETURN_TYPE = YES_ERROR;
				GCC_WARN_UNDECLARED_SELECTOR = YES;
				GCC_WARN_UNINITIALIZED_AUTOS = YES_AGGRESSIVE;
				GCC_WARN_UNUSED_FUNCTION = YES;
				GCC_WARN_UNUSED_VARIABLE = YES;
				IPHONEOS_DEPLOYMENT_TARGET = 14.0;
				MTL_ENABLE_DEBUG_INFO = INCLUDE_SOURCE;
				MTL_FAST_MATH = YES;
				ONLY_ACTIVE_ARCH = YES;
				SDKROOT = iphoneos;
				SWIFT_ACTIVE_COMPILATION_CONDITIONS = DEBUG;
				SWIFT_OPTIMIZATION_LEVEL = "-Onone";
			};
			name = Debug;
		};
		2BBEABC62854DA94002573DE /* Release */ = {
			isa = XCBuildConfiguration;
			buildSettings = {
				ALWAYS_SEARCH_USER_PATHS = NO;
				CLANG_ANALYZER_NONNULL = YES;
				CLANG_ANALYZER_NUMBER_OBJECT_CONVERSION = YES_AGGRESSIVE;
				CLANG_CXX_LANGUAGE_STANDARD = "gnu++17";
				CLANG_ENABLE_MODULES = YES;
				CLANG_ENABLE_OBJC_ARC = YES;
				CLANG_ENABLE_OBJC_WEAK = YES;
				CLANG_WARN_BLOCK_CAPTURE_AUTORELEASING = YES;
				CLANG_WARN_BOOL_CONVERSION = YES;
				CLANG_WARN_COMMA = YES;
				CLANG_WARN_CONSTANT_CONVERSION = YES;
				CLANG_WARN_DEPRECATED_OBJC_IMPLEMENTATIONS = YES;
				CLANG_WARN_DIRECT_OBJC_ISA_USAGE = YES_ERROR;
				CLANG_WARN_DOCUMENTATION_COMMENTS = YES;
				CLANG_WARN_EMPTY_BODY = YES;
				CLANG_WARN_ENUM_CONVERSION = YES;
				CLANG_WARN_INFINITE_RECURSION = YES;
				CLANG_WARN_INT_CONVERSION = YES;
				CLANG_WARN_NON_LITERAL_NULL_CONVERSION = YES;
				CLANG_WARN_OBJC_IMPLICIT_RETAIN_SELF = YES;
				CLANG_WARN_OBJC_LITERAL_CONVERSION = YES;
				CLANG_WARN_OBJC_ROOT_CLASS = YES_ERROR;
				CLANG_WARN_QUOTED_INCLUDE_IN_FRAMEWORK_HEADER = YES;
				CLANG_WARN_RANGE_LOOP_ANALYSIS = YES;
				CLANG_WARN_STRICT_PROTOTYPES = YES;
				CLANG_WARN_SUSPICIOUS_MOVE = YES;
				CLANG_WARN_UNGUARDED_AVAILABILITY = YES_AGGRESSIVE;
				CLANG_WARN_UNREACHABLE_CODE = YES;
				CLANG_WARN__DUPLICATE_METHOD_MATCH = YES;
				COPY_PHASE_STRIP = NO;
				DEBUG_INFORMATION_FORMAT = "dwarf-with-dsym";
				ENABLE_NS_ASSERTIONS = NO;
				ENABLE_STRICT_OBJC_MSGSEND = YES;
				GCC_C_LANGUAGE_STANDARD = gnu11;
				GCC_NO_COMMON_BLOCKS = YES;
				GCC_WARN_64_TO_32_BIT_CONVERSION = YES;
				GCC_WARN_ABOUT_RETURN_TYPE = YES_ERROR;
				GCC_WARN_UNDECLARED_SELECTOR = YES;
				GCC_WARN_UNINITIALIZED_AUTOS = YES_AGGRESSIVE;
				GCC_WARN_UNUSED_FUNCTION = YES;
				GCC_WARN_UNUSED_VARIABLE = YES;
				IPHONEOS_DEPLOYMENT_TARGET = 14.0;
				MTL_ENABLE_DEBUG_INFO = NO;
				MTL_FAST_MATH = YES;
				SDKROOT = iphoneos;
				SWIFT_COMPILATION_MODE = wholemodule;
				SWIFT_OPTIMIZATION_LEVEL = "-O";
				VALIDATE_PRODUCT = YES;
			};
			name = Release;
		};
		2BBEABC82854DA94002573DE /* Debug */ = {
			isa = XCBuildConfiguration;
			buildSettings = {
				ASSETCATALOG_COMPILER_APPICON_NAME = AppIcon;
				ASSETCATALOG_COMPILER_GLOBAL_ACCENT_COLOR_NAME = AccentColor;
				CODE_SIGN_ENTITLEMENTS = "F!nder/F!nder.entitlements";
				CODE_SIGN_STYLE = Automatic;
				CURRENT_PROJECT_VERSION = 1;
				DEVELOPMENT_TEAM = 69F5355JYF;
				GENERATE_INFOPLIST_FILE = YES;
				INFOPLIST_FILE = "F!nder/Info.plist";
				INFOPLIST_KEY_UIApplicationSupportsIndirectInputEvents = YES;
				INFOPLIST_KEY_UILaunchStoryboardName = LaunchScreen;
				INFOPLIST_KEY_UISupportedInterfaceOrientations = UIInterfaceOrientationPortrait;
				INFOPLIST_KEY_UISupportedInterfaceOrientations_iPad = "UIInterfaceOrientationPortrait UIInterfaceOrientationPortraitUpsideDown UIInterfaceOrientationLandscapeLeft UIInterfaceOrientationLandscapeRight";
				INFOPLIST_KEY_UISupportedInterfaceOrientations_iPhone = "UIInterfaceOrientationPortrait UIInterfaceOrientationLandscapeLeft UIInterfaceOrientationLandscapeRight";
				INFOPLIST_KEY_UIUserInterfaceStyle = Light;
				LD_RUNPATH_SEARCH_PATHS = (
					"$(inherited)",
					"@executable_path/Frameworks",
				);
				MARKETING_VERSION = 1.1.1;
				PRODUCT_BUNDLE_IDENTIFIER = com.jsy.Finder;
				PRODUCT_NAME = "$(TARGET_NAME)";
				SWIFT_EMIT_LOC_STRINGS = YES;
				SWIFT_VERSION = 5.0;
				TARGETED_DEVICE_FAMILY = 1;
			};
			name = Debug;
		};
		2BBEABC92854DA94002573DE /* Release */ = {
			isa = XCBuildConfiguration;
			buildSettings = {
				ASSETCATALOG_COMPILER_APPICON_NAME = AppIcon;
				ASSETCATALOG_COMPILER_GLOBAL_ACCENT_COLOR_NAME = AccentColor;
				CODE_SIGN_ENTITLEMENTS = "F!nder/F!nder.entitlements";
				CODE_SIGN_STYLE = Automatic;
				CURRENT_PROJECT_VERSION = 1;
				DEVELOPMENT_TEAM = 69F5355JYF;
				GENERATE_INFOPLIST_FILE = YES;
				INFOPLIST_FILE = "F!nder/Info.plist";
				INFOPLIST_KEY_UIApplicationSupportsIndirectInputEvents = YES;
				INFOPLIST_KEY_UILaunchStoryboardName = LaunchScreen;
				INFOPLIST_KEY_UISupportedInterfaceOrientations = UIInterfaceOrientationPortrait;
				INFOPLIST_KEY_UISupportedInterfaceOrientations_iPad = "UIInterfaceOrientationPortrait UIInterfaceOrientationPortraitUpsideDown UIInterfaceOrientationLandscapeLeft UIInterfaceOrientationLandscapeRight";
				INFOPLIST_KEY_UISupportedInterfaceOrientations_iPhone = "UIInterfaceOrientationPortrait UIInterfaceOrientationLandscapeLeft UIInterfaceOrientationLandscapeRight";
				INFOPLIST_KEY_UIUserInterfaceStyle = Light;
				LD_RUNPATH_SEARCH_PATHS = (
					"$(inherited)",
					"@executable_path/Frameworks",
				);
				MARKETING_VERSION = 1.1.1;
				PRODUCT_BUNDLE_IDENTIFIER = com.jsy.Finder;
				PRODUCT_NAME = "$(TARGET_NAME)";
				SWIFT_EMIT_LOC_STRINGS = YES;
				SWIFT_VERSION = 5.0;
				TARGETED_DEVICE_FAMILY = 1;
			};
			name = Release;
		};
/* End XCBuildConfiguration section */

/* Begin XCConfigurationList section */
		2BBEABAE2854DA93002573DE /* Build configuration list for PBXProject "F!nder" */ = {
			isa = XCConfigurationList;
			buildConfigurations = (
				2BBEABC52854DA94002573DE /* Debug */,
				2BBEABC62854DA94002573DE /* Release */,
			);
			defaultConfigurationIsVisible = 0;
			defaultConfigurationName = Release;
		};
		2BBEABC72854DA94002573DE /* Build configuration list for PBXNativeTarget "F!nder" */ = {
			isa = XCConfigurationList;
			buildConfigurations = (
				2BBEABC82854DA94002573DE /* Debug */,
				2BBEABC92854DA94002573DE /* Release */,
			);
			defaultConfigurationIsVisible = 0;
			defaultConfigurationName = Release;
		};
/* End XCConfigurationList section */

/* Begin XCRemoteSwiftPackageReference section */
		2B0252C0288EE5B50078D7F2 /* XCRemoteSwiftPackageReference "kakao-ios-sdk" */ = {
			isa = XCRemoteSwiftPackageReference;
			repositoryURL = "https://github.com/kakao/kakao-ios-sdk";
			requirement = {
				branch = master;
				kind = branch;
			};
		};
		2B09DF03285B583C00FE19DC /* XCRemoteSwiftPackageReference "SnapKit" */ = {
			isa = XCRemoteSwiftPackageReference;
			repositoryURL = "https://github.com/SnapKit/SnapKit.git";
			requirement = {
				kind = upToNextMinorVersion;
				minimumVersion = 5.6.0;
			};
		};
		2B2775F329BA1B2F0046B9D6 /* XCRemoteSwiftPackageReference "PanModal" */ = {
			isa = XCRemoteSwiftPackageReference;
			repositoryURL = "https://github.com/slackhq/PanModal.git";
			requirement = {
				kind = upToNextMajorVersion;
				minimumVersion = 1.0.0;
			};
		};
		2B881DE728A3EFFC00ECD31A /* XCRemoteSwiftPackageReference "RxGesture" */ = {
			isa = XCRemoteSwiftPackageReference;
			repositoryURL = "https://github.com/RxSwiftCommunity/RxGesture";
			requirement = {
				kind = upToNextMajorVersion;
				minimumVersion = 4.0.0;
			};
		};
		2BAEB1C428A2050B00D737C7 /* XCRemoteSwiftPackageReference "Moya" */ = {
			isa = XCRemoteSwiftPackageReference;
			repositoryURL = "https://github.com/Moya/Moya.git";
			requirement = {
				kind = upToNextMajorVersion;
				minimumVersion = 15.0.0;
			};
		};
		2BB760FB28A152290011CEBC /* XCRemoteSwiftPackageReference "ReactorKit" */ = {
			isa = XCRemoteSwiftPackageReference;
			repositoryURL = "https://github.com/ReactorKit/ReactorKit.git";
			requirement = {
				kind = upToNextMajorVersion;
				minimumVersion = 3.0.0;
			};
		};
		2BB7610028A157E50011CEBC /* XCRemoteSwiftPackageReference "RxSwift" */ = {
			isa = XCRemoteSwiftPackageReference;
			repositoryURL = "https://github.com/ReactiveX/RxSwift";
			requirement = {
				kind = upToNextMajorVersion;
				minimumVersion = 6.0.0;
			};
		};
		2BC3C2782854E0430094F5EB /* XCRemoteSwiftPackageReference "Then" */ = {
			isa = XCRemoteSwiftPackageReference;
			repositoryURL = "https://github.com/devxoul/Then";
			requirement = {
				branch = master;
				kind = branch;
			};
		};
/* End XCRemoteSwiftPackageReference section */

/* Begin XCSwiftPackageProductDependency section */
		2B0252C1288EE5B50078D7F2 /* KakaoSDK */ = {
			isa = XCSwiftPackageProductDependency;
			package = 2B0252C0288EE5B50078D7F2 /* XCRemoteSwiftPackageReference "kakao-ios-sdk" */;
			productName = KakaoSDK;
		};
		2B0252C3288EE5B50078D7F2 /* KakaoSDKAuth */ = {
			isa = XCSwiftPackageProductDependency;
			package = 2B0252C0288EE5B50078D7F2 /* XCRemoteSwiftPackageReference "kakao-ios-sdk" */;
			productName = KakaoSDKAuth;
		};
		2B09DF05285B585900FE19DC /* SnapKit */ = {
			isa = XCSwiftPackageProductDependency;
			package = 2B09DF03285B583C00FE19DC /* XCRemoteSwiftPackageReference "SnapKit" */;
			productName = SnapKit;
		};
		2B2775F429BA1B2F0046B9D6 /* PanModal */ = {
			isa = XCSwiftPackageProductDependency;
			package = 2B2775F329BA1B2F0046B9D6 /* XCRemoteSwiftPackageReference "PanModal" */;
			productName = PanModal;
		};
		2B881DE828A3EFFC00ECD31A /* RxGesture */ = {
			isa = XCSwiftPackageProductDependency;
			package = 2B881DE728A3EFFC00ECD31A /* XCRemoteSwiftPackageReference "RxGesture" */;
			productName = RxGesture;
		};
		2BAEB1C528A2050B00D737C7 /* Moya */ = {
			isa = XCSwiftPackageProductDependency;
			package = 2BAEB1C428A2050B00D737C7 /* XCRemoteSwiftPackageReference "Moya" */;
			productName = Moya;
		};
		2BAEB1C728A2050B00D737C7 /* ReactiveMoya */ = {
			isa = XCSwiftPackageProductDependency;
			package = 2BAEB1C428A2050B00D737C7 /* XCRemoteSwiftPackageReference "Moya" */;
			productName = ReactiveMoya;
		};
		2BAEB1C928A2050B00D737C7 /* RxMoya */ = {
			isa = XCSwiftPackageProductDependency;
			package = 2BAEB1C428A2050B00D737C7 /* XCRemoteSwiftPackageReference "Moya" */;
			productName = RxMoya;
		};
		2BB760FC28A152290011CEBC /* ReactorKit */ = {
			isa = XCSwiftPackageProductDependency;
			package = 2BB760FB28A152290011CEBC /* XCRemoteSwiftPackageReference "ReactorKit" */;
			productName = ReactorKit;
		};
		2BB7610128A157E50011CEBC /* RxCocoa */ = {
			isa = XCSwiftPackageProductDependency;
			package = 2BB7610028A157E50011CEBC /* XCRemoteSwiftPackageReference "RxSwift" */;
			productName = RxCocoa;
		};
		2BB7610328A157E50011CEBC /* RxRelay */ = {
			isa = XCSwiftPackageProductDependency;
			package = 2BB7610028A157E50011CEBC /* XCRemoteSwiftPackageReference "RxSwift" */;
			productName = RxRelay;
		};
		2BC3C2792854E0430094F5EB /* Then */ = {
			isa = XCSwiftPackageProductDependency;
			package = 2BC3C2782854E0430094F5EB /* XCRemoteSwiftPackageReference "Then" */;
			productName = Then;
		};
/* End XCSwiftPackageProductDependency section */
	};
	rootObject = 2BBEABAB2854DA93002573DE /* Project object */;
}
