// !$*UTF8*$!
{
	archiveVersion = 1;
	classes = {
	};
	objectVersion = 55;
	objects = {

/* Begin PBXBuildFile section */
		2B00E5C729CAFBB300F7A829 /* ImageCollectionView.swift in Sources */ = {isa = PBXBuildFile; fileRef = 2B00E5C629CAFBB300F7A829 /* ImageCollectionView.swift */; };
		2B00E5C929CAFBBD00F7A829 /* ImageCollectionViewCell.swift in Sources */ = {isa = PBXBuildFile; fileRef = 2B00E5C829CAFBBD00F7A829 /* ImageCollectionViewCell.swift */; };
		2B00E5CB29CAFBD300F7A829 /* ImageCollectionViewFlowLayout.swift in Sources */ = {isa = PBXBuildFile; fileRef = 2B00E5CA29CAFBD300F7A829 /* ImageCollectionViewFlowLayout.swift */; };
		2B00E5CD29CAFDD600F7A829 /* WriteCommunityViewModel.swift in Sources */ = {isa = PBXBuildFile; fileRef = 2B00E5CC29CAFDD600F7A829 /* WriteCommunityViewModel.swift */; };
		2B0252BD288D89F30078D7F2 /* ChangeUserInfo.swift in Sources */ = {isa = PBXBuildFile; fileRef = 2B0252BC288D89F30078D7F2 /* ChangeUserInfo.swift */; };
		2B0252BF288EE4B10078D7F2 /* BottomSheetViewController.swift in Sources */ = {isa = PBXBuildFile; fileRef = 2B0252BE288EE4B10078D7F2 /* BottomSheetViewController.swift */; };
		2B0252C2288EE5B50078D7F2 /* KakaoSDK in Frameworks */ = {isa = PBXBuildFile; productRef = 2B0252C1288EE5B50078D7F2 /* KakaoSDK */; };
		2B0252C4288EE5B50078D7F2 /* KakaoSDKAuth in Frameworks */ = {isa = PBXBuildFile; productRef = 2B0252C3288EE5B50078D7F2 /* KakaoSDKAuth */; };
		2B09DF02285B56F200FE19DC /* Storage.swift in Sources */ = {isa = PBXBuildFile; fileRef = 2B09DF01285B56F200FE19DC /* Storage.swift */; };
		2B09DF06285B585900FE19DC /* SnapKit in Frameworks */ = {isa = PBXBuildFile; productRef = 2B09DF05285B585900FE19DC /* SnapKit */; };
		2B09DF08285B58BF00FE19DC /* LoginViewController.swift in Sources */ = {isa = PBXBuildFile; fileRef = 2B09DF07285B58BF00FE19DC /* LoginViewController.swift */; };
		2B09DF0B285B649D00FE19DC /* Button+Extensions.swift in Sources */ = {isa = PBXBuildFile; fileRef = 2B09DF0A285B649D00FE19DC /* Button+Extensions.swift */; };
		2B09DF212861E05C00FE19DC /* Colors.swift in Sources */ = {isa = PBXBuildFile; fileRef = 2B09DF202861E05C00FE19DC /* Colors.swift */; };
		2B09DF242861E61200FE19DC /* EmailLoginViewController.swift in Sources */ = {isa = PBXBuildFile; fileRef = 2B09DF232861E61200FE19DC /* EmailLoginViewController.swift */; };
		2B0BA44729D57CAC00F0E5D0 /* CommunityDetailViewModel.swift in Sources */ = {isa = PBXBuildFile; fileRef = 2B0BA44629D57CAC00F0E5D0 /* CommunityDetailViewModel.swift */; };
		2B20B55629C6EF8E008AA709 /* Reply.swift in Sources */ = {isa = PBXBuildFile; fileRef = 2B20B55529C6EF8E008AA709 /* Reply.swift */; };
		2B20B55829C6F1BC008AA709 /* Answer.swift in Sources */ = {isa = PBXBuildFile; fileRef = 2B20B55729C6F1BC008AA709 /* Answer.swift */; };
		2B20B55B29C6F651008AA709 /* ErrorReponseDTO.swift in Sources */ = {isa = PBXBuildFile; fileRef = 2B20B55A29C6F651008AA709 /* ErrorReponseDTO.swift */; };
		2B20B55D29C6F7D8008AA709 /* AnswerDTO.swift in Sources */ = {isa = PBXBuildFile; fileRef = 2B20B55C29C6F7D8008AA709 /* AnswerDTO.swift */; };
		2B20B55F29C6F7F8008AA709 /* ReplyDTO.swift in Sources */ = {isa = PBXBuildFile; fileRef = 2B20B55E29C6F7F8008AA709 /* ReplyDTO.swift */; };
		2B20B56129C6F896008AA709 /* DetailDebate.swift in Sources */ = {isa = PBXBuildFile; fileRef = 2B20B56029C6F896008AA709 /* DetailDebate.swift */; };
		2B27643C28732BB800C37C9A /* SearchViewController.swift in Sources */ = {isa = PBXBuildFile; fileRef = 2B27643B28732BB800C37C9A /* SearchViewController.swift */; };
		2B27643E28732DAD00C37C9A /* Label+Extensions.swift in Sources */ = {isa = PBXBuildFile; fileRef = 2B27643D28732DAD00C37C9A /* Label+Extensions.swift */; };
		2B2775F529BA1B2F0046B9D6 /* PanModal in Frameworks */ = {isa = PBXBuildFile; productRef = 2B2775F429BA1B2F0046B9D6 /* PanModal */; };
		2B2775FC29BACFE30046B9D6 /* MBTI.swift in Sources */ = {isa = PBXBuildFile; fileRef = 2B2775FB29BACFE30046B9D6 /* MBTI.swift */; };
		2B27760029BAD7140046B9D6 /* UserDefaultsWrapper.swift in Sources */ = {isa = PBXBuildFile; fileRef = 2B2775FF29BAD7140046B9D6 /* UserDefaultsWrapper.swift */; };
		2B27760229BAD76B0046B9D6 /* UserDefaultsData.swift in Sources */ = {isa = PBXBuildFile; fileRef = 2B27760129BAD76B0046B9D6 /* UserDefaultsData.swift */; };
		2B27760D29BADC5E0046B9D6 /* DebateVoteView.swift in Sources */ = {isa = PBXBuildFile; fileRef = 2B27760C29BADC5E0046B9D6 /* DebateVoteView.swift */; };
		2B27761029BAEE0B0046B9D6 /* FinderLabel.swift in Sources */ = {isa = PBXBuildFile; fileRef = 2B27760F29BAEE0B0046B9D6 /* FinderLabel.swift */; };
		2B27761229BB09B50046B9D6 /* UserMBTIView.swift in Sources */ = {isa = PBXBuildFile; fileRef = 2B27761129BB09B50046B9D6 /* UserMBTIView.swift */; };
		2B27761429BB196C0046B9D6 /* HomeHeaderView.swift in Sources */ = {isa = PBXBuildFile; fileRef = 2B27761329BB196C0046B9D6 /* HomeHeaderView.swift */; };
		2B27761629BB1CFE0046B9D6 /* SearchBarView.swift in Sources */ = {isa = PBXBuildFile; fileRef = 2B27761529BB1CFE0046B9D6 /* SearchBarView.swift */; };
		2B27761829BB20010046B9D6 /* ViewController+Ex.swift in Sources */ = {isa = PBXBuildFile; fileRef = 2B27761729BB20010046B9D6 /* ViewController+Ex.swift */; };
		2B27761A29BB21CA0046B9D6 /* Popup1ViewController.swift in Sources */ = {isa = PBXBuildFile; fileRef = 2B27761929BB21CA0046B9D6 /* Popup1ViewController.swift */; };
		2B27761C29BB29940046B9D6 /* Control+Ex.swift in Sources */ = {isa = PBXBuildFile; fileRef = 2B27761B29BB29940046B9D6 /* Control+Ex.swift */; };
		2B27761E29BC4A690046B9D6 /* EmptyDebateView.swift in Sources */ = {isa = PBXBuildFile; fileRef = 2B27761D29BC4A690046B9D6 /* EmptyDebateView.swift */; };
		2B27762029BC4DB70046B9D6 /* BarView.swift in Sources */ = {isa = PBXBuildFile; fileRef = 2B27761F29BC4DB70046B9D6 /* BarView.swift */; };
		2B27762229BC4FEE0046B9D6 /* HomeViewModel.swift in Sources */ = {isa = PBXBuildFile; fileRef = 2B27762129BC4FEE0046B9D6 /* HomeViewModel.swift */; };
		2B27762429BC61EE0046B9D6 /* OnBoardingViewController.swift in Sources */ = {isa = PBXBuildFile; fileRef = 2B27762329BC61EE0046B9D6 /* OnBoardingViewController.swift */; };
		2B27762629BC6ABB0046B9D6 /* OnBoarding.swift in Sources */ = {isa = PBXBuildFile; fileRef = 2B27762529BC6ABA0046B9D6 /* OnBoarding.swift */; };
		2B27762829BC709A0046B9D6 /* FinderButton.swift in Sources */ = {isa = PBXBuildFile; fileRef = 2B27762729BC709A0046B9D6 /* FinderButton.swift */; };
		2B27762B29BCBF530046B9D6 /* SignUpProcessView.swift in Sources */ = {isa = PBXBuildFile; fileRef = 2B27762A29BCBF530046B9D6 /* SignUpProcessView.swift */; };
		2B27762E29BCC9CC0046B9D6 /* BaseViewController.swift in Sources */ = {isa = PBXBuildFile; fileRef = 2B27762D29BCC9CC0046B9D6 /* BaseViewController.swift */; };
		2B27763029BCD0240046B9D6 /* InsertDataView.swift in Sources */ = {isa = PBXBuildFile; fileRef = 2B27762F29BCD0240046B9D6 /* InsertDataView.swift */; };
		2B27763229BCD0F00046B9D6 /* FinderTextField.swift in Sources */ = {isa = PBXBuildFile; fileRef = 2B27763129BCD0F00046B9D6 /* FinderTextField.swift */; };
		2B27763429BCD1B10046B9D6 /* SignupInsertDataType.swift in Sources */ = {isa = PBXBuildFile; fileRef = 2B27763329BCD1B10046B9D6 /* SignupInsertDataType.swift */; };
		2B27763629BDBE270046B9D6 /* SignUpViewModel.swift in Sources */ = {isa = PBXBuildFile; fileRef = 2B27763529BDBE270046B9D6 /* SignUpViewModel.swift */; };
		2B27763A29BE181E0046B9D6 /* MBTIElementView.swift in Sources */ = {isa = PBXBuildFile; fileRef = 2B27763929BE181E0046B9D6 /* MBTIElementView.swift */; };
		2B3E25972861FC6A00C85193 /* SetUpProfileViewController.swift in Sources */ = {isa = PBXBuildFile; fileRef = 2B3E25962861FC6A00C85193 /* SetUpProfileViewController.swift */; };
		2B3E2599286358BF00C85193 /* InsertUserInfoViewController.swift in Sources */ = {isa = PBXBuildFile; fileRef = 2B3E2598286358BF00C85193 /* InsertUserInfoViewController.swift */; };
		2B3E259B2863597E00C85193 /* CompleteSignUpViewController.swift in Sources */ = {isa = PBXBuildFile; fileRef = 2B3E259A2863597E00C85193 /* CompleteSignUpViewController.swift */; };
		2B3E259D286362B400C85193 /* SignUpAPI.swift in Sources */ = {isa = PBXBuildFile; fileRef = 2B3E259C286362B300C85193 /* SignUpAPI.swift */; };
		2B55094B29C2F84900C52D45 /* Popup2ViewController.swift in Sources */ = {isa = PBXBuildFile; fileRef = 2B55094A29C2F84900C52D45 /* Popup2ViewController.swift */; };
		2B557B012886E97D0057CC9D /* CommunityDetailViewController.swift in Sources */ = {isa = PBXBuildFile; fileRef = 2B557B002886E97D0057CC9D /* CommunityDetailViewController.swift */; };
		2B557B032886F49D0057CC9D /* DetailCommunityResponseDTO.swift in Sources */ = {isa = PBXBuildFile; fileRef = 2B557B022886F49D0057CC9D /* DetailCommunityResponseDTO.swift */; };
		2B557B052886F8B20057CC9D /* EveryDebate.swift in Sources */ = {isa = PBXBuildFile; fileRef = 2B557B042886F8B20057CC9D /* EveryDebate.swift */; };
		2B557B07288712AD0057CC9D /* SaveCommunityResponseDTO.swift in Sources */ = {isa = PBXBuildFile; fileRef = 2B557B06288712AD0057CC9D /* SaveCommunityResponseDTO.swift */; };
		2B557B092888403F0057CC9D /* DebateComment.swift in Sources */ = {isa = PBXBuildFile; fileRef = 2B557B082888403F0057CC9D /* DebateComment.swift */; };
		2B557B0B288843AB0057CC9D /* CommentTableViewCell.swift in Sources */ = {isa = PBXBuildFile; fileRef = 2B557B0A288843AB0057CC9D /* CommentTableViewCell.swift */; };
		2B557B0D288852600057CC9D /* CommunityCommentResponseDTO.swift in Sources */ = {isa = PBXBuildFile; fileRef = 2B557B0C2888525F0057CC9D /* CommunityCommentResponseDTO.swift */; };
		2B557B0F288855DF0057CC9D /* NewCommunityResponseDTO.swift in Sources */ = {isa = PBXBuildFile; fileRef = 2B557B0E288855DF0057CC9D /* NewCommunityResponseDTO.swift */; };
		2B557B1128885C1C0057CC9D /* AlertMessage2ViewController.swift in Sources */ = {isa = PBXBuildFile; fileRef = 2B557B1028885C1C0057CC9D /* AlertMessage2ViewController.swift */; };
		2B881DE928A3EFFC00ECD31A /* RxGesture in Frameworks */ = {isa = PBXBuildFile; productRef = 2B881DE828A3EFFC00ECD31A /* RxGesture */; };
		2B881DEB28A3F7D500ECD31A /* Extensions.swift in Sources */ = {isa = PBXBuildFile; fileRef = 2B881DEA28A3F7D500ECD31A /* Extensions.swift */; };
		2B9C521C29C990EE00567B36 /* CommentView.swift in Sources */ = {isa = PBXBuildFile; fileRef = 2B9C521B29C990EE00567B36 /* CommentView.swift */; };
		2B9C522229C9A8DB00567B36 /* CommunitySortView.swift in Sources */ = {isa = PBXBuildFile; fileRef = 2B9C522129C9A8DB00567B36 /* CommunitySortView.swift */; };
		2B9C522429C9B2BA00567B36 /* CommunityTableView.swift in Sources */ = {isa = PBXBuildFile; fileRef = 2B9C522329C9B2BA00567B36 /* CommunityTableView.swift */; };
		2B9C522629C9B67900567B36 /* CommunityViewModel.swift in Sources */ = {isa = PBXBuildFile; fileRef = 2B9C522529C9B67900567B36 /* CommunityViewModel.swift */; };
		2B9C522A29CAD1E300567B36 /* CommunityTable.swift in Sources */ = {isa = PBXBuildFile; fileRef = 2B9C522929CAD1E300567B36 /* CommunityTable.swift */; };
		2B9C522C29CAD63700567B36 /* DataStatus.swift in Sources */ = {isa = PBXBuildFile; fileRef = 2B9C522B29CAD63700567B36 /* DataStatus.swift */; };
		2B9C523029CADAF400567B36 /* MBTICollectionViewCell.swift in Sources */ = {isa = PBXBuildFile; fileRef = 2B9C522F29CADAF300567B36 /* MBTICollectionViewCell.swift */; };
		2B9C523229CADC1E00567B36 /* MBTICollectionView.swift in Sources */ = {isa = PBXBuildFile; fileRef = 2B9C523129CADC1E00567B36 /* MBTICollectionView.swift */; };
		2B9C523429CADCDF00567B36 /* MBTICollectionViewFlowLayout.swift in Sources */ = {isa = PBXBuildFile; fileRef = 2B9C523329CADCDF00567B36 /* MBTICollectionViewFlowLayout.swift */; };
		2BA0184C29D46355008F62F7 /* CommentTextFieldView.swift in Sources */ = {isa = PBXBuildFile; fileRef = 2BA0184B29D46355008F62F7 /* CommentTextFieldView.swift */; };
		2BA0185029D46D77008F62F7 /* CommunityDetailView.swift in Sources */ = {isa = PBXBuildFile; fileRef = 2BA0184F29D46D77008F62F7 /* CommunityDetailView.swift */; };
		2BA10F882882CC2400614C2E /* SettingViewController.swift in Sources */ = {isa = PBXBuildFile; fileRef = 2BA10F872882CC2400614C2E /* SettingViewController.swift */; };
		2BA2C37D29D6D17E00822D0B /* BaseTabBarController.swift in Sources */ = {isa = PBXBuildFile; fileRef = 2BA2C37C29D6D17E00822D0B /* BaseTabBarController.swift */; };
		2BA2E9AD287C6A29005DFE96 /* CommunityTableViewCell.swift in Sources */ = {isa = PBXBuildFile; fileRef = 2BA2E9AC287C6A29005DFE96 /* CommunityTableViewCell.swift */; };
		2BA2E9AF287F10FB005DFE96 /* DebateTableViewCell.swift in Sources */ = {isa = PBXBuildFile; fileRef = 2BA2E9AE287F10FB005DFE96 /* DebateTableViewCell.swift */; };
		2BA2E9B1287F17CE005DFE96 /* DebateDetailViewController.swift in Sources */ = {isa = PBXBuildFile; fileRef = 2BA2E9B0287F17CE005DFE96 /* DebateDetailViewController.swift */; };
		2BA2E9B32880424B005DFE96 /* MakeDebateViewController.swift in Sources */ = {isa = PBXBuildFile; fileRef = 2BA2E9B22880424B005DFE96 /* MakeDebateViewController.swift */; };
		2BA51BC128771E7400D87533 /* HomeCommunityTableViewCell.swift in Sources */ = {isa = PBXBuildFile; fileRef = 2BA51BC028771E7400D87533 /* HomeCommunityTableViewCell.swift */; };
		2BA51BC92879390B00D87533 /* WriteCommunityViewController.swift in Sources */ = {isa = PBXBuildFile; fileRef = 2BA51BC82879390B00D87533 /* WriteCommunityViewController.swift */; };
		2BA51BCB287957A800D87533 /* SelectMBTIViewController.swift in Sources */ = {isa = PBXBuildFile; fileRef = 2BA51BCA287957A800D87533 /* SelectMBTIViewController.swift */; };
		2BA51BD02879784D00D87533 /* AlertMessageViewController.swift in Sources */ = {isa = PBXBuildFile; fileRef = 2BA51BCF2879784D00D87533 /* AlertMessageViewController.swift */; };
		2BA8F24D2866F87E00D64F0E /* TextField+Extensions.swift in Sources */ = {isa = PBXBuildFile; fileRef = 2BA8F24C2866F87E00D64F0E /* TextField+Extensions.swift */; };
		2BA8F24F2866FBCE00D64F0E /* SignUpViewController.swift in Sources */ = {isa = PBXBuildFile; fileRef = 2BA8F24E2866FBCE00D64F0E /* SignUpViewController.swift */; };
		2BA8F25328671DB200D64F0E /* SelectMBTIElementViewController.swift in Sources */ = {isa = PBXBuildFile; fileRef = 2BA8F25228671DB200D64F0E /* SelectMBTIElementViewController.swift */; };
		2BA8F2552867270400D64F0E /* Storyboard.storyboard in Resources */ = {isa = PBXBuildFile; fileRef = 2BA8F2542867270400D64F0E /* Storyboard.storyboard */; };
		2BA8F2582868906200D64F0E /* SendEmailResponse.swift in Sources */ = {isa = PBXBuildFile; fileRef = 2BA8F2572868906200D64F0E /* SendEmailResponse.swift */; };
		2BA8F25B2868A98000D64F0E /* SendCode.swift in Sources */ = {isa = PBXBuildFile; fileRef = 2BA8F25A2868A98000D64F0E /* SendCode.swift */; };
		2BA8F25F286C8E0100D64F0E /* SendSocialLogin.swift in Sources */ = {isa = PBXBuildFile; fileRef = 2BA8F25E286C8E0100D64F0E /* SendSocialLogin.swift */; };
		2BAB6DAD2885B46E001DEE35 /* VoteDebate.swift in Sources */ = {isa = PBXBuildFile; fileRef = 2BAB6DAC2885B46E001DEE35 /* VoteDebate.swift */; };
		2BAB6DAF2885B98A001DEE35 /* DetailDebateResponseDTO.swift in Sources */ = {isa = PBXBuildFile; fileRef = 2BAB6DAE2885B98A001DEE35 /* DetailDebateResponseDTO.swift */; };
		2BAB811929C0798200002987 /* BaseNavigationController.swift in Sources */ = {isa = PBXBuildFile; fileRef = 2BAB811829C0798200002987 /* BaseNavigationController.swift */; };
		2BAB811C29C0813D00002987 /* DebateListHeaderView.swift in Sources */ = {isa = PBXBuildFile; fileRef = 2BAB811B29C0813D00002987 /* DebateListHeaderView.swift */; };
		2BAC3F3B29C2F1E9001D575C /* DebateDetailViewModel.swift in Sources */ = {isa = PBXBuildFile; fileRef = 2BAC3F3A29C2F1E8001D575C /* DebateDetailViewModel.swift */; };
		2BAEB1C028A2039B00D737C7 /* Login.swift in Sources */ = {isa = PBXBuildFile; fileRef = 2BAEB1BF28A2039B00D737C7 /* Login.swift */; };
		2BAEB1C228A2041000D737C7 /* UserAuthAPIService.swift in Sources */ = {isa = PBXBuildFile; fileRef = 2BAEB1C128A2041000D737C7 /* UserAuthAPIService.swift */; };
		2BAEB1C628A2050B00D737C7 /* Moya in Frameworks */ = {isa = PBXBuildFile; productRef = 2BAEB1C528A2050B00D737C7 /* Moya */; };
		2BAEB1C828A2050B00D737C7 /* ReactiveMoya in Frameworks */ = {isa = PBXBuildFile; productRef = 2BAEB1C728A2050B00D737C7 /* ReactiveMoya */; };
		2BAEB1CA28A2050B00D737C7 /* RxMoya in Frameworks */ = {isa = PBXBuildFile; productRef = 2BAEB1C928A2050B00D737C7 /* RxMoya */; };
		2BAEB1CC28A2084600D737C7 /* UserAuthRepository.swift in Sources */ = {isa = PBXBuildFile; fileRef = 2BAEB1CB28A2084600D737C7 /* UserAuthRepository.swift */; };
		2BB455DA28832A89001139E5 /* EditUserInfoViewController.swift in Sources */ = {isa = PBXBuildFile; fileRef = 2BB455D928832A89001139E5 /* EditUserInfoViewController.swift */; };
		2BB455DC28832BCE001139E5 /* WebViewController.swift in Sources */ = {isa = PBXBuildFile; fileRef = 2BB455DB28832BCE001139E5 /* WebViewController.swift */; };
		2BB455DE2883EA45001139E5 /* UserInfoAPI.swift in Sources */ = {isa = PBXBuildFile; fileRef = 2BB455DD2883EA45001139E5 /* UserInfoAPI.swift */; };
		2BB455E02883EEB6001139E5 /* Logout.swift in Sources */ = {isa = PBXBuildFile; fileRef = 2BB455DF2883EEB6001139E5 /* Logout.swift */; };
		2BB455E32883F170001139E5 /* UserInfo.swift in Sources */ = {isa = PBXBuildFile; fileRef = 2BB455E22883F170001139E5 /* UserInfo.swift */; };
		2BB455E52883F7EA001139E5 /* DebateAPI.swift in Sources */ = {isa = PBXBuildFile; fileRef = 2BB455E42883F7EA001139E5 /* DebateAPI.swift */; };
		2BB455E82883F855001139E5 /* HotDebate.swift in Sources */ = {isa = PBXBuildFile; fileRef = 2BB455E72883F855001139E5 /* HotDebate.swift */; };
		2BB455EA2883FCBD001139E5 /* CommunityAPI.swift in Sources */ = {isa = PBXBuildFile; fileRef = 2BB455E92883FCBD001139E5 /* CommunityAPI.swift */; };
		2BB455ED2883FD04001139E5 /* HotCommunityResponseDTO.swift in Sources */ = {isa = PBXBuildFile; fileRef = 2BB455EC2883FD04001139E5 /* HotCommunityResponseDTO.swift */; };
		2BB455EF2884044D001139E5 /* MakeDebate.swift in Sources */ = {isa = PBXBuildFile; fileRef = 2BB455EE2884044D001139E5 /* MakeDebate.swift */; };
		2BB455F128845B70001139E5 /* EveryCommunityResponseDTO.swift in Sources */ = {isa = PBXBuildFile; fileRef = 2BB455F028845B70001139E5 /* EveryCommunityResponseDTO.swift */; };
		2BB4B8F229C08838007D7004 /* EmptyDebateListView.swift in Sources */ = {isa = PBXBuildFile; fileRef = 2BB4B8F129C08838007D7004 /* EmptyDebateListView.swift */; };
		2BB4B8F429C089D4007D7004 /* DebateTableView.swift in Sources */ = {isa = PBXBuildFile; fileRef = 2BB4B8F329C089D4007D7004 /* DebateTableView.swift */; };
		2BB4B8F629C09062007D7004 /* DebateTableModel.swift in Sources */ = {isa = PBXBuildFile; fileRef = 2BB4B8F529C09062007D7004 /* DebateTableModel.swift */; };
		2BB4B8F829C095B2007D7004 /* DebateListViewModel.swift in Sources */ = {isa = PBXBuildFile; fileRef = 2BB4B8F729C095B2007D7004 /* DebateListViewModel.swift */; };
		2BB4B8FB29C17EE8007D7004 /* MakeDebateViewModel.swift in Sources */ = {isa = PBXBuildFile; fileRef = 2BB4B8FA29C17EE8007D7004 /* MakeDebateViewModel.swift */; };
		2BB4B8FD29C181CC007D7004 /* DebateModel.swift in Sources */ = {isa = PBXBuildFile; fileRef = 2BB4B8FC29C181CC007D7004 /* DebateModel.swift */; };
		2BB4B90129C1951A007D7004 /* CommentTableView.swift in Sources */ = {isa = PBXBuildFile; fileRef = 2BB4B90029C1951A007D7004 /* CommentTableView.swift */; };
		2BB760FD28A152290011CEBC /* ReactorKit in Frameworks */ = {isa = PBXBuildFile; productRef = 2BB760FC28A152290011CEBC /* ReactorKit */; };
		2BB760FF28A152460011CEBC /* LoginViewModel.swift in Sources */ = {isa = PBXBuildFile; fileRef = 2BB760FE28A152460011CEBC /* LoginViewModel.swift */; };
		2BB7610228A157E50011CEBC /* RxCocoa in Frameworks */ = {isa = PBXBuildFile; productRef = 2BB7610128A157E50011CEBC /* RxCocoa */; };
		2BB7610428A157E50011CEBC /* RxRelay in Frameworks */ = {isa = PBXBuildFile; productRef = 2BB7610328A157E50011CEBC /* RxRelay */; };
		2BB7610628A15F3F0011CEBC /* EmailLoginViewModel.swift in Sources */ = {isa = PBXBuildFile; fileRef = 2BB7610528A15F3F0011CEBC /* EmailLoginViewModel.swift */; };
		2BBEABB72854DA93002573DE /* AppDelegate.swift in Sources */ = {isa = PBXBuildFile; fileRef = 2BBEABB62854DA93002573DE /* AppDelegate.swift */; };
		2BBEABB92854DA93002573DE /* SceneDelegate.swift in Sources */ = {isa = PBXBuildFile; fileRef = 2BBEABB82854DA93002573DE /* SceneDelegate.swift */; };
		2BBEABC02854DA94002573DE /* Assets.xcassets in Resources */ = {isa = PBXBuildFile; fileRef = 2BBEABBF2854DA94002573DE /* Assets.xcassets */; };
		2BBEABC32854DA94002573DE /* LaunchScreen.storyboard in Resources */ = {isa = PBXBuildFile; fileRef = 2BBEABC12854DA94002573DE /* LaunchScreen.storyboard */; };
		2BC3C27A2854E0430094F5EB /* Then in Frameworks */ = {isa = PBXBuildFile; productRef = 2BC3C2792854E0430094F5EB /* Then */; };
		2BC8C9A729D04E9B00DC929B /* AuthUseCase.swift in Sources */ = {isa = PBXBuildFile; fileRef = 2BC8C9A629D04E9B00DC929B /* AuthUseCase.swift */; };
		2BC8C9AA29D0503E00DC929B /* AuthRepository.swift in Sources */ = {isa = PBXBuildFile; fileRef = 2BC8C9A929D0503E00DC929B /* AuthRepository.swift */; };
		2BC8C9AC29D0507D00DC929B /* DefaultAuthRepository.swift in Sources */ = {isa = PBXBuildFile; fileRef = 2BC8C9AB29D0507D00DC929B /* DefaultAuthRepository.swift */; };
		2BE5F0CD286DCCB50016480A /* View+Extensions.swift in Sources */ = {isa = PBXBuildFile; fileRef = 2BE5F0CC286DCCB50016480A /* View+Extensions.swift */; };
		2BE5F0CF286DD3550016480A /* SendSignUp.swift in Sources */ = {isa = PBXBuildFile; fileRef = 2BE5F0CE286DD3550016480A /* SendSignUp.swift */; };
		2BE7BE4A2873169E0062EB5A /* MainTabBarController.swift in Sources */ = {isa = PBXBuildFile; fileRef = 2BE7BE492873169E0062EB5A /* MainTabBarController.swift */; };
		2BE7BE4C2873173B0062EB5A /* HomeViewController.swift in Sources */ = {isa = PBXBuildFile; fileRef = 2BE7BE4B2873173B0062EB5A /* HomeViewController.swift */; };
		2BE7BE4E2873176C0062EB5A /* DebateListViewController.swift in Sources */ = {isa = PBXBuildFile; fileRef = 2BE7BE4D2873176C0062EB5A /* DebateListViewController.swift */; };
		2BE7BE50287317A90062EB5A /* CommunityViewController.swift in Sources */ = {isa = PBXBuildFile; fileRef = 2BE7BE4F287317A90062EB5A /* CommunityViewController.swift */; };
		2BE7BE52287317C30062EB5A /* SavedViewController.swift in Sources */ = {isa = PBXBuildFile; fileRef = 2BE7BE51287317C30062EB5A /* SavedViewController.swift */; };
		2BE7BE54287317DE0062EB5A /* UserViewController.swift in Sources */ = {isa = PBXBuildFile; fileRef = 2BE7BE53287317DE0062EB5A /* UserViewController.swift */; };
		2BE8BB5A2873360D0013F75B /* CALayer+Extension.swift in Sources */ = {isa = PBXBuildFile; fileRef = 2BE8BB592873360D0013F75B /* CALayer+Extension.swift */; };
		2BE8BB5D2875D14D0013F75B /* AlertViewController.swift in Sources */ = {isa = PBXBuildFile; fileRef = 2BE8BB5C2875D14D0013F75B /* AlertViewController.swift */; };
		2BE8BB5F2875D8250013F75B /* AlertTableViewCell.swift in Sources */ = {isa = PBXBuildFile; fileRef = 2BE8BB5E2875D8250013F75B /* AlertTableViewCell.swift */; };
		2BE8BB612875D9BF0013F75B /* AlertTableViewModel.swift in Sources */ = {isa = PBXBuildFile; fileRef = 2BE8BB602875D9BF0013F75B /* AlertTableViewModel.swift */; };
/* End PBXBuildFile section */

/* Begin PBXFileReference section */
		2B00E5C629CAFBB300F7A829 /* ImageCollectionView.swift */ = {isa = PBXFileReference; lastKnownFileType = sourcecode.swift; path = ImageCollectionView.swift; sourceTree = "<group>"; };
		2B00E5C829CAFBBD00F7A829 /* ImageCollectionViewCell.swift */ = {isa = PBXFileReference; lastKnownFileType = sourcecode.swift; path = ImageCollectionViewCell.swift; sourceTree = "<group>"; };
		2B00E5CA29CAFBD300F7A829 /* ImageCollectionViewFlowLayout.swift */ = {isa = PBXFileReference; lastKnownFileType = sourcecode.swift; path = ImageCollectionViewFlowLayout.swift; sourceTree = "<group>"; };
		2B00E5CC29CAFDD600F7A829 /* WriteCommunityViewModel.swift */ = {isa = PBXFileReference; lastKnownFileType = sourcecode.swift; path = WriteCommunityViewModel.swift; sourceTree = "<group>"; };
		2B0252BC288D89F30078D7F2 /* ChangeUserInfo.swift */ = {isa = PBXFileReference; lastKnownFileType = sourcecode.swift; path = ChangeUserInfo.swift; sourceTree = "<group>"; };
		2B0252BE288EE4B10078D7F2 /* BottomSheetViewController.swift */ = {isa = PBXFileReference; lastKnownFileType = sourcecode.swift; path = BottomSheetViewController.swift; sourceTree = "<group>"; };
		2B09DF01285B56F200FE19DC /* Storage.swift */ = {isa = PBXFileReference; lastKnownFileType = sourcecode.swift; path = Storage.swift; sourceTree = "<group>"; };
		2B09DF07285B58BF00FE19DC /* LoginViewController.swift */ = {isa = PBXFileReference; lastKnownFileType = sourcecode.swift; path = LoginViewController.swift; sourceTree = "<group>"; };
		2B09DF0A285B649D00FE19DC /* Button+Extensions.swift */ = {isa = PBXFileReference; lastKnownFileType = sourcecode.swift; path = "Button+Extensions.swift"; sourceTree = "<group>"; };
		2B09DF202861E05C00FE19DC /* Colors.swift */ = {isa = PBXFileReference; lastKnownFileType = sourcecode.swift; path = Colors.swift; sourceTree = "<group>"; };
		2B09DF232861E61200FE19DC /* EmailLoginViewController.swift */ = {isa = PBXFileReference; lastKnownFileType = sourcecode.swift; path = EmailLoginViewController.swift; sourceTree = "<group>"; };
		2B0BA44629D57CAC00F0E5D0 /* CommunityDetailViewModel.swift */ = {isa = PBXFileReference; lastKnownFileType = sourcecode.swift; path = CommunityDetailViewModel.swift; sourceTree = "<group>"; };
		2B20B55529C6EF8E008AA709 /* Reply.swift */ = {isa = PBXFileReference; lastKnownFileType = sourcecode.swift; path = Reply.swift; sourceTree = "<group>"; };
		2B20B55729C6F1BC008AA709 /* Answer.swift */ = {isa = PBXFileReference; lastKnownFileType = sourcecode.swift; path = Answer.swift; sourceTree = "<group>"; };
		2B20B55A29C6F651008AA709 /* ErrorReponseDTO.swift */ = {isa = PBXFileReference; lastKnownFileType = sourcecode.swift; path = ErrorReponseDTO.swift; sourceTree = "<group>"; };
		2B20B55C29C6F7D8008AA709 /* AnswerDTO.swift */ = {isa = PBXFileReference; lastKnownFileType = sourcecode.swift; path = AnswerDTO.swift; sourceTree = "<group>"; };
		2B20B55E29C6F7F8008AA709 /* ReplyDTO.swift */ = {isa = PBXFileReference; lastKnownFileType = sourcecode.swift; path = ReplyDTO.swift; sourceTree = "<group>"; };
		2B20B56029C6F896008AA709 /* DetailDebate.swift */ = {isa = PBXFileReference; lastKnownFileType = sourcecode.swift; path = DetailDebate.swift; sourceTree = "<group>"; };
		2B27643B28732BB800C37C9A /* SearchViewController.swift */ = {isa = PBXFileReference; lastKnownFileType = sourcecode.swift; path = SearchViewController.swift; sourceTree = "<group>"; };
		2B27643D28732DAD00C37C9A /* Label+Extensions.swift */ = {isa = PBXFileReference; lastKnownFileType = sourcecode.swift; path = "Label+Extensions.swift"; sourceTree = "<group>"; };
		2B2775FB29BACFE30046B9D6 /* MBTI.swift */ = {isa = PBXFileReference; lastKnownFileType = sourcecode.swift; path = MBTI.swift; sourceTree = "<group>"; };
		2B2775FF29BAD7140046B9D6 /* UserDefaultsWrapper.swift */ = {isa = PBXFileReference; lastKnownFileType = sourcecode.swift; path = UserDefaultsWrapper.swift; sourceTree = "<group>"; };
		2B27760129BAD76B0046B9D6 /* UserDefaultsData.swift */ = {isa = PBXFileReference; lastKnownFileType = sourcecode.swift; path = UserDefaultsData.swift; sourceTree = "<group>"; };
		2B27760C29BADC5E0046B9D6 /* DebateVoteView.swift */ = {isa = PBXFileReference; lastKnownFileType = sourcecode.swift; path = DebateVoteView.swift; sourceTree = "<group>"; };
		2B27760F29BAEE0B0046B9D6 /* FinderLabel.swift */ = {isa = PBXFileReference; lastKnownFileType = sourcecode.swift; path = FinderLabel.swift; sourceTree = "<group>"; };
		2B27761129BB09B50046B9D6 /* UserMBTIView.swift */ = {isa = PBXFileReference; lastKnownFileType = sourcecode.swift; path = UserMBTIView.swift; sourceTree = "<group>"; };
		2B27761329BB196C0046B9D6 /* HomeHeaderView.swift */ = {isa = PBXFileReference; lastKnownFileType = sourcecode.swift; path = HomeHeaderView.swift; sourceTree = "<group>"; };
		2B27761529BB1CFE0046B9D6 /* SearchBarView.swift */ = {isa = PBXFileReference; lastKnownFileType = sourcecode.swift; path = SearchBarView.swift; sourceTree = "<group>"; };
		2B27761729BB20010046B9D6 /* ViewController+Ex.swift */ = {isa = PBXFileReference; lastKnownFileType = sourcecode.swift; path = "ViewController+Ex.swift"; sourceTree = "<group>"; };
		2B27761929BB21CA0046B9D6 /* Popup1ViewController.swift */ = {isa = PBXFileReference; lastKnownFileType = sourcecode.swift; path = Popup1ViewController.swift; sourceTree = "<group>"; };
		2B27761B29BB29940046B9D6 /* Control+Ex.swift */ = {isa = PBXFileReference; lastKnownFileType = sourcecode.swift; path = "Control+Ex.swift"; sourceTree = "<group>"; };
		2B27761D29BC4A690046B9D6 /* EmptyDebateView.swift */ = {isa = PBXFileReference; lastKnownFileType = sourcecode.swift; path = EmptyDebateView.swift; sourceTree = "<group>"; };
		2B27761F29BC4DB70046B9D6 /* BarView.swift */ = {isa = PBXFileReference; lastKnownFileType = sourcecode.swift; path = BarView.swift; sourceTree = "<group>"; };
		2B27762129BC4FEE0046B9D6 /* HomeViewModel.swift */ = {isa = PBXFileReference; lastKnownFileType = sourcecode.swift; path = HomeViewModel.swift; sourceTree = "<group>"; };
		2B27762329BC61EE0046B9D6 /* OnBoardingViewController.swift */ = {isa = PBXFileReference; lastKnownFileType = sourcecode.swift; path = OnBoardingViewController.swift; sourceTree = "<group>"; };
		2B27762529BC6ABA0046B9D6 /* OnBoarding.swift */ = {isa = PBXFileReference; lastKnownFileType = sourcecode.swift; path = OnBoarding.swift; sourceTree = "<group>"; };
		2B27762729BC709A0046B9D6 /* FinderButton.swift */ = {isa = PBXFileReference; lastKnownFileType = sourcecode.swift; path = FinderButton.swift; sourceTree = "<group>"; };
		2B27762A29BCBF530046B9D6 /* SignUpProcessView.swift */ = {isa = PBXFileReference; lastKnownFileType = sourcecode.swift; path = SignUpProcessView.swift; sourceTree = "<group>"; };
		2B27762D29BCC9CC0046B9D6 /* BaseViewController.swift */ = {isa = PBXFileReference; lastKnownFileType = sourcecode.swift; path = BaseViewController.swift; sourceTree = "<group>"; };
		2B27762F29BCD0240046B9D6 /* InsertDataView.swift */ = {isa = PBXFileReference; lastKnownFileType = sourcecode.swift; path = InsertDataView.swift; sourceTree = "<group>"; };
		2B27763129BCD0F00046B9D6 /* FinderTextField.swift */ = {isa = PBXFileReference; lastKnownFileType = sourcecode.swift; path = FinderTextField.swift; sourceTree = "<group>"; };
		2B27763329BCD1B10046B9D6 /* SignupInsertDataType.swift */ = {isa = PBXFileReference; lastKnownFileType = sourcecode.swift; path = SignupInsertDataType.swift; sourceTree = "<group>"; };
		2B27763529BDBE270046B9D6 /* SignUpViewModel.swift */ = {isa = PBXFileReference; lastKnownFileType = sourcecode.swift; path = SignUpViewModel.swift; sourceTree = "<group>"; };
		2B27763929BE181E0046B9D6 /* MBTIElementView.swift */ = {isa = PBXFileReference; lastKnownFileType = sourcecode.swift; path = MBTIElementView.swift; sourceTree = "<group>"; };
		2B3E25962861FC6A00C85193 /* SetUpProfileViewController.swift */ = {isa = PBXFileReference; lastKnownFileType = sourcecode.swift; path = SetUpProfileViewController.swift; sourceTree = "<group>"; };
		2B3E2598286358BF00C85193 /* InsertUserInfoViewController.swift */ = {isa = PBXFileReference; lastKnownFileType = sourcecode.swift; path = InsertUserInfoViewController.swift; sourceTree = "<group>"; };
		2B3E259A2863597E00C85193 /* CompleteSignUpViewController.swift */ = {isa = PBXFileReference; lastKnownFileType = sourcecode.swift; path = CompleteSignUpViewController.swift; sourceTree = "<group>"; };
		2B3E259C286362B300C85193 /* SignUpAPI.swift */ = {isa = PBXFileReference; lastKnownFileType = sourcecode.swift; path = SignUpAPI.swift; sourceTree = "<group>"; };
		2B55094A29C2F84900C52D45 /* Popup2ViewController.swift */ = {isa = PBXFileReference; lastKnownFileType = sourcecode.swift; path = Popup2ViewController.swift; sourceTree = "<group>"; };
		2B557B002886E97D0057CC9D /* CommunityDetailViewController.swift */ = {isa = PBXFileReference; lastKnownFileType = sourcecode.swift; path = CommunityDetailViewController.swift; sourceTree = "<group>"; };
		2B557B022886F49D0057CC9D /* DetailCommunityResponseDTO.swift */ = {isa = PBXFileReference; lastKnownFileType = sourcecode.swift; path = DetailCommunityResponseDTO.swift; sourceTree = "<group>"; };
		2B557B042886F8B20057CC9D /* EveryDebate.swift */ = {isa = PBXFileReference; lastKnownFileType = sourcecode.swift; path = EveryDebate.swift; sourceTree = "<group>"; };
		2B557B06288712AD0057CC9D /* SaveCommunityResponseDTO.swift */ = {isa = PBXFileReference; lastKnownFileType = sourcecode.swift; path = SaveCommunityResponseDTO.swift; sourceTree = "<group>"; };
		2B557B082888403F0057CC9D /* DebateComment.swift */ = {isa = PBXFileReference; lastKnownFileType = sourcecode.swift; path = DebateComment.swift; sourceTree = "<group>"; };
		2B557B0A288843AB0057CC9D /* CommentTableViewCell.swift */ = {isa = PBXFileReference; lastKnownFileType = sourcecode.swift; path = CommentTableViewCell.swift; sourceTree = "<group>"; };
		2B557B0C2888525F0057CC9D /* CommunityCommentResponseDTO.swift */ = {isa = PBXFileReference; lastKnownFileType = sourcecode.swift; path = CommunityCommentResponseDTO.swift; sourceTree = "<group>"; };
		2B557B0E288855DF0057CC9D /* NewCommunityResponseDTO.swift */ = {isa = PBXFileReference; lastKnownFileType = sourcecode.swift; path = NewCommunityResponseDTO.swift; sourceTree = "<group>"; };
		2B557B1028885C1C0057CC9D /* AlertMessage2ViewController.swift */ = {isa = PBXFileReference; lastKnownFileType = sourcecode.swift; path = AlertMessage2ViewController.swift; sourceTree = "<group>"; };
		2B881DEA28A3F7D500ECD31A /* Extensions.swift */ = {isa = PBXFileReference; lastKnownFileType = sourcecode.swift; path = Extensions.swift; sourceTree = "<group>"; };
		2B9C521B29C990EE00567B36 /* CommentView.swift */ = {isa = PBXFileReference; lastKnownFileType = sourcecode.swift; path = CommentView.swift; sourceTree = "<group>"; };
		2B9C522129C9A8DB00567B36 /* CommunitySortView.swift */ = {isa = PBXFileReference; lastKnownFileType = sourcecode.swift; path = CommunitySortView.swift; sourceTree = "<group>"; };
		2B9C522329C9B2BA00567B36 /* CommunityTableView.swift */ = {isa = PBXFileReference; lastKnownFileType = sourcecode.swift; path = CommunityTableView.swift; sourceTree = "<group>"; };
		2B9C522529C9B67900567B36 /* CommunityViewModel.swift */ = {isa = PBXFileReference; lastKnownFileType = sourcecode.swift; path = CommunityViewModel.swift; sourceTree = "<group>"; };
		2B9C522929CAD1E300567B36 /* CommunityTable.swift */ = {isa = PBXFileReference; lastKnownFileType = sourcecode.swift; path = CommunityTable.swift; sourceTree = "<group>"; };
		2B9C522B29CAD63700567B36 /* DataStatus.swift */ = {isa = PBXFileReference; lastKnownFileType = sourcecode.swift; path = DataStatus.swift; sourceTree = "<group>"; };
		2B9C522F29CADAF300567B36 /* MBTICollectionViewCell.swift */ = {isa = PBXFileReference; lastKnownFileType = sourcecode.swift; path = MBTICollectionViewCell.swift; sourceTree = "<group>"; };
		2B9C523129CADC1E00567B36 /* MBTICollectionView.swift */ = {isa = PBXFileReference; lastKnownFileType = sourcecode.swift; path = MBTICollectionView.swift; sourceTree = "<group>"; };
		2B9C523329CADCDF00567B36 /* MBTICollectionViewFlowLayout.swift */ = {isa = PBXFileReference; lastKnownFileType = sourcecode.swift; path = MBTICollectionViewFlowLayout.swift; sourceTree = "<group>"; };
		2BA0184B29D46355008F62F7 /* CommentTextFieldView.swift */ = {isa = PBXFileReference; lastKnownFileType = sourcecode.swift; path = CommentTextFieldView.swift; sourceTree = "<group>"; };
		2BA0184F29D46D77008F62F7 /* CommunityDetailView.swift */ = {isa = PBXFileReference; lastKnownFileType = sourcecode.swift; path = CommunityDetailView.swift; sourceTree = "<group>"; };
		2BA10F872882CC2400614C2E /* SettingViewController.swift */ = {isa = PBXFileReference; lastKnownFileType = sourcecode.swift; path = SettingViewController.swift; sourceTree = "<group>"; };
		2BA2C37C29D6D17E00822D0B /* BaseTabBarController.swift */ = {isa = PBXFileReference; lastKnownFileType = sourcecode.swift; path = BaseTabBarController.swift; sourceTree = "<group>"; };
		2BA2E9AC287C6A29005DFE96 /* CommunityTableViewCell.swift */ = {isa = PBXFileReference; lastKnownFileType = sourcecode.swift; path = CommunityTableViewCell.swift; sourceTree = "<group>"; };
		2BA2E9AE287F10FB005DFE96 /* DebateTableViewCell.swift */ = {isa = PBXFileReference; lastKnownFileType = sourcecode.swift; path = DebateTableViewCell.swift; sourceTree = "<group>"; };
		2BA2E9B0287F17CE005DFE96 /* DebateDetailViewController.swift */ = {isa = PBXFileReference; lastKnownFileType = sourcecode.swift; path = DebateDetailViewController.swift; sourceTree = "<group>"; };
		2BA2E9B22880424B005DFE96 /* MakeDebateViewController.swift */ = {isa = PBXFileReference; lastKnownFileType = sourcecode.swift; path = MakeDebateViewController.swift; sourceTree = "<group>"; };
		2BA51BC028771E7400D87533 /* HomeCommunityTableViewCell.swift */ = {isa = PBXFileReference; lastKnownFileType = sourcecode.swift; path = HomeCommunityTableViewCell.swift; sourceTree = "<group>"; };
		2BA51BC82879390B00D87533 /* WriteCommunityViewController.swift */ = {isa = PBXFileReference; lastKnownFileType = sourcecode.swift; path = WriteCommunityViewController.swift; sourceTree = "<group>"; };
		2BA51BCA287957A800D87533 /* SelectMBTIViewController.swift */ = {isa = PBXFileReference; lastKnownFileType = sourcecode.swift; path = SelectMBTIViewController.swift; sourceTree = "<group>"; };
		2BA51BCF2879784D00D87533 /* AlertMessageViewController.swift */ = {isa = PBXFileReference; lastKnownFileType = sourcecode.swift; path = AlertMessageViewController.swift; sourceTree = "<group>"; };
		2BA8F24C2866F87E00D64F0E /* TextField+Extensions.swift */ = {isa = PBXFileReference; lastKnownFileType = sourcecode.swift; path = "TextField+Extensions.swift"; sourceTree = "<group>"; };
		2BA8F24E2866FBCE00D64F0E /* SignUpViewController.swift */ = {isa = PBXFileReference; lastKnownFileType = sourcecode.swift; path = SignUpViewController.swift; sourceTree = "<group>"; };
		2BA8F25228671DB200D64F0E /* SelectMBTIElementViewController.swift */ = {isa = PBXFileReference; lastKnownFileType = sourcecode.swift; path = SelectMBTIElementViewController.swift; sourceTree = "<group>"; };
		2BA8F2542867270400D64F0E /* Storyboard.storyboard */ = {isa = PBXFileReference; lastKnownFileType = file.storyboard; path = Storyboard.storyboard; sourceTree = "<group>"; };
		2BA8F2572868906200D64F0E /* SendEmailResponse.swift */ = {isa = PBXFileReference; lastKnownFileType = sourcecode.swift; path = SendEmailResponse.swift; sourceTree = "<group>"; };
		2BA8F25928689AB100D64F0E /* F!nder.entitlements */ = {isa = PBXFileReference; lastKnownFileType = text.plist.entitlements; path = "F!nder.entitlements"; sourceTree = "<group>"; };
		2BA8F25A2868A98000D64F0E /* SendCode.swift */ = {isa = PBXFileReference; lastKnownFileType = sourcecode.swift; path = SendCode.swift; sourceTree = "<group>"; };
		2BA8F25E286C8E0100D64F0E /* SendSocialLogin.swift */ = {isa = PBXFileReference; lastKnownFileType = sourcecode.swift; path = SendSocialLogin.swift; sourceTree = "<group>"; };
		2BAB6DAC2885B46E001DEE35 /* VoteDebate.swift */ = {isa = PBXFileReference; lastKnownFileType = sourcecode.swift; path = VoteDebate.swift; sourceTree = "<group>"; };
		2BAB6DAE2885B98A001DEE35 /* DetailDebateResponseDTO.swift */ = {isa = PBXFileReference; lastKnownFileType = sourcecode.swift; path = DetailDebateResponseDTO.swift; sourceTree = "<group>"; };
		2BAB811829C0798200002987 /* BaseNavigationController.swift */ = {isa = PBXFileReference; lastKnownFileType = sourcecode.swift; path = BaseNavigationController.swift; sourceTree = "<group>"; };
		2BAB811B29C0813D00002987 /* DebateListHeaderView.swift */ = {isa = PBXFileReference; lastKnownFileType = sourcecode.swift; path = DebateListHeaderView.swift; sourceTree = "<group>"; };
		2BAC3F3A29C2F1E8001D575C /* DebateDetailViewModel.swift */ = {isa = PBXFileReference; lastKnownFileType = sourcecode.swift; path = DebateDetailViewModel.swift; sourceTree = "<group>"; };
		2BAEB1BF28A2039B00D737C7 /* Login.swift */ = {isa = PBXFileReference; lastKnownFileType = sourcecode.swift; path = Login.swift; sourceTree = "<group>"; };
		2BAEB1C128A2041000D737C7 /* UserAuthAPIService.swift */ = {isa = PBXFileReference; lastKnownFileType = sourcecode.swift; path = UserAuthAPIService.swift; sourceTree = "<group>"; };
		2BAEB1CB28A2084600D737C7 /* UserAuthRepository.swift */ = {isa = PBXFileReference; lastKnownFileType = sourcecode.swift; path = UserAuthRepository.swift; sourceTree = "<group>"; };
		2BB455D928832A89001139E5 /* EditUserInfoViewController.swift */ = {isa = PBXFileReference; lastKnownFileType = sourcecode.swift; path = EditUserInfoViewController.swift; sourceTree = "<group>"; };
		2BB455DB28832BCE001139E5 /* WebViewController.swift */ = {isa = PBXFileReference; lastKnownFileType = sourcecode.swift; path = WebViewController.swift; sourceTree = "<group>"; };
		2BB455DD2883EA45001139E5 /* UserInfoAPI.swift */ = {isa = PBXFileReference; lastKnownFileType = sourcecode.swift; path = UserInfoAPI.swift; sourceTree = "<group>"; };
		2BB455DF2883EEB6001139E5 /* Logout.swift */ = {isa = PBXFileReference; lastKnownFileType = sourcecode.swift; path = Logout.swift; sourceTree = "<group>"; };
		2BB455E22883F170001139E5 /* UserInfo.swift */ = {isa = PBXFileReference; lastKnownFileType = sourcecode.swift; path = UserInfo.swift; sourceTree = "<group>"; };
		2BB455E42883F7EA001139E5 /* DebateAPI.swift */ = {isa = PBXFileReference; lastKnownFileType = sourcecode.swift; path = DebateAPI.swift; sourceTree = "<group>"; };
		2BB455E72883F855001139E5 /* HotDebate.swift */ = {isa = PBXFileReference; lastKnownFileType = sourcecode.swift; path = HotDebate.swift; sourceTree = "<group>"; };
		2BB455E92883FCBD001139E5 /* CommunityAPI.swift */ = {isa = PBXFileReference; lastKnownFileType = sourcecode.swift; path = CommunityAPI.swift; sourceTree = "<group>"; };
		2BB455EC2883FD04001139E5 /* HotCommunityResponseDTO.swift */ = {isa = PBXFileReference; lastKnownFileType = sourcecode.swift; path = HotCommunityResponseDTO.swift; sourceTree = "<group>"; };
		2BB455EE2884044D001139E5 /* MakeDebate.swift */ = {isa = PBXFileReference; lastKnownFileType = sourcecode.swift; path = MakeDebate.swift; sourceTree = "<group>"; };
		2BB455F028845B70001139E5 /* EveryCommunityResponseDTO.swift */ = {isa = PBXFileReference; lastKnownFileType = sourcecode.swift; path = EveryCommunityResponseDTO.swift; sourceTree = "<group>"; };
		2BB4B8F129C08838007D7004 /* EmptyDebateListView.swift */ = {isa = PBXFileReference; lastKnownFileType = sourcecode.swift; path = EmptyDebateListView.swift; sourceTree = "<group>"; };
		2BB4B8F329C089D4007D7004 /* DebateTableView.swift */ = {isa = PBXFileReference; lastKnownFileType = sourcecode.swift; path = DebateTableView.swift; sourceTree = "<group>"; };
		2BB4B8F529C09062007D7004 /* DebateTableModel.swift */ = {isa = PBXFileReference; lastKnownFileType = sourcecode.swift; path = DebateTableModel.swift; sourceTree = "<group>"; };
		2BB4B8F729C095B2007D7004 /* DebateListViewModel.swift */ = {isa = PBXFileReference; lastKnownFileType = sourcecode.swift; path = DebateListViewModel.swift; sourceTree = "<group>"; };
		2BB4B8FA29C17EE8007D7004 /* MakeDebateViewModel.swift */ = {isa = PBXFileReference; lastKnownFileType = sourcecode.swift; path = MakeDebateViewModel.swift; sourceTree = "<group>"; };
		2BB4B8FC29C181CC007D7004 /* DebateModel.swift */ = {isa = PBXFileReference; lastKnownFileType = sourcecode.swift; path = DebateModel.swift; sourceTree = "<group>"; };
		2BB4B90029C1951A007D7004 /* CommentTableView.swift */ = {isa = PBXFileReference; lastKnownFileType = sourcecode.swift; path = CommentTableView.swift; sourceTree = "<group>"; };
		2BB760FE28A152460011CEBC /* LoginViewModel.swift */ = {isa = PBXFileReference; lastKnownFileType = sourcecode.swift; path = LoginViewModel.swift; sourceTree = "<group>"; };
		2BB7610528A15F3F0011CEBC /* EmailLoginViewModel.swift */ = {isa = PBXFileReference; lastKnownFileType = sourcecode.swift; path = EmailLoginViewModel.swift; sourceTree = "<group>"; };
		2BBEABB32854DA93002573DE /* F!nder.app */ = {isa = PBXFileReference; explicitFileType = wrapper.application; includeInIndex = 0; path = "F!nder.app"; sourceTree = BUILT_PRODUCTS_DIR; };
		2BBEABB62854DA93002573DE /* AppDelegate.swift */ = {isa = PBXFileReference; lastKnownFileType = sourcecode.swift; path = AppDelegate.swift; sourceTree = "<group>"; };
		2BBEABB82854DA93002573DE /* SceneDelegate.swift */ = {isa = PBXFileReference; lastKnownFileType = sourcecode.swift; path = SceneDelegate.swift; sourceTree = "<group>"; };
		2BBEABBF2854DA94002573DE /* Assets.xcassets */ = {isa = PBXFileReference; lastKnownFileType = folder.assetcatalog; path = Assets.xcassets; sourceTree = "<group>"; };
		2BBEABC22854DA94002573DE /* Base */ = {isa = PBXFileReference; lastKnownFileType = file.storyboard; name = Base; path = Base.lproj/LaunchScreen.storyboard; sourceTree = "<group>"; };
		2BBEABC42854DA94002573DE /* Info.plist */ = {isa = PBXFileReference; lastKnownFileType = text.plist.xml; name = Info.plist; path = "F!nder/Info.plist"; sourceTree = SOURCE_ROOT; };
		2BC8C9A629D04E9B00DC929B /* AuthUseCase.swift */ = {isa = PBXFileReference; lastKnownFileType = sourcecode.swift; path = AuthUseCase.swift; sourceTree = "<group>"; };
		2BC8C9A929D0503E00DC929B /* AuthRepository.swift */ = {isa = PBXFileReference; lastKnownFileType = sourcecode.swift; path = AuthRepository.swift; sourceTree = "<group>"; };
		2BC8C9AB29D0507D00DC929B /* DefaultAuthRepository.swift */ = {isa = PBXFileReference; lastKnownFileType = sourcecode.swift; path = DefaultAuthRepository.swift; sourceTree = "<group>"; };
		2BE5F0CC286DCCB50016480A /* View+Extensions.swift */ = {isa = PBXFileReference; lastKnownFileType = sourcecode.swift; path = "View+Extensions.swift"; sourceTree = "<group>"; };
		2BE5F0CE286DD3550016480A /* SendSignUp.swift */ = {isa = PBXFileReference; lastKnownFileType = sourcecode.swift; path = SendSignUp.swift; sourceTree = "<group>"; };
		2BE7BE492873169E0062EB5A /* MainTabBarController.swift */ = {isa = PBXFileReference; lastKnownFileType = sourcecode.swift; path = MainTabBarController.swift; sourceTree = "<group>"; };
		2BE7BE4B2873173B0062EB5A /* HomeViewController.swift */ = {isa = PBXFileReference; lastKnownFileType = sourcecode.swift; path = HomeViewController.swift; sourceTree = "<group>"; };
		2BE7BE4D2873176C0062EB5A /* DebateListViewController.swift */ = {isa = PBXFileReference; lastKnownFileType = sourcecode.swift; path = DebateListViewController.swift; sourceTree = "<group>"; };
		2BE7BE4F287317A90062EB5A /* CommunityViewController.swift */ = {isa = PBXFileReference; lastKnownFileType = sourcecode.swift; path = CommunityViewController.swift; sourceTree = "<group>"; };
		2BE7BE51287317C30062EB5A /* SavedViewController.swift */ = {isa = PBXFileReference; lastKnownFileType = sourcecode.swift; path = SavedViewController.swift; sourceTree = "<group>"; };
		2BE7BE53287317DE0062EB5A /* UserViewController.swift */ = {isa = PBXFileReference; lastKnownFileType = sourcecode.swift; path = UserViewController.swift; sourceTree = "<group>"; };
		2BE8BB592873360D0013F75B /* CALayer+Extension.swift */ = {isa = PBXFileReference; lastKnownFileType = sourcecode.swift; path = "CALayer+Extension.swift"; sourceTree = "<group>"; };
		2BE8BB5C2875D14D0013F75B /* AlertViewController.swift */ = {isa = PBXFileReference; lastKnownFileType = sourcecode.swift; path = AlertViewController.swift; sourceTree = "<group>"; };
		2BE8BB5E2875D8250013F75B /* AlertTableViewCell.swift */ = {isa = PBXFileReference; lastKnownFileType = sourcecode.swift; path = AlertTableViewCell.swift; sourceTree = "<group>"; };
		2BE8BB602875D9BF0013F75B /* AlertTableViewModel.swift */ = {isa = PBXFileReference; lastKnownFileType = sourcecode.swift; path = AlertTableViewModel.swift; sourceTree = "<group>"; };
/* End PBXFileReference section */

/* Begin PBXFrameworksBuildPhase section */
		2BBEABB02854DA93002573DE /* Frameworks */ = {
			isa = PBXFrameworksBuildPhase;
			buildActionMask = 2147483647;
			files = (
				2B09DF06285B585900FE19DC /* SnapKit in Frameworks */,
				2B0252C2288EE5B50078D7F2 /* KakaoSDK in Frameworks */,
				2BAEB1C628A2050B00D737C7 /* Moya in Frameworks */,
				2BAEB1CA28A2050B00D737C7 /* RxMoya in Frameworks */,
				2BAEB1C828A2050B00D737C7 /* ReactiveMoya in Frameworks */,
				2BC3C27A2854E0430094F5EB /* Then in Frameworks */,
				2BB7610228A157E50011CEBC /* RxCocoa in Frameworks */,
				2BB760FD28A152290011CEBC /* ReactorKit in Frameworks */,
				2B2775F529BA1B2F0046B9D6 /* PanModal in Frameworks */,
				2BB7610428A157E50011CEBC /* RxRelay in Frameworks */,
				2B881DE928A3EFFC00ECD31A /* RxGesture in Frameworks */,
				2B0252C4288EE5B50078D7F2 /* KakaoSDKAuth in Frameworks */,
			);
			runOnlyForDeploymentPostprocessing = 0;
		};
/* End PBXFrameworksBuildPhase section */

/* Begin PBXGroup section */
		2B00E5C429CAEEBB00F7A829 /* WriteCommunity */ = {
			isa = PBXGroup;
			children = (
				2BA51BC82879390B00D87533 /* WriteCommunityViewController.swift */,
				2B00E5CC29CAFDD600F7A829 /* WriteCommunityViewModel.swift */,
				2B00E5C529CAFB9D00F7A829 /* SubViews */,
			);
			path = WriteCommunity;
			sourceTree = "<group>";
		};
		2B00E5C529CAFB9D00F7A829 /* SubViews */ = {
			isa = PBXGroup;
			children = (
				2B00E5C629CAFBB300F7A829 /* ImageCollectionView.swift */,
				2B00E5C829CAFBBD00F7A829 /* ImageCollectionViewCell.swift */,
				2B00E5CA29CAFBD300F7A829 /* ImageCollectionViewFlowLayout.swift */,
			);
			path = SubViews;
			sourceTree = "<group>";
		};
		2B09DEFD285B512100FE19DC /* Presentation */ = {
			isa = PBXGroup;
			children = (
				2B27762C29BCC9B90046B9D6 /* Base */,
				2BA51BCC287977D100D87533 /* Common */,
				2B2775F929BAC98D0046B9D6 /* Utils */,
				2B6826B5286DF95C006AF742 /* MainScene */,
				2B09DF182861DED500FE19DC /* OnBoardingScene */,
				2B3E25952861FC5600C85193 /* SignUpScene */,
				2B09DF222861E5E000FE19DC /* LoginScene */,
			);
			path = Presentation;
			sourceTree = "<group>";
		};
		2B09DF182861DED500FE19DC /* OnBoardingScene */ = {
			isa = PBXGroup;
			children = (
				2B27762329BC61EE0046B9D6 /* OnBoardingViewController.swift */,
			);
			path = OnBoardingScene;
			sourceTree = "<group>";
		};
		2B09DF222861E5E000FE19DC /* LoginScene */ = {
			isa = PBXGroup;
			children = (
				2B09DF07285B58BF00FE19DC /* LoginViewController.swift */,
				2BB760FE28A152460011CEBC /* LoginViewModel.swift */,
				2B09DF232861E61200FE19DC /* EmailLoginViewController.swift */,
				2BB7610528A15F3F0011CEBC /* EmailLoginViewModel.swift */,
			);
			path = LoginScene;
			sourceTree = "<group>";
		};
		2B20B55929C6F636008AA709 /* Common */ = {
			isa = PBXGroup;
			children = (
				2B20B55A29C6F651008AA709 /* ErrorReponseDTO.swift */,
				2B20B55C29C6F7D8008AA709 /* AnswerDTO.swift */,
				2B20B55E29C6F7F8008AA709 /* ReplyDTO.swift */,
			);
			path = Common;
			sourceTree = "<group>";
		};
		2B27643A287325FB00C37C9A /* Resources */ = {
			isa = PBXGroup;
			children = (
				2BBEABC12854DA94002573DE /* LaunchScreen.storyboard */,
				2B09DF202861E05C00FE19DC /* Colors.swift */,
				2BBEABBF2854DA94002573DE /* Assets.xcassets */,
			);
			path = Resources;
			sourceTree = "<group>";
		};
		2B2775F629BAC8750046B9D6 /* Application */ = {
			isa = PBXGroup;
			children = (
				2BBEABB62854DA93002573DE /* AppDelegate.swift */,
				2BBEABB82854DA93002573DE /* SceneDelegate.swift */,
			);
			path = Application;
			sourceTree = "<group>";
		};
		2B2775F829BAC8B60046B9D6 /* Entities */ = {
			isa = PBXGroup;
			children = (
				2BB4B8F529C09062007D7004 /* DebateTableModel.swift */,
				2BB4B8FC29C181CC007D7004 /* DebateModel.swift */,
				2B20B55529C6EF8E008AA709 /* Reply.swift */,
				2B20B55729C6F1BC008AA709 /* Answer.swift */,
				2B20B56029C6F896008AA709 /* DetailDebate.swift */,
				2B9C522929CAD1E300567B36 /* CommunityTable.swift */,
			);
			path = Entities;
			sourceTree = "<group>";
		};
		2B2775F929BAC98D0046B9D6 /* Utils */ = {
			isa = PBXGroup;
			children = (
				2B2775FA29BAC9970046B9D6 /* Extensions */,
			);
			path = Utils;
			sourceTree = "<group>";
		};
		2B2775FA29BAC9970046B9D6 /* Extensions */ = {
			isa = PBXGroup;
			children = (
				2BE8BB592873360D0013F75B /* CALayer+Extension.swift */,
				2B27643D28732DAD00C37C9A /* Label+Extensions.swift */,
				2BE5F0CC286DCCB50016480A /* View+Extensions.swift */,
				2BA8F24C2866F87E00D64F0E /* TextField+Extensions.swift */,
				2B09DF0A285B649D00FE19DC /* Button+Extensions.swift */,
				2B881DEA28A3F7D500ECD31A /* Extensions.swift */,
				2B27761729BB20010046B9D6 /* ViewController+Ex.swift */,
				2B27761B29BB29940046B9D6 /* Control+Ex.swift */,
			);
			path = Extensions;
			sourceTree = "<group>";
		};
		2B2775FD29BAD3A40046B9D6 /* Enums */ = {
			isa = PBXGroup;
			children = (
				2B2775FB29BACFE30046B9D6 /* MBTI.swift */,
				2B27762529BC6ABA0046B9D6 /* OnBoarding.swift */,
				2B27763329BCD1B10046B9D6 /* SignupInsertDataType.swift */,
				2B9C522B29CAD63700567B36 /* DataStatus.swift */,
			);
			path = Enums;
			sourceTree = "<group>";
		};
		2B2775FE29BAD7030046B9D6 /* UserDefaults */ = {
			isa = PBXGroup;
			children = (
				2B2775FF29BAD7140046B9D6 /* UserDefaultsWrapper.swift */,
				2B27760129BAD76B0046B9D6 /* UserDefaultsData.swift */,
			);
			path = UserDefaults;
			sourceTree = "<group>";
		};
		2B27760329BADB170046B9D6 /* SubViews */ = {
			isa = PBXGroup;
			children = (
				2B27760429BADB340046B9D6 /* CommunityTableView */,
				2B27760C29BADC5E0046B9D6 /* DebateVoteView.swift */,
				2B27761129BB09B50046B9D6 /* UserMBTIView.swift */,
				2B27761329BB196C0046B9D6 /* HomeHeaderView.swift */,
				2B27761529BB1CFE0046B9D6 /* SearchBarView.swift */,
				2B27761D29BC4A690046B9D6 /* EmptyDebateView.swift */,
			);
			path = SubViews;
			sourceTree = "<group>";
		};
		2B27760429BADB340046B9D6 /* CommunityTableView */ = {
			isa = PBXGroup;
			children = (
				2BA51BC028771E7400D87533 /* HomeCommunityTableViewCell.swift */,
			);
			path = CommunityTableView;
			sourceTree = "<group>";
		};
		2B27760529BADB660046B9D6 /* Search */ = {
			isa = PBXGroup;
			children = (
				2B27643B28732BB800C37C9A /* SearchViewController.swift */,
			);
			path = Search;
			sourceTree = "<group>";
		};
		2B27762929BCBF3E0046B9D6 /* SubViews */ = {
			isa = PBXGroup;
			children = (
				2B27762A29BCBF530046B9D6 /* SignUpProcessView.swift */,
				2B27762F29BCD0240046B9D6 /* InsertDataView.swift */,
			);
			path = SubViews;
			sourceTree = "<group>";
		};
		2B27762C29BCC9B90046B9D6 /* Base */ = {
			isa = PBXGroup;
			children = (
				2B27762D29BCC9CC0046B9D6 /* BaseViewController.swift */,
				2BAB811829C0798200002987 /* BaseNavigationController.swift */,
				2BA2C37C29D6D17E00822D0B /* BaseTabBarController.swift */,
			);
			path = Base;
			sourceTree = "<group>";
		};
		2B27763729BE17EE0046B9D6 /* SelectMBTIElement */ = {
			isa = PBXGroup;
			children = (
				2BA8F25228671DB200D64F0E /* SelectMBTIElementViewController.swift */,
				2B27763829BE18030046B9D6 /* SubViews */,
			);
			path = SelectMBTIElement;
			sourceTree = "<group>";
		};
		2B27763829BE18030046B9D6 /* SubViews */ = {
			isa = PBXGroup;
			children = (
				2B27763929BE181E0046B9D6 /* MBTIElementView.swift */,
			);
			path = SubViews;
			sourceTree = "<group>";
		};
		2B3E25952861FC5600C85193 /* SignUpScene */ = {
			isa = PBXGroup;
			children = (
				2BA8F24E2866FBCE00D64F0E /* SignUpViewController.swift */,
				2B27763529BDBE270046B9D6 /* SignUpViewModel.swift */,
				2B27762929BCBF3E0046B9D6 /* SubViews */,
				2B3E2598286358BF00C85193 /* InsertUserInfoViewController.swift */,
				2B3E25962861FC6A00C85193 /* SetUpProfileViewController.swift */,
				2B3E259A2863597E00C85193 /* CompleteSignUpViewController.swift */,
				2B27763729BE17EE0046B9D6 /* SelectMBTIElement */,
				2BA8F2542867270400D64F0E /* Storyboard.storyboard */,
			);
			path = SignUpScene;
			sourceTree = "<group>";
		};
		2B55094C29C2F84D00C52D45 /* PopUp */ = {
			isa = PBXGroup;
			children = (
				2B27761929BB21CA0046B9D6 /* Popup1ViewController.swift */,
				2B55094A29C2F84900C52D45 /* Popup2ViewController.swift */,
			);
			path = PopUp;
			sourceTree = "<group>";
		};
		2B6826B4286DF7A1006AF742 /* API */ = {
			isa = PBXGroup;
			children = (
				2B3E259C286362B300C85193 /* SignUpAPI.swift */,
				2BB455DD2883EA45001139E5 /* UserInfoAPI.swift */,
				2BB455E42883F7EA001139E5 /* DebateAPI.swift */,
				2BB455E92883FCBD001139E5 /* CommunityAPI.swift */,
			);
			path = API;
			sourceTree = "<group>";
		};
		2B6826B5286DF95C006AF742 /* MainScene */ = {
			isa = PBXGroup;
			children = (
				2BE7BE492873169E0062EB5A /* MainTabBarController.swift */,
				2BE8BB5B2875D11C0013F75B /* Home */,
				2BA51BC52877295D00D87533 /* Debate */,
				2BA51BC42877294D00D87533 /* Community */,
				2BA51BC62877296600D87533 /* Saved */,
				2BA51BC72877296C00D87533 /* User */,
			);
			path = MainScene;
			sourceTree = "<group>";
		};
		2B9C522029C9A8B400567B36 /* SubViews */ = {
			isa = PBXGroup;
			children = (
				2B9C522129C9A8DB00567B36 /* CommunitySortView.swift */,
				2B9C522329C9B2BA00567B36 /* CommunityTableView.swift */,
				2BA2E9AC287C6A29005DFE96 /* CommunityTableViewCell.swift */,
			);
			path = SubViews;
			sourceTree = "<group>";
		};
		2B9C523529CAE37A00567B36 /* SelectMBTI */ = {
			isa = PBXGroup;
			children = (
				2BA51BCA287957A800D87533 /* SelectMBTIViewController.swift */,
				2B9C523629CAE38500567B36 /* MBTICollectionView */,
			);
			path = SelectMBTI;
			sourceTree = "<group>";
		};
		2B9C523629CAE38500567B36 /* MBTICollectionView */ = {
			isa = PBXGroup;
			children = (
				2B9C523129CADC1E00567B36 /* MBTICollectionView.swift */,
				2B9C522F29CADAF300567B36 /* MBTICollectionViewCell.swift */,
				2B9C523329CADCDF00567B36 /* MBTICollectionViewFlowLayout.swift */,
			);
			path = MBTICollectionView;
			sourceTree = "<group>";
		};
		2BA0184D29D46D4A008F62F7 /* CommunityDetail */ = {
			isa = PBXGroup;
			children = (
				2B557B002886E97D0057CC9D /* CommunityDetailViewController.swift */,
				2B0BA44629D57CAC00F0E5D0 /* CommunityDetailViewModel.swift */,
				2BA0184E29D46D67008F62F7 /* SubViews */,
			);
			path = CommunityDetail;
			sourceTree = "<group>";
		};
		2BA0184E29D46D67008F62F7 /* SubViews */ = {
			isa = PBXGroup;
			children = (
				2BA0184F29D46D77008F62F7 /* CommunityDetailView.swift */,
			);
			path = SubViews;
			sourceTree = "<group>";
		};
		2BA51BBF28771E5500D87533 /* Alert */ = {
			isa = PBXGroup;
			children = (
				2BE8BB5E2875D8250013F75B /* AlertTableViewCell.swift */,
				2BE8BB5C2875D14D0013F75B /* AlertViewController.swift */,
				2BE8BB602875D9BF0013F75B /* AlertTableViewModel.swift */,
			);
			path = Alert;
			sourceTree = "<group>";
		};
		2BA51BC42877294D00D87533 /* Community */ = {
			isa = PBXGroup;
			children = (
				2BE7BE4F287317A90062EB5A /* CommunityViewController.swift */,
				2B9C522529C9B67900567B36 /* CommunityViewModel.swift */,
				2B9C522029C9A8B400567B36 /* SubViews */,
				2B9C523529CAE37A00567B36 /* SelectMBTI */,
				2B00E5C429CAEEBB00F7A829 /* WriteCommunity */,
				2BA0184D29D46D4A008F62F7 /* CommunityDetail */,
			);
			path = Community;
			sourceTree = "<group>";
		};
		2BA51BC52877295D00D87533 /* Debate */ = {
			isa = PBXGroup;
			children = (
				2BE7BE4D2873176C0062EB5A /* DebateListViewController.swift */,
				2BB4B8F729C095B2007D7004 /* DebateListViewModel.swift */,
				2BAB811A29C0812800002987 /* SubViews */,
				2BB4B8F929C17EC6007D7004 /* MakeDebate */,
				2BB4B8FE29C1851F007D7004 /* DebateDetail */,
			);
			path = Debate;
			sourceTree = "<group>";
		};
		2BA51BC62877296600D87533 /* Saved */ = {
			isa = PBXGroup;
			children = (
				2BE7BE51287317C30062EB5A /* SavedViewController.swift */,
			);
			path = Saved;
			sourceTree = "<group>";
		};
		2BA51BC72877296C00D87533 /* User */ = {
			isa = PBXGroup;
			children = (
				2BE7BE53287317DE0062EB5A /* UserViewController.swift */,
				2BA10F872882CC2400614C2E /* SettingViewController.swift */,
				2BB455D928832A89001139E5 /* EditUserInfoViewController.swift */,
				2BB455DB28832BCE001139E5 /* WebViewController.swift */,
			);
			path = User;
			sourceTree = "<group>";
		};
		2BA51BCC287977D100D87533 /* Common */ = {
			isa = PBXGroup;
			children = (
				2B55094C29C2F84D00C52D45 /* PopUp */,
				2BA51BCF2879784D00D87533 /* AlertMessageViewController.swift */,
				2B557B1028885C1C0057CC9D /* AlertMessage2ViewController.swift */,
				2B0252BE288EE4B10078D7F2 /* BottomSheetViewController.swift */,
				2B27761F29BC4DB70046B9D6 /* BarView.swift */,
				2B27762729BC709A0046B9D6 /* FinderButton.swift */,
				2B27763129BCD0F00046B9D6 /* FinderTextField.swift */,
				2B27760F29BAEE0B0046B9D6 /* FinderLabel.swift */,
				2BA0184B29D46355008F62F7 /* CommentTextFieldView.swift */,
			);
			path = Common;
			sourceTree = "<group>";
		};
		2BA8F2562868904100D64F0E /* Domain */ = {
			isa = PBXGroup;
			children = (
				2BC8C9A829D0502B00DC929B /* Interface */,
				2BC8C9A529D04E8B00DC929B /* UseCase */,
				2B2775FD29BAD3A40046B9D6 /* Enums */,
				2B2775F829BAC8B60046B9D6 /* Entities */,
			);
			path = Domain;
			sourceTree = "<group>";
		};
		2BA8F25C286C8DCB00D64F0E /* SignUp */ = {
			isa = PBXGroup;
			children = (
				2BA8F2572868906200D64F0E /* SendEmailResponse.swift */,
				2BA8F25A2868A98000D64F0E /* SendCode.swift */,
				2BA8F25E286C8E0100D64F0E /* SendSocialLogin.swift */,
				2BE5F0CE286DD3550016480A /* SendSignUp.swift */,
			);
			path = SignUp;
			sourceTree = "<group>";
		};
		2BAB811A29C0812800002987 /* SubViews */ = {
			isa = PBXGroup;
			children = (
				2BAB811B29C0813D00002987 /* DebateListHeaderView.swift */,
				2BB4B8F129C08838007D7004 /* EmptyDebateListView.swift */,
				2BB4B8F329C089D4007D7004 /* DebateTableView.swift */,
				2BA2E9AE287F10FB005DFE96 /* DebateTableViewCell.swift */,
			);
			path = SubViews;
			sourceTree = "<group>";
		};
		2BAEB1CD28A27DEE00D737C7 /* Data */ = {
			isa = PBXGroup;
			children = (
				2B09DF01285B56F200FE19DC /* Storage.swift */,
				2B2775FE29BAD7030046B9D6 /* UserDefaults */,
				2BAEB1CF28A27E0500D737C7 /* Repository */,
				2BAEB1CE28A27DFF00D737C7 /* Network */,
			);
			path = Data;
			sourceTree = "<group>";
		};
		2BAEB1CE28A27DFF00D737C7 /* Network */ = {
			isa = PBXGroup;
			children = (
				2B20B55929C6F636008AA709 /* Common */,
				2BB455EB2883FCC2001139E5 /* Community */,
				2BB455E62883F848001139E5 /* Debate */,
				2BA8F25C286C8DCB00D64F0E /* SignUp */,
				2BAEB1D128A27E1B00D737C7 /* UserAuthScene */,
			);
			path = Network;
			sourceTree = "<group>";
		};
		2BAEB1CF28A27E0500D737C7 /* Repository */ = {
			isa = PBXGroup;
			children = (
				2BAEB1D028A27E0F00D737C7 /* UserAuthScene */,
				2BC8C9AB29D0507D00DC929B /* DefaultAuthRepository.swift */,
			);
			path = Repository;
			sourceTree = "<group>";
		};
		2BAEB1D028A27E0F00D737C7 /* UserAuthScene */ = {
			isa = PBXGroup;
			children = (
				2BAEB1CB28A2084600D737C7 /* UserAuthRepository.swift */,
			);
			path = UserAuthScene;
			sourceTree = "<group>";
		};
		2BAEB1D128A27E1B00D737C7 /* UserAuthScene */ = {
			isa = PBXGroup;
			children = (
				2BAEB1C128A2041000D737C7 /* UserAuthAPIService.swift */,
				2BAEB1D228A27E6B00D737C7 /* Response */,
			);
			path = UserAuthScene;
			sourceTree = "<group>";
		};
		2BAEB1D228A27E6B00D737C7 /* Response */ = {
			isa = PBXGroup;
			children = (
				2BAEB1BF28A2039B00D737C7 /* Login.swift */,
				2BB455E22883F170001139E5 /* UserInfo.swift */,
				2B0252BC288D89F30078D7F2 /* ChangeUserInfo.swift */,
				2BB455DF2883EEB6001139E5 /* Logout.swift */,
			);
			path = Response;
			sourceTree = "<group>";
		};
		2BB455E62883F848001139E5 /* Debate */ = {
			isa = PBXGroup;
			children = (
				2BB455E72883F855001139E5 /* HotDebate.swift */,
				2BB455EE2884044D001139E5 /* MakeDebate.swift */,
				2BAB6DAC2885B46E001DEE35 /* VoteDebate.swift */,
				2BAB6DAE2885B98A001DEE35 /* DetailDebateResponseDTO.swift */,
				2B557B042886F8B20057CC9D /* EveryDebate.swift */,
				2B557B082888403F0057CC9D /* DebateComment.swift */,
			);
			path = Debate;
			sourceTree = "<group>";
		};
		2BB455EB2883FCC2001139E5 /* Community */ = {
			isa = PBXGroup;
			children = (
				2BB455EC2883FD04001139E5 /* HotCommunityResponseDTO.swift */,
				2BB455F028845B70001139E5 /* EveryCommunityResponseDTO.swift */,
				2B557B022886F49D0057CC9D /* DetailCommunityResponseDTO.swift */,
				2B557B06288712AD0057CC9D /* SaveCommunityResponseDTO.swift */,
				2B557B0C2888525F0057CC9D /* CommunityCommentResponseDTO.swift */,
				2B557B0E288855DF0057CC9D /* NewCommunityResponseDTO.swift */,
			);
			path = Community;
			sourceTree = "<group>";
		};
		2BB4B8F929C17EC6007D7004 /* MakeDebate */ = {
			isa = PBXGroup;
			children = (
				2BA2E9B22880424B005DFE96 /* MakeDebateViewController.swift */,
				2BB4B8FA29C17EE8007D7004 /* MakeDebateViewModel.swift */,
			);
			path = MakeDebate;
			sourceTree = "<group>";
		};
		2BB4B8FE29C1851F007D7004 /* DebateDetail */ = {
			isa = PBXGroup;
			children = (
				2BA2E9B0287F17CE005DFE96 /* DebateDetailViewController.swift */,
				2BAC3F3A29C2F1E8001D575C /* DebateDetailViewModel.swift */,
				2BB4B8FF29C194FA007D7004 /* SubViews */,
			);
			path = DebateDetail;
			sourceTree = "<group>";
		};
		2BB4B8FF29C194FA007D7004 /* SubViews */ = {
			isa = PBXGroup;
			children = (
				2B557B0A288843AB0057CC9D /* CommentTableViewCell.swift */,
				2BB4B90029C1951A007D7004 /* CommentTableView.swift */,
				2B9C521B29C990EE00567B36 /* CommentView.swift */,
			);
			path = SubViews;
			sourceTree = "<group>";
		};
		2BBEABAA2854DA93002573DE = {
			isa = PBXGroup;
			children = (
				2BBEABB52854DA93002573DE /* F!nder */,
				2BBEABB42854DA93002573DE /* Products */,
			);
			sourceTree = "<group>";
		};
		2BBEABB42854DA93002573DE /* Products */ = {
			isa = PBXGroup;
			children = (
				2BBEABB32854DA93002573DE /* F!nder.app */,
			);
			name = Products;
			sourceTree = "<group>";
		};
		2BBEABB52854DA93002573DE /* F!nder */ = {
			isa = PBXGroup;
			children = (
				2BA8F25928689AB100D64F0E /* F!nder.entitlements */,
				2BBEABC42854DA94002573DE /* Info.plist */,
				2B2775F629BAC8750046B9D6 /* Application */,
				2BA8F2562868904100D64F0E /* Domain */,
				2B09DEFD285B512100FE19DC /* Presentation */,
				2BAEB1CD28A27DEE00D737C7 /* Data */,
				2B27643A287325FB00C37C9A /* Resources */,
				2B6826B4286DF7A1006AF742 /* API */,
			);
			path = "F!nder";
			sourceTree = "<group>";
		};
		2BC8C9A529D04E8B00DC929B /* UseCase */ = {
			isa = PBXGroup;
			children = (
				2BC8C9A629D04E9B00DC929B /* AuthUseCase.swift */,
			);
			path = UseCase;
			sourceTree = "<group>";
		};
		2BC8C9A829D0502B00DC929B /* Interface */ = {
			isa = PBXGroup;
			children = (
				2BC8C9A929D0503E00DC929B /* AuthRepository.swift */,
			);
			path = Interface;
			sourceTree = "<group>";
		};
		2BE8BB5B2875D11C0013F75B /* Home */ = {
			isa = PBXGroup;
			children = (
				2BE7BE4B2873173B0062EB5A /* HomeViewController.swift */,
				2B27762129BC4FEE0046B9D6 /* HomeViewModel.swift */,
				2B27760329BADB170046B9D6 /* SubViews */,
				2B27760529BADB660046B9D6 /* Search */,
				2BA51BBF28771E5500D87533 /* Alert */,
			);
			path = Home;
			sourceTree = "<group>";
		};
/* End PBXGroup section */

/* Begin PBXNativeTarget section */
		2BBEABB22854DA93002573DE /* F!nder */ = {
			isa = PBXNativeTarget;
			buildConfigurationList = 2BBEABC72854DA94002573DE /* Build configuration list for PBXNativeTarget "F!nder" */;
			buildPhases = (
				2BBEABAF2854DA93002573DE /* Sources */,
				2BBEABB02854DA93002573DE /* Frameworks */,
				2BBEABB12854DA93002573DE /* Resources */,
			);
			buildRules = (
			);
			dependencies = (
			);
			name = "F!nder";
			packageProductDependencies = (
				2BC3C2792854E0430094F5EB /* Then */,
				2B09DF05285B585900FE19DC /* SnapKit */,
				2B0252C1288EE5B50078D7F2 /* KakaoSDK */,
				2B0252C3288EE5B50078D7F2 /* KakaoSDKAuth */,
				2BB760FC28A152290011CEBC /* ReactorKit */,
				2BB7610128A157E50011CEBC /* RxCocoa */,
				2BB7610328A157E50011CEBC /* RxRelay */,
				2BAEB1C528A2050B00D737C7 /* Moya */,
				2BAEB1C728A2050B00D737C7 /* ReactiveMoya */,
				2BAEB1C928A2050B00D737C7 /* RxMoya */,
				2B881DE828A3EFFC00ECD31A /* RxGesture */,
				2B2775F429BA1B2F0046B9D6 /* PanModal */,
			);
			productName = "F!nder";
			productReference = 2BBEABB32854DA93002573DE /* F!nder.app */;
			productType = "com.apple.product-type.application";
		};
/* End PBXNativeTarget section */

/* Begin PBXProject section */
		2BBEABAB2854DA93002573DE /* Project object */ = {
			isa = PBXProject;
			attributes = {
				BuildIndependentTargetsInParallel = 1;
				LastSwiftUpdateCheck = 1330;
				LastUpgradeCheck = 1330;
				TargetAttributes = {
					2BBEABB22854DA93002573DE = {
						CreatedOnToolsVersion = 13.3;
					};
				};
			};
			buildConfigurationList = 2BBEABAE2854DA93002573DE /* Build configuration list for PBXProject "F!nder" */;
			compatibilityVersion = "Xcode 13.0";
			developmentRegion = en;
			hasScannedForEncodings = 0;
			knownRegions = (
				en,
				Base,
			);
			mainGroup = 2BBEABAA2854DA93002573DE;
			packageReferences = (
				2BC3C2782854E0430094F5EB /* XCRemoteSwiftPackageReference "Then" */,
				2B09DF03285B583C00FE19DC /* XCRemoteSwiftPackageReference "SnapKit" */,
				2B0252C0288EE5B50078D7F2 /* XCRemoteSwiftPackageReference "kakao-ios-sdk" */,
				2BB760FB28A152290011CEBC /* XCRemoteSwiftPackageReference "ReactorKit" */,
				2BB7610028A157E50011CEBC /* XCRemoteSwiftPackageReference "RxSwift" */,
				2BAEB1C428A2050B00D737C7 /* XCRemoteSwiftPackageReference "Moya" */,
				2B881DE728A3EFFC00ECD31A /* XCRemoteSwiftPackageReference "RxGesture" */,
				2B2775F329BA1B2F0046B9D6 /* XCRemoteSwiftPackageReference "PanModal" */,
			);
			productRefGroup = 2BBEABB42854DA93002573DE /* Products */;
			projectDirPath = "";
			projectRoot = "";
			targets = (
				2BBEABB22854DA93002573DE /* F!nder */,
			);
		};
/* End PBXProject section */

/* Begin PBXResourcesBuildPhase section */
		2BBEABB12854DA93002573DE /* Resources */ = {
			isa = PBXResourcesBuildPhase;
			buildActionMask = 2147483647;
			files = (
				2BBEABC32854DA94002573DE /* LaunchScreen.storyboard in Resources */,
				2BBEABC02854DA94002573DE /* Assets.xcassets in Resources */,
				2BA8F2552867270400D64F0E /* Storyboard.storyboard in Resources */,
			);
			runOnlyForDeploymentPostprocessing = 0;
		};
/* End PBXResourcesBuildPhase section */

/* Begin PBXSourcesBuildPhase section */
		2BBEABAF2854DA93002573DE /* Sources */ = {
			isa = PBXSourcesBuildPhase;
			buildActionMask = 2147483647;
			files = (
				2BA8F2582868906200D64F0E /* SendEmailResponse.swift in Sources */,
				2B20B55B29C6F651008AA709 /* ErrorReponseDTO.swift in Sources */,
				2BE7BE54287317DE0062EB5A /* UserViewController.swift in Sources */,
				2B557B07288712AD0057CC9D /* SaveCommunityResponseDTO.swift in Sources */,
				2B27761229BB09B50046B9D6 /* UserMBTIView.swift in Sources */,
				2BAEB1C028A2039B00D737C7 /* Login.swift in Sources */,
				2B9C522C29CAD63700567B36 /* DataStatus.swift in Sources */,
				2B557B0B288843AB0057CC9D /* CommentTableViewCell.swift in Sources */,
				2B9C522429C9B2BA00567B36 /* CommunityTableView.swift in Sources */,
				2B20B55829C6F1BC008AA709 /* Answer.swift in Sources */,
				2BA51BD02879784D00D87533 /* AlertMessageViewController.swift in Sources */,
				2B9C522229C9A8DB00567B36 /* CommunitySortView.swift in Sources */,
				2B557B012886E97D0057CC9D /* CommunityDetailViewController.swift in Sources */,
				2B27762829BC709A0046B9D6 /* FinderButton.swift in Sources */,
				2BE7BE4A2873169E0062EB5A /* MainTabBarController.swift in Sources */,
				2BAC3F3B29C2F1E9001D575C /* DebateDetailViewModel.swift in Sources */,
				2BE5F0CD286DCCB50016480A /* View+Extensions.swift in Sources */,
				2B09DF242861E61200FE19DC /* EmailLoginViewController.swift in Sources */,
				2BB455E32883F170001139E5 /* UserInfo.swift in Sources */,
				2B3E259D286362B400C85193 /* SignUpAPI.swift in Sources */,
				2B27643C28732BB800C37C9A /* SearchViewController.swift in Sources */,
				2B3E2599286358BF00C85193 /* InsertUserInfoViewController.swift in Sources */,
				2BA2E9B32880424B005DFE96 /* MakeDebateViewController.swift in Sources */,
				2B09DF212861E05C00FE19DC /* Colors.swift in Sources */,
				2B27762E29BCC9CC0046B9D6 /* BaseViewController.swift in Sources */,
				2B9C523229CADC1E00567B36 /* MBTICollectionView.swift in Sources */,
				2B27762B29BCBF530046B9D6 /* SignUpProcessView.swift in Sources */,
				2BB7610628A15F3F0011CEBC /* EmailLoginViewModel.swift in Sources */,
				2BC8C9A729D04E9B00DC929B /* AuthUseCase.swift in Sources */,
				2BB455E02883EEB6001139E5 /* Logout.swift in Sources */,
				2BA8F25B2868A98000D64F0E /* SendCode.swift in Sources */,
				2B9C523429CADCDF00567B36 /* MBTICollectionViewFlowLayout.swift in Sources */,
				2B9C521C29C990EE00567B36 /* CommentView.swift in Sources */,
				2B00E5C929CAFBBD00F7A829 /* ImageCollectionViewCell.swift in Sources */,
				2B20B55F29C6F7F8008AA709 /* ReplyDTO.swift in Sources */,
				2B20B55629C6EF8E008AA709 /* Reply.swift in Sources */,
				2BA2E9AD287C6A29005DFE96 /* CommunityTableViewCell.swift in Sources */,
				2BE5F0CF286DD3550016480A /* SendSignUp.swift in Sources */,
				2B27761C29BB29940046B9D6 /* Control+Ex.swift in Sources */,
				2BA0185029D46D77008F62F7 /* CommunityDetailView.swift in Sources */,
				2BB455E52883F7EA001139E5 /* DebateAPI.swift in Sources */,
				2B27643E28732DAD00C37C9A /* Label+Extensions.swift in Sources */,
				2BA8F25F286C8E0100D64F0E /* SendSocialLogin.swift in Sources */,
				2BB4B8FB29C17EE8007D7004 /* MakeDebateViewModel.swift in Sources */,
				2BE7BE4C2873173B0062EB5A /* HomeViewController.swift in Sources */,
				2BB455E82883F855001139E5 /* HotDebate.swift in Sources */,
				2BB4B8FD29C181CC007D7004 /* DebateModel.swift in Sources */,
				2B27761A29BB21CA0046B9D6 /* Popup1ViewController.swift in Sources */,
				2B09DF08285B58BF00FE19DC /* LoginViewController.swift in Sources */,
				2BE8BB612875D9BF0013F75B /* AlertTableViewModel.swift in Sources */,
				2BA10F882882CC2400614C2E /* SettingViewController.swift in Sources */,
				2B557B092888403F0057CC9D /* DebateComment.swift in Sources */,
				2BA8F24F2866FBCE00D64F0E /* SignUpViewController.swift in Sources */,
				2BBEABB72854DA93002573DE /* AppDelegate.swift in Sources */,
				2B557B0F288855DF0057CC9D /* NewCommunityResponseDTO.swift in Sources */,
				2BB760FF28A152460011CEBC /* LoginViewModel.swift in Sources */,
				2B27761029BAEE0B0046B9D6 /* FinderLabel.swift in Sources */,
				2B27763029BCD0240046B9D6 /* InsertDataView.swift in Sources */,
				2BAEB1CC28A2084600D737C7 /* UserAuthRepository.swift in Sources */,
				2B0BA44729D57CAC00F0E5D0 /* CommunityDetailViewModel.swift in Sources */,
				2BA51BCB287957A800D87533 /* SelectMBTIViewController.swift in Sources */,
				2BAEB1C228A2041000D737C7 /* UserAuthAPIService.swift in Sources */,
				2B9C523029CADAF400567B36 /* MBTICollectionViewCell.swift in Sources */,
				2BB455DE2883EA45001139E5 /* UserInfoAPI.swift in Sources */,
				2B27762429BC61EE0046B9D6 /* OnBoardingViewController.swift in Sources */,
				2B20B55D29C6F7D8008AA709 /* AnswerDTO.swift in Sources */,
				2B9C522629C9B67900567B36 /* CommunityViewModel.swift in Sources */,
				2BA51BC128771E7400D87533 /* HomeCommunityTableViewCell.swift in Sources */,
				2B2775FC29BACFE30046B9D6 /* MBTI.swift in Sources */,
				2B3E259B2863597E00C85193 /* CompleteSignUpViewController.swift in Sources */,
				2B55094B29C2F84900C52D45 /* Popup2ViewController.swift in Sources */,
				2B00E5CB29CAFBD300F7A829 /* ImageCollectionViewFlowLayout.swift in Sources */,
				2B20B56129C6F896008AA709 /* DetailDebate.swift in Sources */,
				2BB4B8F429C089D4007D7004 /* DebateTableView.swift in Sources */,
				2BA2E9B1287F17CE005DFE96 /* DebateDetailViewController.swift in Sources */,
				2B557B1128885C1C0057CC9D /* AlertMessage2ViewController.swift in Sources */,
				2BB4B8F829C095B2007D7004 /* DebateListViewModel.swift in Sources */,
				2B557B032886F49D0057CC9D /* DetailCommunityResponseDTO.swift in Sources */,
				2B27761629BB1CFE0046B9D6 /* SearchBarView.swift in Sources */,
				2BE8BB5A2873360D0013F75B /* CALayer+Extension.swift in Sources */,
				2BC8C9AC29D0507D00DC929B /* DefaultAuthRepository.swift in Sources */,
				2B0252BF288EE4B10078D7F2 /* BottomSheetViewController.swift in Sources */,
				2BAB6DAF2885B98A001DEE35 /* DetailDebateResponseDTO.swift in Sources */,
				2BA8F25328671DB200D64F0E /* SelectMBTIElementViewController.swift in Sources */,
				2B00E5CD29CAFDD600F7A829 /* WriteCommunityViewModel.swift in Sources */,
				2B27762029BC4DB70046B9D6 /* BarView.swift in Sources */,
				2B0252BD288D89F30078D7F2 /* ChangeUserInfo.swift in Sources */,
				2B27763429BCD1B10046B9D6 /* SignupInsertDataType.swift in Sources */,
				2BA2E9AF287F10FB005DFE96 /* DebateTableViewCell.swift in Sources */,
				2BB4B8F629C09062007D7004 /* DebateTableModel.swift in Sources */,
				2B09DF0B285B649D00FE19DC /* Button+Extensions.swift in Sources */,
				2BAB811929C0798200002987 /* BaseNavigationController.swift in Sources */,
				2B27763A29BE181E0046B9D6 /* MBTIElementView.swift in Sources */,
				2BB4B8F229C08838007D7004 /* EmptyDebateListView.swift in Sources */,
				2BE8BB5F2875D8250013F75B /* AlertTableViewCell.swift in Sources */,
				2BB455F128845B70001139E5 /* EveryCommunityResponseDTO.swift in Sources */,
				2BE7BE52287317C30062EB5A /* SavedViewController.swift in Sources */,
				2B557B052886F8B20057CC9D /* EveryDebate.swift in Sources */,
				2B557B0D288852600057CC9D /* CommunityCommentResponseDTO.swift in Sources */,
				2BE8BB5D2875D14D0013F75B /* AlertViewController.swift in Sources */,
				2B27763229BCD0F00046B9D6 /* FinderTextField.swift in Sources */,
				2B27763629BDBE270046B9D6 /* SignUpViewModel.swift in Sources */,
				2B27760D29BADC5E0046B9D6 /* DebateVoteView.swift in Sources */,
				2B00E5C729CAFBB300F7A829 /* ImageCollectionView.swift in Sources */,
				2BB455DA28832A89001139E5 /* EditUserInfoViewController.swift in Sources */,
				2B27762229BC4FEE0046B9D6 /* HomeViewModel.swift in Sources */,
				2BE7BE50287317A90062EB5A /* CommunityViewController.swift in Sources */,
				2B27762629BC6ABB0046B9D6 /* OnBoarding.swift in Sources */,
				2BA2C37D29D6D17E00822D0B /* BaseTabBarController.swift in Sources */,
				2BA51BC92879390B00D87533 /* WriteCommunityViewController.swift in Sources */,
				2BAB6DAD2885B46E001DEE35 /* VoteDebate.swift in Sources */,
				2BA0184C29D46355008F62F7 /* CommentTextFieldView.swift in Sources */,
				2BA8F24D2866F87E00D64F0E /* TextField+Extensions.swift in Sources */,
				2BBEABB92854DA93002573DE /* SceneDelegate.swift in Sources */,
				2B27761429BB196C0046B9D6 /* HomeHeaderView.swift in Sources */,
				2BB455EF2884044D001139E5 /* MakeDebate.swift in Sources */,
				2BE7BE4E2873176C0062EB5A /* DebateListViewController.swift in Sources */,
				2B27760029BAD7140046B9D6 /* UserDefaultsWrapper.swift in Sources */,
				2BB455DC28832BCE001139E5 /* WebViewController.swift in Sources */,
				2B27760229BAD76B0046B9D6 /* UserDefaultsData.swift in Sources */,
				2B881DEB28A3F7D500ECD31A /* Extensions.swift in Sources */,
				2BB455EA2883FCBD001139E5 /* CommunityAPI.swift in Sources */,
				2B9C522A29CAD1E300567B36 /* CommunityTable.swift in Sources */,
				2BAB811C29C0813D00002987 /* DebateListHeaderView.swift in Sources */,
				2BB4B90129C1951A007D7004 /* CommentTableView.swift in Sources */,
				2BB455ED2883FD04001139E5 /* HotCommunityResponseDTO.swift in Sources */,
				2B27761829BB20010046B9D6 /* ViewController+Ex.swift in Sources */,
				2B3E25972861FC6A00C85193 /* SetUpProfileViewController.swift in Sources */,
				2BC8C9AA29D0503E00DC929B /* AuthRepository.swift in Sources */,
				2B27761E29BC4A690046B9D6 /* EmptyDebateView.swift in Sources */,
				2B09DF02285B56F200FE19DC /* Storage.swift in Sources */,
			);
			runOnlyForDeploymentPostprocessing = 0;
		};
/* End PBXSourcesBuildPhase section */

/* Begin PBXVariantGroup section */
		2BBEABC12854DA94002573DE /* LaunchScreen.storyboard */ = {
			isa = PBXVariantGroup;
			children = (
				2BBEABC22854DA94002573DE /* Base */,
			);
			name = LaunchScreen.storyboard;
			sourceTree = "<group>";
		};
/* End PBXVariantGroup section */

/* Begin XCBuildConfiguration section */
		2BBEABC52854DA94002573DE /* Debug */ = {
			isa = XCBuildConfiguration;
			buildSettings = {
				ALWAYS_SEARCH_USER_PATHS = NO;
				CLANG_ANALYZER_NONNULL = YES;
				CLANG_ANALYZER_NUMBER_OBJECT_CONVERSION = YES_AGGRESSIVE;
				CLANG_CXX_LANGUAGE_STANDARD = "gnu++17";
				CLANG_ENABLE_MODULES = YES;
				CLANG_ENABLE_OBJC_ARC = YES;
				CLANG_ENABLE_OBJC_WEAK = YES;
				CLANG_WARN_BLOCK_CAPTURE_AUTORELEASING = YES;
				CLANG_WARN_BOOL_CONVERSION = YES;
				CLANG_WARN_COMMA = YES;
				CLANG_WARN_CONSTANT_CONVERSION = YES;
				CLANG_WARN_DEPRECATED_OBJC_IMPLEMENTATIONS = YES;
				CLANG_WARN_DIRECT_OBJC_ISA_USAGE = YES_ERROR;
				CLANG_WARN_DOCUMENTATION_COMMENTS = YES;
				CLANG_WARN_EMPTY_BODY = YES;
				CLANG_WARN_ENUM_CONVERSION = YES;
				CLANG_WARN_INFINITE_RECURSION = YES;
				CLANG_WARN_INT_CONVERSION = YES;
				CLANG_WARN_NON_LITERAL_NULL_CONVERSION = YES;
				CLANG_WARN_OBJC_IMPLICIT_RETAIN_SELF = YES;
				CLANG_WARN_OBJC_LITERAL_CONVERSION = YES;
				CLANG_WARN_OBJC_ROOT_CLASS = YES_ERROR;
				CLANG_WARN_QUOTED_INCLUDE_IN_FRAMEWORK_HEADER = YES;
				CLANG_WARN_RANGE_LOOP_ANALYSIS = YES;
				CLANG_WARN_STRICT_PROTOTYPES = YES;
				CLANG_WARN_SUSPICIOUS_MOVE = YES;
				CLANG_WARN_UNGUARDED_AVAILABILITY = YES_AGGRESSIVE;
				CLANG_WARN_UNREACHABLE_CODE = YES;
				CLANG_WARN__DUPLICATE_METHOD_MATCH = YES;
				COPY_PHASE_STRIP = NO;
				DEBUG_INFORMATION_FORMAT = dwarf;
				ENABLE_STRICT_OBJC_MSGSEND = YES;
				ENABLE_TESTABILITY = YES;
				GCC_C_LANGUAGE_STANDARD = gnu11;
				GCC_DYNAMIC_NO_PIC = NO;
				GCC_NO_COMMON_BLOCKS = YES;
				GCC_OPTIMIZATION_LEVEL = 0;
				GCC_PREPROCESSOR_DEFINITIONS = (
					"DEBUG=1",
					"$(inherited)",
				);
				GCC_WARN_64_TO_32_BIT_CONVERSION = YES;
				GCC_WARN_ABOUT_RETURN_TYPE = YES_ERROR;
				GCC_WARN_UNDECLARED_SELECTOR = YES;
				GCC_WARN_UNINITIALIZED_AUTOS = YES_AGGRESSIVE;
				GCC_WARN_UNUSED_FUNCTION = YES;
				GCC_WARN_UNUSED_VARIABLE = YES;
				IPHONEOS_DEPLOYMENT_TARGET = 15.0;
				MTL_ENABLE_DEBUG_INFO = INCLUDE_SOURCE;
				MTL_FAST_MATH = YES;
				ONLY_ACTIVE_ARCH = YES;
				SDKROOT = iphoneos;
				SWIFT_ACTIVE_COMPILATION_CONDITIONS = DEBUG;
				SWIFT_OPTIMIZATION_LEVEL = "-Onone";
			};
			name = Debug;
		};
		2BBEABC62854DA94002573DE /* Release */ = {
			isa = XCBuildConfiguration;
			buildSettings = {
				ALWAYS_SEARCH_USER_PATHS = NO;
				CLANG_ANALYZER_NONNULL = YES;
				CLANG_ANALYZER_NUMBER_OBJECT_CONVERSION = YES_AGGRESSIVE;
				CLANG_CXX_LANGUAGE_STANDARD = "gnu++17";
				CLANG_ENABLE_MODULES = YES;
				CLANG_ENABLE_OBJC_ARC = YES;
				CLANG_ENABLE_OBJC_WEAK = YES;
				CLANG_WARN_BLOCK_CAPTURE_AUTORELEASING = YES;
				CLANG_WARN_BOOL_CONVERSION = YES;
				CLANG_WARN_COMMA = YES;
				CLANG_WARN_CONSTANT_CONVERSION = YES;
				CLANG_WARN_DEPRECATED_OBJC_IMPLEMENTATIONS = YES;
				CLANG_WARN_DIRECT_OBJC_ISA_USAGE = YES_ERROR;
				CLANG_WARN_DOCUMENTATION_COMMENTS = YES;
				CLANG_WARN_EMPTY_BODY = YES;
				CLANG_WARN_ENUM_CONVERSION = YES;
				CLANG_WARN_INFINITE_RECURSION = YES;
				CLANG_WARN_INT_CONVERSION = YES;
				CLANG_WARN_NON_LITERAL_NULL_CONVERSION = YES;
				CLANG_WARN_OBJC_IMPLICIT_RETAIN_SELF = YES;
				CLANG_WARN_OBJC_LITERAL_CONVERSION = YES;
				CLANG_WARN_OBJC_ROOT_CLASS = YES_ERROR;
				CLANG_WARN_QUOTED_INCLUDE_IN_FRAMEWORK_HEADER = YES;
				CLANG_WARN_RANGE_LOOP_ANALYSIS = YES;
				CLANG_WARN_STRICT_PROTOTYPES = YES;
				CLANG_WARN_SUSPICIOUS_MOVE = YES;
				CLANG_WARN_UNGUARDED_AVAILABILITY = YES_AGGRESSIVE;
				CLANG_WARN_UNREACHABLE_CODE = YES;
				CLANG_WARN__DUPLICATE_METHOD_MATCH = YES;
				COPY_PHASE_STRIP = NO;
				DEBUG_INFORMATION_FORMAT = "dwarf-with-dsym";
				ENABLE_NS_ASSERTIONS = NO;
				ENABLE_STRICT_OBJC_MSGSEND = YES;
				GCC_C_LANGUAGE_STANDARD = gnu11;
				GCC_NO_COMMON_BLOCKS = YES;
				GCC_WARN_64_TO_32_BIT_CONVERSION = YES;
				GCC_WARN_ABOUT_RETURN_TYPE = YES_ERROR;
				GCC_WARN_UNDECLARED_SELECTOR = YES;
				GCC_WARN_UNINITIALIZED_AUTOS = YES_AGGRESSIVE;
				GCC_WARN_UNUSED_FUNCTION = YES;
				GCC_WARN_UNUSED_VARIABLE = YES;
				IPHONEOS_DEPLOYMENT_TARGET = 15.0;
				MTL_ENABLE_DEBUG_INFO = NO;
				MTL_FAST_MATH = YES;
				SDKROOT = iphoneos;
				SWIFT_COMPILATION_MODE = wholemodule;
				SWIFT_OPTIMIZATION_LEVEL = "-O";
				VALIDATE_PRODUCT = YES;
			};
			name = Release;
		};
		2BBEABC82854DA94002573DE /* Debug */ = {
			isa = XCBuildConfiguration;
			buildSettings = {
				ASSETCATALOG_COMPILER_APPICON_NAME = AppIcon;
				ASSETCATALOG_COMPILER_GLOBAL_ACCENT_COLOR_NAME = AccentColor;
				CODE_SIGN_ENTITLEMENTS = "F!nder/F!nder.entitlements";
				CODE_SIGN_IDENTITY = "Apple Development";
				CODE_SIGN_STYLE = Automatic;
				CURRENT_PROJECT_VERSION = 1;
				DEVELOPMENT_TEAM = "";
				GENERATE_INFOPLIST_FILE = YES;
				INFOPLIST_FILE = "F!nder/Info.plist";
				INFOPLIST_KEY_UIApplicationSupportsIndirectInputEvents = YES;
				INFOPLIST_KEY_UILaunchStoryboardName = LaunchScreen;
				INFOPLIST_KEY_UISupportedInterfaceOrientations = UIInterfaceOrientationPortrait;
				INFOPLIST_KEY_UISupportedInterfaceOrientations_iPad = "UIInterfaceOrientationPortrait UIInterfaceOrientationPortraitUpsideDown UIInterfaceOrientationLandscapeLeft UIInterfaceOrientationLandscapeRight";
				INFOPLIST_KEY_UISupportedInterfaceOrientations_iPhone = "UIInterfaceOrientationPortrait UIInterfaceOrientationLandscapeLeft UIInterfaceOrientationLandscapeRight";
				INFOPLIST_KEY_UIUserInterfaceStyle = Light;
				LD_RUNPATH_SEARCH_PATHS = (
					"$(inherited)",
					"@executable_path/Frameworks",
				);
				MARKETING_VERSION = 1.1.1;
				PRODUCT_BUNDLE_IDENTIFIER = com.jsy.Finder;
				PRODUCT_NAME = "$(TARGET_NAME)";
				PROVISIONING_PROFILE_SPECIFIER = "";
				SWIFT_EMIT_LOC_STRINGS = YES;
				SWIFT_VERSION = 5.0;
				TARGETED_DEVICE_FAMILY = 1;
			};
			name = Debug;
		};
		2BBEABC92854DA94002573DE /* Release */ = {
			isa = XCBuildConfiguration;
			buildSettings = {
				ASSETCATALOG_COMPILER_APPICON_NAME = AppIcon;
				ASSETCATALOG_COMPILER_GLOBAL_ACCENT_COLOR_NAME = AccentColor;
				CODE_SIGN_ENTITLEMENTS = "F!nder/F!nder.entitlements";
				CODE_SIGN_IDENTITY = "Apple Development";
				CODE_SIGN_STYLE = Automatic;
				CURRENT_PROJECT_VERSION = 1;
				DEVELOPMENT_TEAM = "";
				GENERATE_INFOPLIST_FILE = YES;
				INFOPLIST_FILE = "F!nder/Info.plist";
				INFOPLIST_KEY_UIApplicationSupportsIndirectInputEvents = YES;
				INFOPLIST_KEY_UILaunchStoryboardName = LaunchScreen;
				INFOPLIST_KEY_UISupportedInterfaceOrientations = UIInterfaceOrientationPortrait;
				INFOPLIST_KEY_UISupportedInterfaceOrientations_iPad = "UIInterfaceOrientationPortrait UIInterfaceOrientationPortraitUpsideDown UIInterfaceOrientationLandscapeLeft UIInterfaceOrientationLandscapeRight";
				INFOPLIST_KEY_UISupportedInterfaceOrientations_iPhone = "UIInterfaceOrientationPortrait UIInterfaceOrientationLandscapeLeft UIInterfaceOrientationLandscapeRight";
				INFOPLIST_KEY_UIUserInterfaceStyle = Light;
				LD_RUNPATH_SEARCH_PATHS = (
					"$(inherited)",
					"@executable_path/Frameworks",
				);
				MARKETING_VERSION = 1.1.1;
				PRODUCT_BUNDLE_IDENTIFIER = com.jsy.Finder;
				PRODUCT_NAME = "$(TARGET_NAME)";
				PROVISIONING_PROFILE_SPECIFIER = "";
				SWIFT_EMIT_LOC_STRINGS = YES;
				SWIFT_VERSION = 5.0;
				TARGETED_DEVICE_FAMILY = 1;
			};
			name = Release;
		};
/* End XCBuildConfiguration section */

/* Begin XCConfigurationList section */
		2BBEABAE2854DA93002573DE /* Build configuration list for PBXProject "F!nder" */ = {
			isa = XCConfigurationList;
			buildConfigurations = (
				2BBEABC52854DA94002573DE /* Debug */,
				2BBEABC62854DA94002573DE /* Release */,
			);
			defaultConfigurationIsVisible = 0;
			defaultConfigurationName = Release;
		};
		2BBEABC72854DA94002573DE /* Build configuration list for PBXNativeTarget "F!nder" */ = {
			isa = XCConfigurationList;
			buildConfigurations = (
				2BBEABC82854DA94002573DE /* Debug */,
				2BBEABC92854DA94002573DE /* Release */,
			);
			defaultConfigurationIsVisible = 0;
			defaultConfigurationName = Release;
		};
/* End XCConfigurationList section */

/* Begin XCRemoteSwiftPackageReference section */
		2B0252C0288EE5B50078D7F2 /* XCRemoteSwiftPackageReference "kakao-ios-sdk" */ = {
			isa = XCRemoteSwiftPackageReference;
			repositoryURL = "https://github.com/kakao/kakao-ios-sdk";
			requirement = {
				branch = master;
				kind = branch;
			};
		};
		2B09DF03285B583C00FE19DC /* XCRemoteSwiftPackageReference "SnapKit" */ = {
			isa = XCRemoteSwiftPackageReference;
			repositoryURL = "https://github.com/SnapKit/SnapKit.git";
			requirement = {
				kind = upToNextMinorVersion;
				minimumVersion = 5.6.0;
			};
		};
		2B2775F329BA1B2F0046B9D6 /* XCRemoteSwiftPackageReference "PanModal" */ = {
			isa = XCRemoteSwiftPackageReference;
			repositoryURL = "https://github.com/slackhq/PanModal.git";
			requirement = {
				kind = upToNextMajorVersion;
				minimumVersion = 1.0.0;
			};
		};
		2B881DE728A3EFFC00ECD31A /* XCRemoteSwiftPackageReference "RxGesture" */ = {
			isa = XCRemoteSwiftPackageReference;
			repositoryURL = "https://github.com/RxSwiftCommunity/RxGesture";
			requirement = {
				kind = upToNextMajorVersion;
				minimumVersion = 4.0.0;
			};
		};
		2BAEB1C428A2050B00D737C7 /* XCRemoteSwiftPackageReference "Moya" */ = {
			isa = XCRemoteSwiftPackageReference;
			repositoryURL = "https://github.com/Moya/Moya.git";
			requirement = {
				kind = upToNextMajorVersion;
				minimumVersion = 15.0.0;
			};
		};
		2BB760FB28A152290011CEBC /* XCRemoteSwiftPackageReference "ReactorKit" */ = {
			isa = XCRemoteSwiftPackageReference;
			repositoryURL = "https://github.com/ReactorKit/ReactorKit.git";
			requirement = {
				kind = upToNextMajorVersion;
				minimumVersion = 3.0.0;
			};
		};
		2BB7610028A157E50011CEBC /* XCRemoteSwiftPackageReference "RxSwift" */ = {
			isa = XCRemoteSwiftPackageReference;
			repositoryURL = "https://github.com/ReactiveX/RxSwift";
			requirement = {
				kind = upToNextMajorVersion;
				minimumVersion = 6.0.0;
			};
		};
		2BC3C2782854E0430094F5EB /* XCRemoteSwiftPackageReference "Then" */ = {
			isa = XCRemoteSwiftPackageReference;
			repositoryURL = "https://github.com/devxoul/Then";
			requirement = {
				branch = master;
				kind = branch;
			};
		};
/* End XCRemoteSwiftPackageReference section */

/* Begin XCSwiftPackageProductDependency section */
		2B0252C1288EE5B50078D7F2 /* KakaoSDK */ = {
			isa = XCSwiftPackageProductDependency;
			package = 2B0252C0288EE5B50078D7F2 /* XCRemoteSwiftPackageReference "kakao-ios-sdk" */;
			productName = KakaoSDK;
		};
		2B0252C3288EE5B50078D7F2 /* KakaoSDKAuth */ = {
			isa = XCSwiftPackageProductDependency;
			package = 2B0252C0288EE5B50078D7F2 /* XCRemoteSwiftPackageReference "kakao-ios-sdk" */;
			productName = KakaoSDKAuth;
		};
		2B09DF05285B585900FE19DC /* SnapKit */ = {
			isa = XCSwiftPackageProductDependency;
			package = 2B09DF03285B583C00FE19DC /* XCRemoteSwiftPackageReference "SnapKit" */;
			productName = SnapKit;
		};
		2B2775F429BA1B2F0046B9D6 /* PanModal */ = {
			isa = XCSwiftPackageProductDependency;
			package = 2B2775F329BA1B2F0046B9D6 /* XCRemoteSwiftPackageReference "PanModal" */;
			productName = PanModal;
		};
		2B881DE828A3EFFC00ECD31A /* RxGesture */ = {
			isa = XCSwiftPackageProductDependency;
			package = 2B881DE728A3EFFC00ECD31A /* XCRemoteSwiftPackageReference "RxGesture" */;
			productName = RxGesture;
		};
		2BAEB1C528A2050B00D737C7 /* Moya */ = {
			isa = XCSwiftPackageProductDependency;
			package = 2BAEB1C428A2050B00D737C7 /* XCRemoteSwiftPackageReference "Moya" */;
			productName = Moya;
		};
		2BAEB1C728A2050B00D737C7 /* ReactiveMoya */ = {
			isa = XCSwiftPackageProductDependency;
			package = 2BAEB1C428A2050B00D737C7 /* XCRemoteSwiftPackageReference "Moya" */;
			productName = ReactiveMoya;
		};
		2BAEB1C928A2050B00D737C7 /* RxMoya */ = {
			isa = XCSwiftPackageProductDependency;
			package = 2BAEB1C428A2050B00D737C7 /* XCRemoteSwiftPackageReference "Moya" */;
			productName = RxMoya;
		};
		2BB760FC28A152290011CEBC /* ReactorKit */ = {
			isa = XCSwiftPackageProductDependency;
			package = 2BB760FB28A152290011CEBC /* XCRemoteSwiftPackageReference "ReactorKit" */;
			productName = ReactorKit;
		};
		2BB7610128A157E50011CEBC /* RxCocoa */ = {
			isa = XCSwiftPackageProductDependency;
			package = 2BB7610028A157E50011CEBC /* XCRemoteSwiftPackageReference "RxSwift" */;
			productName = RxCocoa;
		};
		2BB7610328A157E50011CEBC /* RxRelay */ = {
			isa = XCSwiftPackageProductDependency;
			package = 2BB7610028A157E50011CEBC /* XCRemoteSwiftPackageReference "RxSwift" */;
			productName = RxRelay;
		};
		2BC3C2792854E0430094F5EB /* Then */ = {
			isa = XCSwiftPackageProductDependency;
			package = 2BC3C2782854E0430094F5EB /* XCRemoteSwiftPackageReference "Then" */;
			productName = Then;
		};
/* End XCSwiftPackageProductDependency section */
	};
	rootObject = 2BBEABAB2854DA93002573DE /* Project object */;
}
